// !$*UTF8*$!
{
	archiveVersion = 1;
	classes = {
	};
	objectVersion = 52;
	objects = {

/* Begin PBXBuildFile section */
		216D1F48264EF50300370F16 /* Localizable.strings in Resources */ = {isa = PBXBuildFile; fileRef = 216D1F43264EF50300370F16 /* Localizable.strings */; };
		216D1F49264EF50300370F16 /* Assets.xcassets in Resources */ = {isa = PBXBuildFile; fileRef = 216D1F46264EF50300370F16 /* Assets.xcassets */; };
		216D1F87264EF6A800370F16 /* LaunchScreen.storyboard in Resources */ = {isa = PBXBuildFile; fileRef = 216D1F86264EF6A800370F16 /* LaunchScreen.storyboard */; };
		216D1F98264EF73200370F16 /* MainSceneFactory.swift in Sources */ = {isa = PBXBuildFile; fileRef = 216D1F24264EF4E400370F16 /* MainSceneFactory.swift */; };
		216D1F9E264EF73D00370F16 /* WelcomeViewController.xib in Resources */ = {isa = PBXBuildFile; fileRef = 216D1F1E264EF4E400370F16 /* WelcomeViewController.xib */; };
		216D1FA4264EF74100370F16 /* WelcomeRouter.swift in Sources */ = {isa = PBXBuildFile; fileRef = 216D1F1C264EF4E400370F16 /* WelcomeRouter.swift */; };
		216D1FA5264EF74100370F16 /* WelcomeViewController.swift in Sources */ = {isa = PBXBuildFile; fileRef = 216D1F1A264EF4E400370F16 /* WelcomeViewController.swift */; };
		216D1FA6264EF74100370F16 /* WelcomeSceneFactory.swift in Sources */ = {isa = PBXBuildFile; fileRef = 216D1F1B264EF4E400370F16 /* WelcomeSceneFactory.swift */; };
		216D1FA7264EF74100370F16 /* WelcomeViewModel.swift in Sources */ = {isa = PBXBuildFile; fileRef = 216D1F1F264EF4E400370F16 /* WelcomeViewModel.swift */; };
		216D1FAD264EF74600370F16 /* PassOnboardingPageViewModel.swift in Sources */ = {isa = PBXBuildFile; fileRef = 216D1F29264EF4E400370F16 /* PassOnboardingPageViewModel.swift */; };
		216D1FAE264EF74600370F16 /* OnboardingSceneFactory.swift in Sources */ = {isa = PBXBuildFile; fileRef = 216D1F2A264EF4E400370F16 /* OnboardingSceneFactory.swift */; };
		216D1FAF264EF74600370F16 /* PassOnboardingContainerViewModel.swift in Sources */ = {isa = PBXBuildFile; fileRef = 216D1F27264EF4E400370F16 /* PassOnboardingContainerViewModel.swift */; };
		216D1FB0264EF74600370F16 /* PassConsentPageViewModel.swift in Sources */ = {isa = PBXBuildFile; fileRef = 216D1F28264EF4E400370F16 /* PassConsentPageViewModel.swift */; };
		216D1FB1264EF74600370F16 /* OnboardingRouter.swift in Sources */ = {isa = PBXBuildFile; fileRef = 216D1F26264EF4E400370F16 /* OnboardingRouter.swift */; };
		216D1FB7264EF74F00370F16 /* CertificatesOverviewSceneFactory.swift in Sources */ = {isa = PBXBuildFile; fileRef = 216D1F05264EF4E400370F16 /* CertificatesOverviewSceneFactory.swift */; };
		216D1FB8264EF74F00370F16 /* CertificatesOverviewRouter.swift in Sources */ = {isa = PBXBuildFile; fileRef = 216D1F00264EF4E400370F16 /* CertificatesOverviewRouter.swift */; };
		216D1FB9264EF74F00370F16 /* CertificatesOverviewViewModel.swift in Sources */ = {isa = PBXBuildFile; fileRef = 216D1F06264EF4E400370F16 /* CertificatesOverviewViewModel.swift */; };
		216D1FBA264EF74F00370F16 /* CertificatesOverviewViewController.swift in Sources */ = {isa = PBXBuildFile; fileRef = 216D1F01264EF4E400370F16 /* CertificatesOverviewViewController.swift */; };
		216D1FC0264EF75500370F16 /* CertificatesOverviewViewController.xib in Resources */ = {isa = PBXBuildFile; fileRef = 216D1F08264EF4E400370F16 /* CertificatesOverviewViewController.xib */; };
		216D1FC6264EF75900370F16 /* NoCertificateCardViewModel.swift in Sources */ = {isa = PBXBuildFile; fileRef = 216D1F04264EF4E400370F16 /* NoCertificateCardViewModel.swift */; };
		216D1FC7264EF75900370F16 /* CertificateCardViewModel.swift in Sources */ = {isa = PBXBuildFile; fileRef = 216D1F03264EF4E400370F16 /* CertificateCardViewModel.swift */; };
		216D1FCD264EF75D00370F16 /* CertificatesOverviewRouterProtocol.swift in Sources */ = {isa = PBXBuildFile; fileRef = 216D1F0B264EF4E400370F16 /* CertificatesOverviewRouterProtocol.swift */; };
		216D1FCE264EF75D00370F16 /* CertificatesOverviewViewModelProtocol.swift in Sources */ = {isa = PBXBuildFile; fileRef = 216D1F0C264EF4E400370F16 /* CertificatesOverviewViewModelProtocol.swift */; };
		216D1FCF264EF75D00370F16 /* CertificatesOverviewViewModelDelegate.swift in Sources */ = {isa = PBXBuildFile; fileRef = 216D1F0A264EF4E400370F16 /* CertificatesOverviewViewModelDelegate.swift */; };
		216D1FD5264EF76400370F16 /* VaccinationDetailRouter.swift in Sources */ = {isa = PBXBuildFile; fileRef = 216D1F10264EF4E400370F16 /* VaccinationDetailRouter.swift */; };
		216D1FD6264EF76400370F16 /* VaccinationViewModel.swift in Sources */ = {isa = PBXBuildFile; fileRef = 216D1F0E264EF4E400370F16 /* VaccinationViewModel.swift */; };
		216D1FD7264EF76400370F16 /* VaccinationDetailSceneFactory.swift in Sources */ = {isa = PBXBuildFile; fileRef = 216D1F11264EF4E400370F16 /* VaccinationDetailSceneFactory.swift */; };
		216D1FD8264EF76400370F16 /* VaccinationDetailViewModel.swift in Sources */ = {isa = PBXBuildFile; fileRef = 216D1F12264EF4E400370F16 /* VaccinationDetailViewModel.swift */; };
		216D1FD9264EF76400370F16 /* VaccinationDetailViewController.swift in Sources */ = {isa = PBXBuildFile; fileRef = 216D1F0F264EF4E400370F16 /* VaccinationDetailViewController.swift */; };
		216D1FDF264EF76800370F16 /* VaccinationView.swift in Sources */ = {isa = PBXBuildFile; fileRef = 216D1F14264EF4E400370F16 /* VaccinationView.swift */; };
		216D1FE0264EF76800370F16 /* VaccinationDetailViewController.xib in Resources */ = {isa = PBXBuildFile; fileRef = 216D1F15264EF4E400370F16 /* VaccinationDetailViewController.xib */; };
		216D1FE6264EF76D00370F16 /* CertificateDetailDelegate.swift in Sources */ = {isa = PBXBuildFile; fileRef = 216D1F17264EF4E400370F16 /* CertificateDetailDelegate.swift */; };
		216D1FE7264EF76D00370F16 /* VaccinationDetailRouterProtocol.swift in Sources */ = {isa = PBXBuildFile; fileRef = 216D1F18264EF4E400370F16 /* VaccinationDetailRouterProtocol.swift */; };
		216D1FED264EF77200370F16 /* HowToScanViewController.swift in Sources */ = {isa = PBXBuildFile; fileRef = 216D1F2D264EF4E400370F16 /* HowToScanViewController.swift */; };
		216D1FEE264EF77200370F16 /* HowToScanRouter.swift in Sources */ = {isa = PBXBuildFile; fileRef = 216D1F2C264EF4E400370F16 /* HowToScanRouter.swift */; };
		216D1FEF264EF77200370F16 /* HowToScanSceneFactory.swift in Sources */ = {isa = PBXBuildFile; fileRef = 216D1F31264EF4E400370F16 /* HowToScanSceneFactory.swift */; };
		216D1FF0264EF77200370F16 /* HowToScanViewModel.swift in Sources */ = {isa = PBXBuildFile; fileRef = 216D1F2E264EF4E400370F16 /* HowToScanViewModel.swift */; };
		216D1FF6264EF77600370F16 /* HowToScanViewController.xib in Resources */ = {isa = PBXBuildFile; fileRef = 216D1F30264EF4E400370F16 /* HowToScanViewController.xib */; };
		216D1FFC264EF77C00370F16 /* AppInformationSceneFactory.swift in Sources */ = {isa = PBXBuildFile; fileRef = 216D1F21264EF4E400370F16 /* AppInformationSceneFactory.swift */; };
		216D1FFD264EF77C00370F16 /* AppInformationViewModel.swift in Sources */ = {isa = PBXBuildFile; fileRef = 216D1F22264EF4E400370F16 /* AppInformationViewModel.swift */; };
		216D2003264EF7B500370F16 /* ApiServiceFactory.swift in Sources */ = {isa = PBXBuildFile; fileRef = 216D1F39264EF4ED00370F16 /* ApiServiceFactory.swift */; };
		216D2004264EF7B600370F16 /* StringLocalization.swift in Sources */ = {isa = PBXBuildFile; fileRef = 216D1F3A264EF4ED00370F16 /* StringLocalization.swift */; };
		216D202B264EFA6600370F16 /* CertificateViewControllerTests.swift in Sources */ = {isa = PBXBuildFile; fileRef = 216D1F58264EF52400370F16 /* CertificateViewControllerTests.swift */; };
		216D202C264EFA6600370F16 /* CertificateViewModelTests.swift in Sources */ = {isa = PBXBuildFile; fileRef = 216D1F5A264EF52400370F16 /* CertificateViewModelTests.swift */; };
		216D2032264EFA6C00370F16 /* MockViewModelDelegate.swift in Sources */ = {isa = PBXBuildFile; fileRef = 216D1F5F264EF52400370F16 /* MockViewModelDelegate.swift */; };
		216D2033264EFA6C00370F16 /* MockQRCoder.swift in Sources */ = {isa = PBXBuildFile; fileRef = 216D1F5C264EF52400370F16 /* MockQRCoder.swift */; };
		216D2034264EFA6C00370F16 /* MockCertificateViewModel.swift in Sources */ = {isa = PBXBuildFile; fileRef = 216D1F5D264EF52400370F16 /* MockCertificateViewModel.swift */; };
		216D2035264EFA6C00370F16 /* VaccinationRepositoryMock.swift in Sources */ = {isa = PBXBuildFile; fileRef = 216D1F5E264EF52400370F16 /* VaccinationRepositoryMock.swift */; };
		216D2036264EFA6C00370F16 /* MockCardViewModel.swift in Sources */ = {isa = PBXBuildFile; fileRef = 216D1F60264EF52400370F16 /* MockCardViewModel.swift */; };
		216D2037264EFA6C00370F16 /* MockCertificateViewModelDelegate.swift in Sources */ = {isa = PBXBuildFile; fileRef = 216D1F61264EF52400370F16 /* MockCertificateViewModelDelegate.swift */; };
		216D203D264EFA7400370F16 /* PassOnboardingPageViewModelTests.swift in Sources */ = {isa = PBXBuildFile; fileRef = 216D1F63264EF52400370F16 /* PassOnboardingPageViewModelTests.swift */; };
		216D203E264EFA7400370F16 /* PassConsentPageViewModelTests.swift in Sources */ = {isa = PBXBuildFile; fileRef = 216D1F64264EF52400370F16 /* PassConsentPageViewModelTests.swift */; };
		2181C160264F035500DE7412 /* ValidatorOverviewSceneFactory.swift in Sources */ = {isa = PBXBuildFile; fileRef = 21FBCA39264F011800CAEF44 /* ValidatorOverviewSceneFactory.swift */; };
		2181C161264F035500DE7412 /* ValidatorOverviewViewController.swift in Sources */ = {isa = PBXBuildFile; fileRef = 21FBCA3B264F011800CAEF44 /* ValidatorOverviewViewController.swift */; };
		2181C162264F035500DE7412 /* ValidatorOverviewRouter.swift in Sources */ = {isa = PBXBuildFile; fileRef = 21FBCA3A264F011800CAEF44 /* ValidatorOverviewRouter.swift */; };
		2181C163264F035500DE7412 /* ValidatorOverviewViewModel.swift in Sources */ = {isa = PBXBuildFile; fileRef = 21FBCA38264F011800CAEF44 /* ValidatorOverviewViewModel.swift */; };
		2181C168264F035A00DE7412 /* ValidatorOverviewViewController.xib in Resources */ = {isa = PBXBuildFile; fileRef = 21FBCA3D264F011800CAEF44 /* ValidatorOverviewViewController.xib */; };
		2181C16D264F035D00DE7412 /* ValidatorOverviewRouterProtocol.swift in Sources */ = {isa = PBXBuildFile; fileRef = 21FBCA3F264F011800CAEF44 /* ValidatorOverviewRouterProtocol.swift */; };
		2181C172264F037000DE7412 /* WelcomeViewController.swift in Sources */ = {isa = PBXBuildFile; fileRef = 21FBCA41264F011800CAEF44 /* WelcomeViewController.swift */; };
		2181C173264F037000DE7412 /* WelcomeRouter.swift in Sources */ = {isa = PBXBuildFile; fileRef = 21FBCA43264F011800CAEF44 /* WelcomeRouter.swift */; };
		2181C174264F037000DE7412 /* WelcomeSceneFactory.swift in Sources */ = {isa = PBXBuildFile; fileRef = 21FBCA42264F011800CAEF44 /* WelcomeSceneFactory.swift */; };
		2181C179264F037400DE7412 /* WelcomeViewController.xib in Resources */ = {isa = PBXBuildFile; fileRef = 21FBCA45264F011800CAEF44 /* WelcomeViewController.xib */; };
		2181C182264F039500DE7412 /* AppInformationSceneFactory.swift in Sources */ = {isa = PBXBuildFile; fileRef = 21FBCA48264F011800CAEF44 /* AppInformationSceneFactory.swift */; };
		2181C183264F039500DE7412 /* AppInformationViewModel.swift in Sources */ = {isa = PBXBuildFile; fileRef = 21FBCA49264F011800CAEF44 /* AppInformationViewModel.swift */; };
		2181C188264F03A600DE7412 /* ValidationResultRouter.swift in Sources */ = {isa = PBXBuildFile; fileRef = 21FBCA4B264F011800CAEF44 /* ValidationResultRouter.swift */; };
		2181C189264F03A600DE7412 /* ValidationResultViewModel.swift in Sources */ = {isa = PBXBuildFile; fileRef = 21FBCA4F264F011800CAEF44 /* ValidationResultViewModel.swift */; };
		2181C18A264F03A600DE7412 /* ValidationResultSceneFactory.swift in Sources */ = {isa = PBXBuildFile; fileRef = 21FBCA4C264F011800CAEF44 /* ValidationResultSceneFactory.swift */; };
		2181C18B264F03A600DE7412 /* ValidationResultViewController.swift in Sources */ = {isa = PBXBuildFile; fileRef = 21FBCA50264F011800CAEF44 /* ValidationResultViewController.swift */; };
		2181C190264F03AA00DE7412 /* ValidationResultViewController.xib in Resources */ = {isa = PBXBuildFile; fileRef = 21FBCA52264F011800CAEF44 /* ValidationResultViewController.xib */; };
		2181C195264F03AF00DE7412 /* ImmunizationState.swift in Sources */ = {isa = PBXBuildFile; fileRef = 21FBCA4E264F011800CAEF44 /* ImmunizationState.swift */; };
		2181C19A264F03B200DE7412 /* ValidationResultRouterProtocol.swift in Sources */ = {isa = PBXBuildFile; fileRef = 21FBCA54264F011800CAEF44 /* ValidationResultRouterProtocol.swift */; };
		2181C19F264F03B800DE7412 /* MainSceneFactory.swift in Sources */ = {isa = PBXBuildFile; fileRef = 21FBCA56264F011800CAEF44 /* MainSceneFactory.swift */; };
		2181C1A4264F03BC00DE7412 /* ValidationOnboardingContainerViewModel.swift in Sources */ = {isa = PBXBuildFile; fileRef = 21FBCA5A264F011800CAEF44 /* ValidationOnboardingContainerViewModel.swift */; };
		2181C1A5264F03BC00DE7412 /* OnboardingRouter.swift in Sources */ = {isa = PBXBuildFile; fileRef = 21FBCA58264F011800CAEF44 /* OnboardingRouter.swift */; };
		2181C1A6264F03BC00DE7412 /* ValidationConsentPageViewModel.swift in Sources */ = {isa = PBXBuildFile; fileRef = 21FBCA59264F011800CAEF44 /* ValidationConsentPageViewModel.swift */; };
		2181C1A7264F03BC00DE7412 /* ValidationOnboardingPageViewModel.swift in Sources */ = {isa = PBXBuildFile; fileRef = 21FBCA5B264F011800CAEF44 /* ValidationOnboardingPageViewModel.swift */; };
		2181C1A8264F03BC00DE7412 /* OnboardingViewModel.swift in Sources */ = {isa = PBXBuildFile; fileRef = 21FBCA5D264F011800CAEF44 /* OnboardingViewModel.swift */; };
		2181C1A9264F03BC00DE7412 /* OnboardingSceneFactory.swift in Sources */ = {isa = PBXBuildFile; fileRef = 21FBCA5C264F011800CAEF44 /* OnboardingSceneFactory.swift */; };
		2181C1B2264F040500DE7412 /* ApiServiceFactory.swift in Sources */ = {isa = PBXBuildFile; fileRef = 21FBCA5F264F011900CAEF44 /* ApiServiceFactory.swift */; };
		2181C1B3264F040500DE7412 /* StringLocalization.swift in Sources */ = {isa = PBXBuildFile; fileRef = 21FBCA60264F011900CAEF44 /* StringLocalization.swift */; };
		2181C1B8264F046400DE7412 /* WelcomeViewModel.swift in Sources */ = {isa = PBXBuildFile; fileRef = 21FBCA46264F011800CAEF44 /* WelcomeViewModel.swift */; };
		2181C1BD264F053000DE7412 /* Localizable.strings in Resources */ = {isa = PBXBuildFile; fileRef = 21FBCA33264F011800CAEF44 /* Localizable.strings */; };
		21DAD6E1264F0B11003407FC /* CovPassUI in Frameworks */ = {isa = PBXBuildFile; productRef = 21DAD6E0264F0B11003407FC /* CovPassUI */; };
		21DAD6E3264F0B19003407FC /* CovPassUI in Frameworks */ = {isa = PBXBuildFile; productRef = 21DAD6E2264F0B19003407FC /* CovPassUI */; };
		21FBCA79264F016E00CAEF44 /* LaunchScreen.storyboard in Resources */ = {isa = PBXBuildFile; fileRef = 21FBCA78264F016E00CAEF44 /* LaunchScreen.storyboard */; };
		6507D7ED25FB5E0300D69F94 /* Assets.xcassets in Resources */ = {isa = PBXBuildFile; fileRef = 88AB2A4325FA40CE00D4EA52 /* Assets.xcassets */; };
		653788F42658008500DEC364 /* VactinationViewRouterProtocol.swift in Sources */ = {isa = PBXBuildFile; fileRef = 653788F32658008500DEC364 /* VactinationViewRouterProtocol.swift */; };
		65E0DB0A2657F31C004C660F /* CertificateSceneFactory.swift in Sources */ = {isa = PBXBuildFile; fileRef = 65E0DB052657F31C004C660F /* CertificateSceneFactory.swift */; };
		65E0DB0B2657F31C004C660F /* CertificateViewController.swift in Sources */ = {isa = PBXBuildFile; fileRef = 65E0DB062657F31C004C660F /* CertificateViewController.swift */; };
		65E0DB0C2657F31C004C660F /* CertificateViewController.xib in Resources */ = {isa = PBXBuildFile; fileRef = 65E0DB082657F31C004C660F /* CertificateViewController.xib */; };
		65E0DB0E2657F5A0004C660F /* CertificateViewModel.swift in Sources */ = {isa = PBXBuildFile; fileRef = 65E0DB0D2657F5A0004C660F /* CertificateViewModel.swift */; };
		886EEF152657DDD000EBE17D /* VaccinationDelegate.swift in Sources */ = {isa = PBXBuildFile; fileRef = 886EEF142657DDD000EBE17D /* VaccinationDelegate.swift */; };
		88AB2A9725FA431100D4EA52 /* AppDelegate.swift in Sources */ = {isa = PBXBuildFile; fileRef = 88AB2A3B25FA40CE00D4EA52 /* AppDelegate.swift */; };
		88AB2AA525FA431E00D4EA52 /* CovPassAppTests.swift in Sources */ = {isa = PBXBuildFile; fileRef = 88AB2A3F25FA40CE00D4EA52 /* CovPassAppTests.swift */; };
		88AB2AC025FA433F00D4EA52 /* AppDelegate.swift in Sources */ = {isa = PBXBuildFile; fileRef = 88AB2A4625FA40CE00D4EA52 /* AppDelegate.swift */; };
		88AB2ACE25FA434B00D4EA52 /* CovPassCheckAppTests.swift in Sources */ = {isa = PBXBuildFile; fileRef = 88AB2A6025FA40CE00D4EA52 /* CovPassCheckAppTests.swift */; };
		88BEE03B26550E0900479E5E /* privacy-covpass.html in Resources */ = {isa = PBXBuildFile; fileRef = 88BEE03A26550E0900479E5E /* privacy-covpass.html */; };
		88BEE04226550E2500479E5E /* privacy-covpasscheck.html in Resources */ = {isa = PBXBuildFile; fileRef = 88BEE04126550E2500479E5E /* privacy-covpasscheck.html */; };
/* End PBXBuildFile section */

/* Begin PBXContainerItemProxy section */
		65D6D4EF25F8B8FB000CB339 /* PBXContainerItemProxy */ = {
			isa = PBXContainerItemProxy;
			containerPortal = 65D6D46625F7A631000CB339 /* Project object */;
			proxyType = 1;
			remoteGlobalIDString = 65D6D4DD25F8B8FB000CB339;
			remoteInfo = VaccinationPassApp;
		};
		65D6D52525F8B94D000CB339 /* PBXContainerItemProxy */ = {
			isa = PBXContainerItemProxy;
			containerPortal = 65D6D46625F7A631000CB339 /* Project object */;
			proxyType = 1;
			remoteGlobalIDString = 65D6D51325F8B94D000CB339;
			remoteInfo = VaccinationValidatorApp;
		};
/* End PBXContainerItemProxy section */

/* Begin PBXFileReference section */
		210116F82646D18100B9E8FF /* debug.xcconfig */ = {isa = PBXFileReference; fileEncoding = 4; lastKnownFileType = text.xcconfig; path = debug.xcconfig; sourceTree = "<group>"; };
		2101178C2646E86F00B9E8FF /* debug.xcconfig */ = {isa = PBXFileReference; fileEncoding = 4; lastKnownFileType = text.xcconfig; path = debug.xcconfig; sourceTree = "<group>"; };
		212E757D264F0D09007C0F3A /* CovPassUI */ = {isa = PBXFileReference; lastKnownFileType = folder; path = CovPassUI; sourceTree = "<group>"; };
		216D1F00264EF4E400370F16 /* CertificatesOverviewRouter.swift */ = {isa = PBXFileReference; lastKnownFileType = sourcecode.swift; path = CertificatesOverviewRouter.swift; sourceTree = "<group>"; };
		216D1F01264EF4E400370F16 /* CertificatesOverviewViewController.swift */ = {isa = PBXFileReference; lastKnownFileType = sourcecode.swift; path = CertificatesOverviewViewController.swift; sourceTree = "<group>"; };
		216D1F03264EF4E400370F16 /* CertificateCardViewModel.swift */ = {isa = PBXFileReference; lastKnownFileType = sourcecode.swift; path = CertificateCardViewModel.swift; sourceTree = "<group>"; };
		216D1F04264EF4E400370F16 /* NoCertificateCardViewModel.swift */ = {isa = PBXFileReference; lastKnownFileType = sourcecode.swift; path = NoCertificateCardViewModel.swift; sourceTree = "<group>"; };
		216D1F05264EF4E400370F16 /* CertificatesOverviewSceneFactory.swift */ = {isa = PBXFileReference; lastKnownFileType = sourcecode.swift; path = CertificatesOverviewSceneFactory.swift; sourceTree = "<group>"; };
		216D1F06264EF4E400370F16 /* CertificatesOverviewViewModel.swift */ = {isa = PBXFileReference; lastKnownFileType = sourcecode.swift; path = CertificatesOverviewViewModel.swift; sourceTree = "<group>"; };
		216D1F08264EF4E400370F16 /* CertificatesOverviewViewController.xib */ = {isa = PBXFileReference; lastKnownFileType = file.xib; path = CertificatesOverviewViewController.xib; sourceTree = "<group>"; };
		216D1F0A264EF4E400370F16 /* CertificatesOverviewViewModelDelegate.swift */ = {isa = PBXFileReference; lastKnownFileType = sourcecode.swift; path = CertificatesOverviewViewModelDelegate.swift; sourceTree = "<group>"; };
		216D1F0B264EF4E400370F16 /* CertificatesOverviewRouterProtocol.swift */ = {isa = PBXFileReference; lastKnownFileType = sourcecode.swift; path = CertificatesOverviewRouterProtocol.swift; sourceTree = "<group>"; };
		216D1F0C264EF4E400370F16 /* CertificatesOverviewViewModelProtocol.swift */ = {isa = PBXFileReference; lastKnownFileType = sourcecode.swift; path = CertificatesOverviewViewModelProtocol.swift; sourceTree = "<group>"; };
		216D1F0E264EF4E400370F16 /* VaccinationViewModel.swift */ = {isa = PBXFileReference; lastKnownFileType = sourcecode.swift; path = VaccinationViewModel.swift; sourceTree = "<group>"; };
		216D1F0F264EF4E400370F16 /* VaccinationDetailViewController.swift */ = {isa = PBXFileReference; lastKnownFileType = sourcecode.swift; path = VaccinationDetailViewController.swift; sourceTree = "<group>"; };
		216D1F10264EF4E400370F16 /* VaccinationDetailRouter.swift */ = {isa = PBXFileReference; lastKnownFileType = sourcecode.swift; path = VaccinationDetailRouter.swift; sourceTree = "<group>"; };
		216D1F11264EF4E400370F16 /* VaccinationDetailSceneFactory.swift */ = {isa = PBXFileReference; lastKnownFileType = sourcecode.swift; path = VaccinationDetailSceneFactory.swift; sourceTree = "<group>"; };
		216D1F12264EF4E400370F16 /* VaccinationDetailViewModel.swift */ = {isa = PBXFileReference; lastKnownFileType = sourcecode.swift; path = VaccinationDetailViewModel.swift; sourceTree = "<group>"; };
		216D1F14264EF4E400370F16 /* VaccinationView.swift */ = {isa = PBXFileReference; lastKnownFileType = sourcecode.swift; path = VaccinationView.swift; sourceTree = "<group>"; };
		216D1F15264EF4E400370F16 /* VaccinationDetailViewController.xib */ = {isa = PBXFileReference; lastKnownFileType = file.xib; path = VaccinationDetailViewController.xib; sourceTree = "<group>"; };
		216D1F17264EF4E400370F16 /* CertificateDetailDelegate.swift */ = {isa = PBXFileReference; lastKnownFileType = sourcecode.swift; path = CertificateDetailDelegate.swift; sourceTree = "<group>"; };
		216D1F18264EF4E400370F16 /* VaccinationDetailRouterProtocol.swift */ = {isa = PBXFileReference; lastKnownFileType = sourcecode.swift; path = VaccinationDetailRouterProtocol.swift; sourceTree = "<group>"; };
		216D1F1A264EF4E400370F16 /* WelcomeViewController.swift */ = {isa = PBXFileReference; lastKnownFileType = sourcecode.swift; path = WelcomeViewController.swift; sourceTree = "<group>"; };
		216D1F1B264EF4E400370F16 /* WelcomeSceneFactory.swift */ = {isa = PBXFileReference; lastKnownFileType = sourcecode.swift; path = WelcomeSceneFactory.swift; sourceTree = "<group>"; };
		216D1F1C264EF4E400370F16 /* WelcomeRouter.swift */ = {isa = PBXFileReference; lastKnownFileType = sourcecode.swift; path = WelcomeRouter.swift; sourceTree = "<group>"; };
		216D1F1E264EF4E400370F16 /* WelcomeViewController.xib */ = {isa = PBXFileReference; lastKnownFileType = file.xib; path = WelcomeViewController.xib; sourceTree = "<group>"; };
		216D1F1F264EF4E400370F16 /* WelcomeViewModel.swift */ = {isa = PBXFileReference; lastKnownFileType = sourcecode.swift; path = WelcomeViewModel.swift; sourceTree = "<group>"; };
		216D1F21264EF4E400370F16 /* AppInformationSceneFactory.swift */ = {isa = PBXFileReference; lastKnownFileType = sourcecode.swift; path = AppInformationSceneFactory.swift; sourceTree = "<group>"; };
		216D1F22264EF4E400370F16 /* AppInformationViewModel.swift */ = {isa = PBXFileReference; lastKnownFileType = sourcecode.swift; path = AppInformationViewModel.swift; sourceTree = "<group>"; };
		216D1F24264EF4E400370F16 /* MainSceneFactory.swift */ = {isa = PBXFileReference; lastKnownFileType = sourcecode.swift; path = MainSceneFactory.swift; sourceTree = "<group>"; };
		216D1F26264EF4E400370F16 /* OnboardingRouter.swift */ = {isa = PBXFileReference; lastKnownFileType = sourcecode.swift; path = OnboardingRouter.swift; sourceTree = "<group>"; };
		216D1F27264EF4E400370F16 /* PassOnboardingContainerViewModel.swift */ = {isa = PBXFileReference; lastKnownFileType = sourcecode.swift; path = PassOnboardingContainerViewModel.swift; sourceTree = "<group>"; };
		216D1F28264EF4E400370F16 /* PassConsentPageViewModel.swift */ = {isa = PBXFileReference; lastKnownFileType = sourcecode.swift; path = PassConsentPageViewModel.swift; sourceTree = "<group>"; };
		216D1F29264EF4E400370F16 /* PassOnboardingPageViewModel.swift */ = {isa = PBXFileReference; lastKnownFileType = sourcecode.swift; path = PassOnboardingPageViewModel.swift; sourceTree = "<group>"; };
		216D1F2A264EF4E400370F16 /* OnboardingSceneFactory.swift */ = {isa = PBXFileReference; lastKnownFileType = sourcecode.swift; path = OnboardingSceneFactory.swift; sourceTree = "<group>"; };
		216D1F2C264EF4E400370F16 /* HowToScanRouter.swift */ = {isa = PBXFileReference; lastKnownFileType = sourcecode.swift; path = HowToScanRouter.swift; sourceTree = "<group>"; };
		216D1F2D264EF4E400370F16 /* HowToScanViewController.swift */ = {isa = PBXFileReference; lastKnownFileType = sourcecode.swift; path = HowToScanViewController.swift; sourceTree = "<group>"; };
		216D1F2E264EF4E400370F16 /* HowToScanViewModel.swift */ = {isa = PBXFileReference; lastKnownFileType = sourcecode.swift; path = HowToScanViewModel.swift; sourceTree = "<group>"; };
		216D1F30264EF4E400370F16 /* HowToScanViewController.xib */ = {isa = PBXFileReference; lastKnownFileType = file.xib; path = HowToScanViewController.xib; sourceTree = "<group>"; };
		216D1F31264EF4E400370F16 /* HowToScanSceneFactory.swift */ = {isa = PBXFileReference; lastKnownFileType = sourcecode.swift; path = HowToScanSceneFactory.swift; sourceTree = "<group>"; };
		216D1F39264EF4ED00370F16 /* ApiServiceFactory.swift */ = {isa = PBXFileReference; lastKnownFileType = sourcecode.swift; path = ApiServiceFactory.swift; sourceTree = "<group>"; };
		216D1F3A264EF4ED00370F16 /* StringLocalization.swift */ = {isa = PBXFileReference; lastKnownFileType = sourcecode.swift; path = StringLocalization.swift; sourceTree = "<group>"; };
		216D1F44264EF50300370F16 /* de */ = {isa = PBXFileReference; lastKnownFileType = text.plist.strings; name = de; path = de.lproj/Localizable.strings; sourceTree = "<group>"; };
		216D1F45264EF50300370F16 /* en */ = {isa = PBXFileReference; lastKnownFileType = text.plist.strings; name = en; path = en.lproj/Localizable.strings; sourceTree = "<group>"; };
		216D1F46264EF50300370F16 /* Assets.xcassets */ = {isa = PBXFileReference; lastKnownFileType = folder.assetcatalog; path = Assets.xcassets; sourceTree = "<group>"; };
		216D1F58264EF52400370F16 /* CertificateViewControllerTests.swift */ = {isa = PBXFileReference; lastKnownFileType = sourcecode.swift; path = CertificateViewControllerTests.swift; sourceTree = "<group>"; };
		216D1F5A264EF52400370F16 /* CertificateViewModelTests.swift */ = {isa = PBXFileReference; lastKnownFileType = sourcecode.swift; path = CertificateViewModelTests.swift; sourceTree = "<group>"; };
		216D1F5C264EF52400370F16 /* MockQRCoder.swift */ = {isa = PBXFileReference; lastKnownFileType = sourcecode.swift; path = MockQRCoder.swift; sourceTree = "<group>"; };
		216D1F5D264EF52400370F16 /* MockCertificateViewModel.swift */ = {isa = PBXFileReference; lastKnownFileType = sourcecode.swift; path = MockCertificateViewModel.swift; sourceTree = "<group>"; };
		216D1F5E264EF52400370F16 /* VaccinationRepositoryMock.swift */ = {isa = PBXFileReference; lastKnownFileType = sourcecode.swift; path = VaccinationRepositoryMock.swift; sourceTree = "<group>"; };
		216D1F5F264EF52400370F16 /* MockViewModelDelegate.swift */ = {isa = PBXFileReference; lastKnownFileType = sourcecode.swift; path = MockViewModelDelegate.swift; sourceTree = "<group>"; };
		216D1F60264EF52400370F16 /* MockCardViewModel.swift */ = {isa = PBXFileReference; lastKnownFileType = sourcecode.swift; path = MockCardViewModel.swift; sourceTree = "<group>"; };
		216D1F61264EF52400370F16 /* MockCertificateViewModelDelegate.swift */ = {isa = PBXFileReference; lastKnownFileType = sourcecode.swift; path = MockCertificateViewModelDelegate.swift; sourceTree = "<group>"; };
		216D1F63264EF52400370F16 /* PassOnboardingPageViewModelTests.swift */ = {isa = PBXFileReference; lastKnownFileType = sourcecode.swift; path = PassOnboardingPageViewModelTests.swift; sourceTree = "<group>"; };
		216D1F64264EF52400370F16 /* PassConsentPageViewModelTests.swift */ = {isa = PBXFileReference; lastKnownFileType = sourcecode.swift; path = PassConsentPageViewModelTests.swift; sourceTree = "<group>"; };
		216D1F86264EF6A800370F16 /* LaunchScreen.storyboard */ = {isa = PBXFileReference; fileEncoding = 4; lastKnownFileType = file.storyboard; path = LaunchScreen.storyboard; sourceTree = "<group>"; };
		2191E02F264F20D000316B48 /* CovPassCommon */ = {isa = PBXFileReference; lastKnownFileType = folder; path = CovPassCommon; sourceTree = "<group>"; };
		21FBCA34264F011800CAEF44 /* de */ = {isa = PBXFileReference; lastKnownFileType = text.plist.strings; name = de; path = de.lproj/Localizable.strings; sourceTree = "<group>"; };
		21FBCA35264F011800CAEF44 /* en */ = {isa = PBXFileReference; lastKnownFileType = text.plist.strings; name = en; path = en.lproj/Localizable.strings; sourceTree = "<group>"; };
		21FBCA38264F011800CAEF44 /* ValidatorOverviewViewModel.swift */ = {isa = PBXFileReference; lastKnownFileType = sourcecode.swift; path = ValidatorOverviewViewModel.swift; sourceTree = "<group>"; };
		21FBCA39264F011800CAEF44 /* ValidatorOverviewSceneFactory.swift */ = {isa = PBXFileReference; lastKnownFileType = sourcecode.swift; path = ValidatorOverviewSceneFactory.swift; sourceTree = "<group>"; };
		21FBCA3A264F011800CAEF44 /* ValidatorOverviewRouter.swift */ = {isa = PBXFileReference; lastKnownFileType = sourcecode.swift; path = ValidatorOverviewRouter.swift; sourceTree = "<group>"; };
		21FBCA3B264F011800CAEF44 /* ValidatorOverviewViewController.swift */ = {isa = PBXFileReference; lastKnownFileType = sourcecode.swift; path = ValidatorOverviewViewController.swift; sourceTree = "<group>"; };
		21FBCA3D264F011800CAEF44 /* ValidatorOverviewViewController.xib */ = {isa = PBXFileReference; lastKnownFileType = file.xib; path = ValidatorOverviewViewController.xib; sourceTree = "<group>"; };
		21FBCA3F264F011800CAEF44 /* ValidatorOverviewRouterProtocol.swift */ = {isa = PBXFileReference; lastKnownFileType = sourcecode.swift; path = ValidatorOverviewRouterProtocol.swift; sourceTree = "<group>"; };
		21FBCA41264F011800CAEF44 /* WelcomeViewController.swift */ = {isa = PBXFileReference; lastKnownFileType = sourcecode.swift; path = WelcomeViewController.swift; sourceTree = "<group>"; };
		21FBCA42264F011800CAEF44 /* WelcomeSceneFactory.swift */ = {isa = PBXFileReference; lastKnownFileType = sourcecode.swift; path = WelcomeSceneFactory.swift; sourceTree = "<group>"; };
		21FBCA43264F011800CAEF44 /* WelcomeRouter.swift */ = {isa = PBXFileReference; lastKnownFileType = sourcecode.swift; path = WelcomeRouter.swift; sourceTree = "<group>"; };
		21FBCA45264F011800CAEF44 /* WelcomeViewController.xib */ = {isa = PBXFileReference; lastKnownFileType = file.xib; path = WelcomeViewController.xib; sourceTree = "<group>"; };
		21FBCA46264F011800CAEF44 /* WelcomeViewModel.swift */ = {isa = PBXFileReference; lastKnownFileType = sourcecode.swift; path = WelcomeViewModel.swift; sourceTree = "<group>"; };
		21FBCA48264F011800CAEF44 /* AppInformationSceneFactory.swift */ = {isa = PBXFileReference; lastKnownFileType = sourcecode.swift; path = AppInformationSceneFactory.swift; sourceTree = "<group>"; };
		21FBCA49264F011800CAEF44 /* AppInformationViewModel.swift */ = {isa = PBXFileReference; lastKnownFileType = sourcecode.swift; path = AppInformationViewModel.swift; sourceTree = "<group>"; };
		21FBCA4B264F011800CAEF44 /* ValidationResultRouter.swift */ = {isa = PBXFileReference; lastKnownFileType = sourcecode.swift; path = ValidationResultRouter.swift; sourceTree = "<group>"; };
		21FBCA4C264F011800CAEF44 /* ValidationResultSceneFactory.swift */ = {isa = PBXFileReference; lastKnownFileType = sourcecode.swift; path = ValidationResultSceneFactory.swift; sourceTree = "<group>"; };
		21FBCA4E264F011800CAEF44 /* ImmunizationState.swift */ = {isa = PBXFileReference; lastKnownFileType = sourcecode.swift; path = ImmunizationState.swift; sourceTree = "<group>"; };
		21FBCA4F264F011800CAEF44 /* ValidationResultViewModel.swift */ = {isa = PBXFileReference; lastKnownFileType = sourcecode.swift; path = ValidationResultViewModel.swift; sourceTree = "<group>"; };
		21FBCA50264F011800CAEF44 /* ValidationResultViewController.swift */ = {isa = PBXFileReference; lastKnownFileType = sourcecode.swift; path = ValidationResultViewController.swift; sourceTree = "<group>"; };
		21FBCA52264F011800CAEF44 /* ValidationResultViewController.xib */ = {isa = PBXFileReference; lastKnownFileType = file.xib; path = ValidationResultViewController.xib; sourceTree = "<group>"; };
		21FBCA54264F011800CAEF44 /* ValidationResultRouterProtocol.swift */ = {isa = PBXFileReference; lastKnownFileType = sourcecode.swift; path = ValidationResultRouterProtocol.swift; sourceTree = "<group>"; };
		21FBCA56264F011800CAEF44 /* MainSceneFactory.swift */ = {isa = PBXFileReference; lastKnownFileType = sourcecode.swift; path = MainSceneFactory.swift; sourceTree = "<group>"; };
		21FBCA58264F011800CAEF44 /* OnboardingRouter.swift */ = {isa = PBXFileReference; lastKnownFileType = sourcecode.swift; path = OnboardingRouter.swift; sourceTree = "<group>"; };
		21FBCA59264F011800CAEF44 /* ValidationConsentPageViewModel.swift */ = {isa = PBXFileReference; lastKnownFileType = sourcecode.swift; path = ValidationConsentPageViewModel.swift; sourceTree = "<group>"; };
		21FBCA5A264F011800CAEF44 /* ValidationOnboardingContainerViewModel.swift */ = {isa = PBXFileReference; lastKnownFileType = sourcecode.swift; path = ValidationOnboardingContainerViewModel.swift; sourceTree = "<group>"; };
		21FBCA5B264F011800CAEF44 /* ValidationOnboardingPageViewModel.swift */ = {isa = PBXFileReference; lastKnownFileType = sourcecode.swift; path = ValidationOnboardingPageViewModel.swift; sourceTree = "<group>"; };
		21FBCA5C264F011800CAEF44 /* OnboardingSceneFactory.swift */ = {isa = PBXFileReference; lastKnownFileType = sourcecode.swift; path = OnboardingSceneFactory.swift; sourceTree = "<group>"; };
		21FBCA5D264F011800CAEF44 /* OnboardingViewModel.swift */ = {isa = PBXFileReference; lastKnownFileType = sourcecode.swift; path = OnboardingViewModel.swift; sourceTree = "<group>"; };
		21FBCA5F264F011900CAEF44 /* ApiServiceFactory.swift */ = {isa = PBXFileReference; lastKnownFileType = sourcecode.swift; path = ApiServiceFactory.swift; sourceTree = "<group>"; };
		21FBCA60264F011900CAEF44 /* StringLocalization.swift */ = {isa = PBXFileReference; lastKnownFileType = sourcecode.swift; path = StringLocalization.swift; sourceTree = "<group>"; };
		21FBCA78264F016E00CAEF44 /* LaunchScreen.storyboard */ = {isa = PBXFileReference; fileEncoding = 4; lastKnownFileType = file.storyboard; path = LaunchScreen.storyboard; sourceTree = "<group>"; };
		381442092646ED5800207CFA /* release.xcconfig */ = {isa = PBXFileReference; fileEncoding = 4; lastKnownFileType = text.xcconfig; path = release.xcconfig; sourceTree = "<group>"; };
		3814420B2646ED7600207CFA /* release.xcconfig */ = {isa = PBXFileReference; fileEncoding = 4; lastKnownFileType = text.xcconfig; path = release.xcconfig; sourceTree = "<group>"; };
		381A13F32647DB580037B7F0 /* release-rki.xcconfig */ = {isa = PBXFileReference; lastKnownFileType = text.xcconfig; path = "release-rki.xcconfig"; sourceTree = "<group>"; };
		381A13F42647DB7B0037B7F0 /* release-rki.xcconfig */ = {isa = PBXFileReference; lastKnownFileType = text.xcconfig; path = "release-rki.xcconfig"; sourceTree = "<group>"; };
		653788F32658008500DEC364 /* VactinationViewRouterProtocol.swift */ = {isa = PBXFileReference; lastKnownFileType = sourcecode.swift; path = VactinationViewRouterProtocol.swift; sourceTree = "<group>"; };
		65D6D4DE25F8B8FB000CB339 /* CovPassApp.app */ = {isa = PBXFileReference; explicitFileType = wrapper.application; includeInIndex = 0; path = CovPassApp.app; sourceTree = BUILT_PRODUCTS_DIR; };
		65D6D4EE25F8B8FB000CB339 /* CovPassAppTests.xctest */ = {isa = PBXFileReference; explicitFileType = wrapper.cfbundle; includeInIndex = 0; path = CovPassAppTests.xctest; sourceTree = BUILT_PRODUCTS_DIR; };
		65D6D51425F8B94D000CB339 /* CovPassCheckApp.app */ = {isa = PBXFileReference; explicitFileType = wrapper.application; includeInIndex = 0; path = CovPassCheckApp.app; sourceTree = BUILT_PRODUCTS_DIR; };
		65D6D52425F8B94D000CB339 /* CovPassCheckAppTests.xctest */ = {isa = PBXFileReference; explicitFileType = wrapper.cfbundle; includeInIndex = 0; path = CovPassCheckAppTests.xctest; sourceTree = BUILT_PRODUCTS_DIR; };
		65E0DB052657F31C004C660F /* CertificateSceneFactory.swift */ = {isa = PBXFileReference; fileEncoding = 4; lastKnownFileType = sourcecode.swift; path = CertificateSceneFactory.swift; sourceTree = "<group>"; };
		65E0DB062657F31C004C660F /* CertificateViewController.swift */ = {isa = PBXFileReference; fileEncoding = 4; lastKnownFileType = sourcecode.swift; path = CertificateViewController.swift; sourceTree = "<group>"; };
		65E0DB082657F31C004C660F /* CertificateViewController.xib */ = {isa = PBXFileReference; fileEncoding = 4; lastKnownFileType = file.xib; path = CertificateViewController.xib; sourceTree = "<group>"; };
		65E0DB0D2657F5A0004C660F /* CertificateViewModel.swift */ = {isa = PBXFileReference; lastKnownFileType = sourcecode.swift; path = CertificateViewModel.swift; sourceTree = "<group>"; };
		886EEF142657DDD000EBE17D /* VaccinationDelegate.swift */ = {isa = PBXFileReference; fileEncoding = 4; lastKnownFileType = sourcecode.swift; path = VaccinationDelegate.swift; sourceTree = "<group>"; };
		88AB2A3B25FA40CE00D4EA52 /* AppDelegate.swift */ = {isa = PBXFileReference; lastKnownFileType = sourcecode.swift; path = AppDelegate.swift; sourceTree = "<group>"; };
		88AB2A3C25FA40CE00D4EA52 /* Info.plist */ = {isa = PBXFileReference; lastKnownFileType = text.plist.xml; path = Info.plist; sourceTree = "<group>"; };
		88AB2A3F25FA40CE00D4EA52 /* CovPassAppTests.swift */ = {isa = PBXFileReference; lastKnownFileType = sourcecode.swift; path = CovPassAppTests.swift; sourceTree = "<group>"; };
		88AB2A4025FA40CE00D4EA52 /* Info.plist */ = {isa = PBXFileReference; lastKnownFileType = text.plist.xml; path = Info.plist; sourceTree = "<group>"; };
		88AB2A4325FA40CE00D4EA52 /* Assets.xcassets */ = {isa = PBXFileReference; lastKnownFileType = folder.assetcatalog; path = Assets.xcassets; sourceTree = "<group>"; };
		88AB2A4625FA40CE00D4EA52 /* AppDelegate.swift */ = {isa = PBXFileReference; lastKnownFileType = sourcecode.swift; path = AppDelegate.swift; sourceTree = "<group>"; };
		88AB2A4725FA40CE00D4EA52 /* Info.plist */ = {isa = PBXFileReference; lastKnownFileType = text.plist.xml; path = Info.plist; sourceTree = "<group>"; };
		88AB2A6025FA40CE00D4EA52 /* CovPassCheckAppTests.swift */ = {isa = PBXFileReference; lastKnownFileType = sourcecode.swift; path = CovPassCheckAppTests.swift; sourceTree = "<group>"; };
		88AB2A6125FA40CE00D4EA52 /* Info.plist */ = {isa = PBXFileReference; lastKnownFileType = text.plist.xml; path = Info.plist; sourceTree = "<group>"; };
		88BEE03A26550E0900479E5E /* privacy-covpass.html */ = {isa = PBXFileReference; fileEncoding = 4; lastKnownFileType = text.html; path = "privacy-covpass.html"; sourceTree = "<group>"; };
		88BEE04126550E2500479E5E /* privacy-covpasscheck.html */ = {isa = PBXFileReference; fileEncoding = 4; lastKnownFileType = text.html; path = "privacy-covpasscheck.html"; sourceTree = "<group>"; };
/* End PBXFileReference section */

/* Begin PBXFrameworksBuildPhase section */
		65D6D4DB25F8B8FB000CB339 /* Frameworks */ = {
			isa = PBXFrameworksBuildPhase;
			buildActionMask = 2147483647;
			files = (
				21DAD6E1264F0B11003407FC /* CovPassUI in Frameworks */,
			);
			runOnlyForDeploymentPostprocessing = 0;
		};
		65D6D4EB25F8B8FB000CB339 /* Frameworks */ = {
			isa = PBXFrameworksBuildPhase;
			buildActionMask = 2147483647;
			files = (
			);
			runOnlyForDeploymentPostprocessing = 0;
		};
		65D6D51125F8B94D000CB339 /* Frameworks */ = {
			isa = PBXFrameworksBuildPhase;
			buildActionMask = 2147483647;
			files = (
				21DAD6E3264F0B19003407FC /* CovPassUI in Frameworks */,
			);
			runOnlyForDeploymentPostprocessing = 0;
		};
		65D6D52125F8B94D000CB339 /* Frameworks */ = {
			isa = PBXFrameworksBuildPhase;
			buildActionMask = 2147483647;
			files = (
			);
			runOnlyForDeploymentPostprocessing = 0;
		};
/* End PBXFrameworksBuildPhase section */

/* Begin PBXGroup section */
		216D1EEA264EF44500370F16 /* Configurations */ = {
			isa = PBXGroup;
			children = (
				210116F82646D18100B9E8FF /* debug.xcconfig */,
				381442092646ED5800207CFA /* release.xcconfig */,
				381A13F32647DB580037B7F0 /* release-rki.xcconfig */,
			);
			path = Configurations;
			sourceTree = "<group>";
		};
		216D1EFE264EF4E400370F16 /* Scenes */ = {
			isa = PBXGroup;
			children = (
				65E0DB022657F219004C660F /* Certificate */,
				216D1F23264EF4E400370F16 /* Main */,
				216D1F19264EF4E400370F16 /* Welcome */,
				216D1F25264EF4E400370F16 /* Onboarding */,
				216D1EFF264EF4E400370F16 /* Certificates Overview */,
				216D1F0D264EF4E400370F16 /* Vaccination Detail */,
				216D1F2B264EF4E400370F16 /* HowToScan */,
				216D1F20264EF4E400370F16 /* App Information */,
			);
			path = Scenes;
			sourceTree = "<group>";
		};
		216D1EFF264EF4E400370F16 /* Certificates Overview */ = {
			isa = PBXGroup;
			children = (
				216D1F09264EF4E400370F16 /* Protocols */,
				216D1F02264EF4E400370F16 /* CardViewModels */,
				216D1F07264EF4E400370F16 /* Views */,
				216D1F00264EF4E400370F16 /* CertificatesOverviewRouter.swift */,
				216D1F05264EF4E400370F16 /* CertificatesOverviewSceneFactory.swift */,
				216D1F06264EF4E400370F16 /* CertificatesOverviewViewModel.swift */,
				216D1F01264EF4E400370F16 /* CertificatesOverviewViewController.swift */,
			);
			path = "Certificates Overview";
			sourceTree = "<group>";
		};
		216D1F02264EF4E400370F16 /* CardViewModels */ = {
			isa = PBXGroup;
			children = (
				216D1F03264EF4E400370F16 /* CertificateCardViewModel.swift */,
				216D1F04264EF4E400370F16 /* NoCertificateCardViewModel.swift */,
			);
			path = CardViewModels;
			sourceTree = "<group>";
		};
		216D1F07264EF4E400370F16 /* Views */ = {
			isa = PBXGroup;
			children = (
				216D1F08264EF4E400370F16 /* CertificatesOverviewViewController.xib */,
			);
			path = Views;
			sourceTree = "<group>";
		};
		216D1F09264EF4E400370F16 /* Protocols */ = {
			isa = PBXGroup;
			children = (
				216D1F0A264EF4E400370F16 /* CertificatesOverviewViewModelDelegate.swift */,
				216D1F0B264EF4E400370F16 /* CertificatesOverviewRouterProtocol.swift */,
				216D1F0C264EF4E400370F16 /* CertificatesOverviewViewModelProtocol.swift */,
			);
			path = Protocols;
			sourceTree = "<group>";
		};
		216D1F0D264EF4E400370F16 /* Vaccination Detail */ = {
			isa = PBXGroup;
			children = (
				886EEF142657DDD000EBE17D /* VaccinationDelegate.swift */,
				216D1F16264EF4E400370F16 /* Protocols */,
				216D1F13264EF4E400370F16 /* Views */,
				216D1F10264EF4E400370F16 /* VaccinationDetailRouter.swift */,
				216D1F11264EF4E400370F16 /* VaccinationDetailSceneFactory.swift */,
				216D1F12264EF4E400370F16 /* VaccinationDetailViewModel.swift */,
				216D1F0E264EF4E400370F16 /* VaccinationViewModel.swift */,
				216D1F0F264EF4E400370F16 /* VaccinationDetailViewController.swift */,
			);
			path = "Vaccination Detail";
			sourceTree = "<group>";
		};
		216D1F13264EF4E400370F16 /* Views */ = {
			isa = PBXGroup;
			children = (
				216D1F14264EF4E400370F16 /* VaccinationView.swift */,
				216D1F15264EF4E400370F16 /* VaccinationDetailViewController.xib */,
			);
			path = Views;
			sourceTree = "<group>";
		};
		216D1F16264EF4E400370F16 /* Protocols */ = {
			isa = PBXGroup;
			children = (
				216D1F17264EF4E400370F16 /* CertificateDetailDelegate.swift */,
				216D1F18264EF4E400370F16 /* VaccinationDetailRouterProtocol.swift */,
				653788F32658008500DEC364 /* VactinationViewRouterProtocol.swift */,
			);
			path = Protocols;
			sourceTree = "<group>";
		};
		216D1F19264EF4E400370F16 /* Welcome */ = {
			isa = PBXGroup;
			children = (
				216D1F1D264EF4E400370F16 /* Views */,
				216D1F1C264EF4E400370F16 /* WelcomeRouter.swift */,
				216D1F1B264EF4E400370F16 /* WelcomeSceneFactory.swift */,
				216D1F1F264EF4E400370F16 /* WelcomeViewModel.swift */,
				216D1F1A264EF4E400370F16 /* WelcomeViewController.swift */,
			);
			path = Welcome;
			sourceTree = "<group>";
		};
		216D1F1D264EF4E400370F16 /* Views */ = {
			isa = PBXGroup;
			children = (
				216D1F1E264EF4E400370F16 /* WelcomeViewController.xib */,
			);
			path = Views;
			sourceTree = "<group>";
		};
		216D1F20264EF4E400370F16 /* App Information */ = {
			isa = PBXGroup;
			children = (
				216D1F21264EF4E400370F16 /* AppInformationSceneFactory.swift */,
				216D1F22264EF4E400370F16 /* AppInformationViewModel.swift */,
			);
			path = "App Information";
			sourceTree = "<group>";
		};
		216D1F23264EF4E400370F16 /* Main */ = {
			isa = PBXGroup;
			children = (
				216D1F24264EF4E400370F16 /* MainSceneFactory.swift */,
			);
			path = Main;
			sourceTree = "<group>";
		};
		216D1F25264EF4E400370F16 /* Onboarding */ = {
			isa = PBXGroup;
			children = (
				216D1F26264EF4E400370F16 /* OnboardingRouter.swift */,
				216D1F2A264EF4E400370F16 /* OnboardingSceneFactory.swift */,
				216D1F27264EF4E400370F16 /* PassOnboardingContainerViewModel.swift */,
				216D1F28264EF4E400370F16 /* PassConsentPageViewModel.swift */,
				216D1F29264EF4E400370F16 /* PassOnboardingPageViewModel.swift */,
			);
			path = Onboarding;
			sourceTree = "<group>";
		};
		216D1F2B264EF4E400370F16 /* HowToScan */ = {
			isa = PBXGroup;
			children = (
				216D1F2F264EF4E400370F16 /* Views */,
				216D1F2C264EF4E400370F16 /* HowToScanRouter.swift */,
				216D1F31264EF4E400370F16 /* HowToScanSceneFactory.swift */,
				216D1F2E264EF4E400370F16 /* HowToScanViewModel.swift */,
				216D1F2D264EF4E400370F16 /* HowToScanViewController.swift */,
			);
			path = HowToScan;
			sourceTree = "<group>";
		};
		216D1F2F264EF4E400370F16 /* Views */ = {
			isa = PBXGroup;
			children = (
				216D1F30264EF4E400370F16 /* HowToScanViewController.xib */,
			);
			path = Views;
			sourceTree = "<group>";
		};
		216D1F38264EF4ED00370F16 /* Extensions */ = {
			isa = PBXGroup;
			children = (
				216D1F39264EF4ED00370F16 /* ApiServiceFactory.swift */,
				216D1F3A264EF4ED00370F16 /* StringLocalization.swift */,
			);
			path = Extensions;
			sourceTree = "<group>";
		};
		216D1F41264EF50300370F16 /* Resources */ = {
			isa = PBXGroup;
			children = (
				88BEE03926550DFD00479E5E /* Static */,
				216D1F42264EF50300370F16 /* Locale */,
				216D1F46264EF50300370F16 /* Assets.xcassets */,
				216D1F86264EF6A800370F16 /* LaunchScreen.storyboard */,
			);
			path = Resources;
			sourceTree = "<group>";
		};
		216D1F42264EF50300370F16 /* Locale */ = {
			isa = PBXGroup;
			children = (
				216D1F43264EF50300370F16 /* Localizable.strings */,
			);
			path = Locale;
			sourceTree = "<group>";
		};
		216D1F59264EF52400370F16 /* Certificate */ = {
			isa = PBXGroup;
			children = (
				216D1F5A264EF52400370F16 /* CertificateViewModelTests.swift */,
				216D1F58264EF52400370F16 /* CertificateViewControllerTests.swift */,
			);
			path = Certificate;
			sourceTree = "<group>";
		};
		216D1F5B264EF52400370F16 /* Mock */ = {
			isa = PBXGroup;
			children = (
				216D1F5C264EF52400370F16 /* MockQRCoder.swift */,
				216D1F5D264EF52400370F16 /* MockCertificateViewModel.swift */,
				216D1F5E264EF52400370F16 /* VaccinationRepositoryMock.swift */,
				216D1F5F264EF52400370F16 /* MockViewModelDelegate.swift */,
				216D1F60264EF52400370F16 /* MockCardViewModel.swift */,
				216D1F61264EF52400370F16 /* MockCertificateViewModelDelegate.swift */,
			);
			path = Mock;
			sourceTree = "<group>";
		};
		216D1F62264EF52400370F16 /* Onboarding */ = {
			isa = PBXGroup;
			children = (
				216D1F63264EF52400370F16 /* PassOnboardingPageViewModelTests.swift */,
				216D1F64264EF52400370F16 /* PassConsentPageViewModelTests.swift */,
			);
			path = Onboarding;
			sourceTree = "<group>";
		};
		216D1F6B264EF54C00370F16 /* Supporting Files */ = {
			isa = PBXGroup;
			children = (
				216D1EEA264EF44500370F16 /* Configurations */,
				88AB2A3C25FA40CE00D4EA52 /* Info.plist */,
			);
			path = "Supporting Files";
			sourceTree = "<group>";
		};
		216D2025264EF95400370F16 /* Scenes */ = {
			isa = PBXGroup;
			children = (
				216D1F59264EF52400370F16 /* Certificate */,
				216D1F62264EF52400370F16 /* Onboarding */,
			);
			path = Scenes;
			sourceTree = "<group>";
		};
		216D2049264EFD1700370F16 /* Source */ = {
			isa = PBXGroup;
			children = (
				88AB2A1D25FA40CE00D4EA52 /* CovPassApp */,
				88AB2A4125FA40CE00D4EA52 /* CovPassCheckApp */,
				212E757D264F0D09007C0F3A /* CovPassUI */,
				2191E02F264F20D000316B48 /* CovPassCommon */,
			);
			path = Source;
			sourceTree = "<group>";
		};
		21FBCA2F264F00ED00CAEF44 /* Supporting Files */ = {
			isa = PBXGroup;
			children = (
				21FBCA30264F00F900CAEF44 /* Configurations */,
				88AB2A4725FA40CE00D4EA52 /* Info.plist */,
			);
			path = "Supporting Files";
			sourceTree = "<group>";
		};
		21FBCA30264F00F900CAEF44 /* Configurations */ = {
			isa = PBXGroup;
			children = (
				2101178C2646E86F00B9E8FF /* debug.xcconfig */,
				3814420B2646ED7600207CFA /* release.xcconfig */,
				381A13F42647DB7B0037B7F0 /* release-rki.xcconfig */,
			);
			path = Configurations;
			sourceTree = "<group>";
		};
		21FBCA31264F011800CAEF44 /* Resources */ = {
			isa = PBXGroup;
			children = (
				88BEE04026550E1900479E5E /* Static */,
				21FBCA32264F011800CAEF44 /* Locale */,
				88AB2A4325FA40CE00D4EA52 /* Assets.xcassets */,
				21FBCA78264F016E00CAEF44 /* LaunchScreen.storyboard */,
			);
			path = Resources;
			sourceTree = "<group>";
		};
		21FBCA32264F011800CAEF44 /* Locale */ = {
			isa = PBXGroup;
			children = (
				21FBCA33264F011800CAEF44 /* Localizable.strings */,
			);
			path = Locale;
			sourceTree = "<group>";
		};
		21FBCA36264F011800CAEF44 /* Scenes */ = {
			isa = PBXGroup;
			children = (
				21FBCA55264F011800CAEF44 /* Main */,
				21FBCA40264F011800CAEF44 /* Welcome */,
				21FBCA57264F011800CAEF44 /* Onboarding */,
				21FBCA37264F011800CAEF44 /* Validator Overview */,
				21FBCA4A264F011800CAEF44 /* Validation Result */,
				21FBCA47264F011800CAEF44 /* App Information */,
			);
			path = Scenes;
			sourceTree = "<group>";
		};
		21FBCA37264F011800CAEF44 /* Validator Overview */ = {
			isa = PBXGroup;
			children = (
				21FBCA3E264F011800CAEF44 /* Protocols */,
				21FBCA3C264F011800CAEF44 /* Views */,
				21FBCA3A264F011800CAEF44 /* ValidatorOverviewRouter.swift */,
				21FBCA39264F011800CAEF44 /* ValidatorOverviewSceneFactory.swift */,
				21FBCA38264F011800CAEF44 /* ValidatorOverviewViewModel.swift */,
				21FBCA3B264F011800CAEF44 /* ValidatorOverviewViewController.swift */,
			);
			path = "Validator Overview";
			sourceTree = "<group>";
		};
		21FBCA3C264F011800CAEF44 /* Views */ = {
			isa = PBXGroup;
			children = (
				21FBCA3D264F011800CAEF44 /* ValidatorOverviewViewController.xib */,
			);
			path = Views;
			sourceTree = "<group>";
		};
		21FBCA3E264F011800CAEF44 /* Protocols */ = {
			isa = PBXGroup;
			children = (
				21FBCA3F264F011800CAEF44 /* ValidatorOverviewRouterProtocol.swift */,
			);
			path = Protocols;
			sourceTree = "<group>";
		};
		21FBCA40264F011800CAEF44 /* Welcome */ = {
			isa = PBXGroup;
			children = (
				21FBCA44264F011800CAEF44 /* Views */,
				21FBCA43264F011800CAEF44 /* WelcomeRouter.swift */,
				21FBCA42264F011800CAEF44 /* WelcomeSceneFactory.swift */,
				21FBCA46264F011800CAEF44 /* WelcomeViewModel.swift */,
				21FBCA41264F011800CAEF44 /* WelcomeViewController.swift */,
			);
			path = Welcome;
			sourceTree = "<group>";
		};
		21FBCA44264F011800CAEF44 /* Views */ = {
			isa = PBXGroup;
			children = (
				21FBCA45264F011800CAEF44 /* WelcomeViewController.xib */,
			);
			path = Views;
			sourceTree = "<group>";
		};
		21FBCA47264F011800CAEF44 /* App Information */ = {
			isa = PBXGroup;
			children = (
				21FBCA48264F011800CAEF44 /* AppInformationSceneFactory.swift */,
				21FBCA49264F011800CAEF44 /* AppInformationViewModel.swift */,
			);
			path = "App Information";
			sourceTree = "<group>";
		};
		21FBCA4A264F011800CAEF44 /* Validation Result */ = {
			isa = PBXGroup;
			children = (
				21FBCA53264F011800CAEF44 /* Protocols */,
				21FBCA4D264F011800CAEF44 /* Models */,
				21FBCA51264F011800CAEF44 /* Views */,
				21FBCA4B264F011800CAEF44 /* ValidationResultRouter.swift */,
				21FBCA4C264F011800CAEF44 /* ValidationResultSceneFactory.swift */,
				21FBCA4F264F011800CAEF44 /* ValidationResultViewModel.swift */,
				21FBCA50264F011800CAEF44 /* ValidationResultViewController.swift */,
			);
			path = "Validation Result";
			sourceTree = "<group>";
		};
		21FBCA4D264F011800CAEF44 /* Models */ = {
			isa = PBXGroup;
			children = (
				21FBCA4E264F011800CAEF44 /* ImmunizationState.swift */,
			);
			path = Models;
			sourceTree = "<group>";
		};
		21FBCA51264F011800CAEF44 /* Views */ = {
			isa = PBXGroup;
			children = (
				21FBCA52264F011800CAEF44 /* ValidationResultViewController.xib */,
			);
			path = Views;
			sourceTree = "<group>";
		};
		21FBCA53264F011800CAEF44 /* Protocols */ = {
			isa = PBXGroup;
			children = (
				21FBCA54264F011800CAEF44 /* ValidationResultRouterProtocol.swift */,
			);
			path = Protocols;
			sourceTree = "<group>";
		};
		21FBCA55264F011800CAEF44 /* Main */ = {
			isa = PBXGroup;
			children = (
				21FBCA56264F011800CAEF44 /* MainSceneFactory.swift */,
			);
			path = Main;
			sourceTree = "<group>";
		};
		21FBCA57264F011800CAEF44 /* Onboarding */ = {
			isa = PBXGroup;
			children = (
				21FBCA58264F011800CAEF44 /* OnboardingRouter.swift */,
				21FBCA5C264F011800CAEF44 /* OnboardingSceneFactory.swift */,
				21FBCA5D264F011800CAEF44 /* OnboardingViewModel.swift */,
				21FBCA59264F011800CAEF44 /* ValidationConsentPageViewModel.swift */,
				21FBCA5A264F011800CAEF44 /* ValidationOnboardingContainerViewModel.swift */,
				21FBCA5B264F011800CAEF44 /* ValidationOnboardingPageViewModel.swift */,
			);
			path = Onboarding;
			sourceTree = "<group>";
		};
		21FBCA5E264F011900CAEF44 /* Extensions */ = {
			isa = PBXGroup;
			children = (
				21FBCA5F264F011900CAEF44 /* ApiServiceFactory.swift */,
				21FBCA60264F011900CAEF44 /* StringLocalization.swift */,
			);
			path = Extensions;
			sourceTree = "<group>";
		};
		65D6D46525F7A631000CB339 = {
			isa = PBXGroup;
			children = (
				216D2049264EFD1700370F16 /* Source */,
				65D6D47325F7A634000CB339 /* Products */,
				65D6D4B625F7A6E2000CB339 /* Frameworks */,
			);
			sourceTree = "<group>";
		};
		65D6D47325F7A634000CB339 /* Products */ = {
			isa = PBXGroup;
			children = (
				65D6D4DE25F8B8FB000CB339 /* CovPassApp.app */,
				65D6D4EE25F8B8FB000CB339 /* CovPassAppTests.xctest */,
				65D6D51425F8B94D000CB339 /* CovPassCheckApp.app */,
				65D6D52425F8B94D000CB339 /* CovPassCheckAppTests.xctest */,
			);
			name = Products;
			sourceTree = "<group>";
		};
		65D6D4B625F7A6E2000CB339 /* Frameworks */ = {
			isa = PBXGroup;
			children = (
			);
			name = Frameworks;
			sourceTree = "<group>";
		};
		65E0DB022657F219004C660F /* Certificate */ = {
			isa = PBXGroup;
			children = (
				65E0DB072657F31C004C660F /* Views */,
				65E0DB052657F31C004C660F /* CertificateSceneFactory.swift */,
				65E0DB062657F31C004C660F /* CertificateViewController.swift */,
				65E0DB0D2657F5A0004C660F /* CertificateViewModel.swift */,
			);
			path = Certificate;
			sourceTree = "<group>";
		};
		65E0DB072657F31C004C660F /* Views */ = {
			isa = PBXGroup;
			children = (
				65E0DB082657F31C004C660F /* CertificateViewController.xib */,
			);
			path = Views;
			sourceTree = "<group>";
		};
		88AB2A1D25FA40CE00D4EA52 /* CovPassApp */ = {
			isa = PBXGroup;
			children = (
				88AB2A3725FA40CE00D4EA52 /* Source */,
				88AB2A3E25FA40CE00D4EA52 /* Tests */,
				216D1F6B264EF54C00370F16 /* Supporting Files */,
			);
			path = CovPassApp;
			sourceTree = "<group>";
		};
		88AB2A3725FA40CE00D4EA52 /* Source */ = {
			isa = PBXGroup;
			children = (
				88AB2A3B25FA40CE00D4EA52 /* AppDelegate.swift */,
				216D1F38264EF4ED00370F16 /* Extensions */,
				216D1F41264EF50300370F16 /* Resources */,
				216D1EFE264EF4E400370F16 /* Scenes */,
			);
			path = Source;
			sourceTree = "<group>";
		};
		88AB2A3E25FA40CE00D4EA52 /* Tests */ = {
			isa = PBXGroup;
			children = (
				88AB2A3F25FA40CE00D4EA52 /* CovPassAppTests.swift */,
				216D1F5B264EF52400370F16 /* Mock */,
				216D2025264EF95400370F16 /* Scenes */,
				88AB2A4025FA40CE00D4EA52 /* Info.plist */,
			);
			path = Tests;
			sourceTree = "<group>";
		};
		88AB2A4125FA40CE00D4EA52 /* CovPassCheckApp */ = {
			isa = PBXGroup;
			children = (
				88AB2A4225FA40CE00D4EA52 /* Source */,
				88AB2A5F25FA40CE00D4EA52 /* Tests */,
				21FBCA2F264F00ED00CAEF44 /* Supporting Files */,
			);
			path = CovPassCheckApp;
			sourceTree = "<group>";
		};
		88AB2A4225FA40CE00D4EA52 /* Source */ = {
			isa = PBXGroup;
			children = (
				88AB2A4625FA40CE00D4EA52 /* AppDelegate.swift */,
				21FBCA5E264F011900CAEF44 /* Extensions */,
				21FBCA31264F011800CAEF44 /* Resources */,
				21FBCA36264F011800CAEF44 /* Scenes */,
			);
			path = Source;
			sourceTree = "<group>";
		};
		88AB2A5F25FA40CE00D4EA52 /* Tests */ = {
			isa = PBXGroup;
			children = (
				88AB2A6025FA40CE00D4EA52 /* CovPassCheckAppTests.swift */,
				88AB2A6125FA40CE00D4EA52 /* Info.plist */,
			);
			path = Tests;
			sourceTree = "<group>";
		};
		88BEE03926550DFD00479E5E /* Static */ = {
			isa = PBXGroup;
			children = (
				88BEE03A26550E0900479E5E /* privacy-covpass.html */,
			);
			path = Static;
			sourceTree = "<group>";
		};
		88BEE04026550E1900479E5E /* Static */ = {
			isa = PBXGroup;
			children = (
				88BEE04126550E2500479E5E /* privacy-covpasscheck.html */,
			);
			path = Static;
			sourceTree = "<group>";
		};
/* End PBXGroup section */

/* Begin PBXNativeTarget section */
		65D6D4DD25F8B8FB000CB339 /* CovPassApp */ = {
			isa = PBXNativeTarget;
			buildConfigurationList = 65D6D50625F8B8FC000CB339 /* Build configuration list for PBXNativeTarget "CovPassApp" */;
			buildPhases = (
				65D6D4DA25F8B8FB000CB339 /* Sources */,
				65D6D4DB25F8B8FB000CB339 /* Frameworks */,
				65D6D4DC25F8B8FB000CB339 /* Resources */,
			);
			buildRules = (
			);
			dependencies = (
			);
			name = CovPassApp;
			packageProductDependencies = (
				21DAD6E0264F0B11003407FC /* CovPassUI */,
			);
			productName = VaccinationPassApp;
			productReference = 65D6D4DE25F8B8FB000CB339 /* CovPassApp.app */;
			productType = "com.apple.product-type.application";
		};
		65D6D4ED25F8B8FB000CB339 /* CovPassAppTests */ = {
			isa = PBXNativeTarget;
			buildConfigurationList = 65D6D50725F8B8FC000CB339 /* Build configuration list for PBXNativeTarget "CovPassAppTests" */;
			buildPhases = (
				65D6D4EA25F8B8FB000CB339 /* Sources */,
				65D6D4EB25F8B8FB000CB339 /* Frameworks */,
				65D6D4EC25F8B8FB000CB339 /* Resources */,
			);
			buildRules = (
			);
			dependencies = (
				65D6D4F025F8B8FB000CB339 /* PBXTargetDependency */,
			);
			name = CovPassAppTests;
			productName = VaccinationPassAppTests;
			productReference = 65D6D4EE25F8B8FB000CB339 /* CovPassAppTests.xctest */;
			productType = "com.apple.product-type.bundle.unit-test";
		};
		65D6D51325F8B94D000CB339 /* CovPassCheckApp */ = {
			isa = PBXNativeTarget;
			buildConfigurationList = 65D6D53625F8B94E000CB339 /* Build configuration list for PBXNativeTarget "CovPassCheckApp" */;
			buildPhases = (
				65D6D51025F8B94D000CB339 /* Sources */,
				65D6D51125F8B94D000CB339 /* Frameworks */,
				65D6D51225F8B94D000CB339 /* Resources */,
			);
			buildRules = (
			);
			dependencies = (
			);
			name = CovPassCheckApp;
			packageProductDependencies = (
				21DAD6E2264F0B19003407FC /* CovPassUI */,
			);
			productName = VaccinationValidatorApp;
			productReference = 65D6D51425F8B94D000CB339 /* CovPassCheckApp.app */;
			productType = "com.apple.product-type.application";
		};
		65D6D52325F8B94D000CB339 /* CovPassCheckAppTests */ = {
			isa = PBXNativeTarget;
			buildConfigurationList = 65D6D53925F8B94E000CB339 /* Build configuration list for PBXNativeTarget "CovPassCheckAppTests" */;
			buildPhases = (
				65D6D52025F8B94D000CB339 /* Sources */,
				65D6D52125F8B94D000CB339 /* Frameworks */,
				65D6D52225F8B94D000CB339 /* Resources */,
			);
			buildRules = (
			);
			dependencies = (
				65D6D52625F8B94D000CB339 /* PBXTargetDependency */,
			);
			name = CovPassCheckAppTests;
			productName = VaccinationValidatorAppTests;
			productReference = 65D6D52425F8B94D000CB339 /* CovPassCheckAppTests.xctest */;
			productType = "com.apple.product-type.bundle.unit-test";
		};
/* End PBXNativeTarget section */

/* Begin PBXProject section */
		65D6D46625F7A631000CB339 /* Project object */ = {
			isa = PBXProject;
			attributes = {
				LastSwiftUpdateCheck = 1240;
				LastUpgradeCheck = 1240;
				ORGANIZATIONNAME = IBM;
				TargetAttributes = {
					65D6D4DD25F8B8FB000CB339 = {
						CreatedOnToolsVersion = 12.4;
					};
					65D6D4ED25F8B8FB000CB339 = {
						CreatedOnToolsVersion = 12.4;
						TestTargetID = 65D6D4DD25F8B8FB000CB339;
					};
					65D6D51325F8B94D000CB339 = {
						CreatedOnToolsVersion = 12.4;
					};
					65D6D52325F8B94D000CB339 = {
						CreatedOnToolsVersion = 12.4;
						TestTargetID = 65D6D51325F8B94D000CB339;
					};
				};
			};
			buildConfigurationList = 65D6D46925F7A631000CB339 /* Build configuration list for PBXProject "CovPass" */;
			compatibilityVersion = "Xcode 9.3";
			developmentRegion = en;
			hasScannedForEncodings = 0;
			knownRegions = (
				en,
				Base,
				de,
			);
			mainGroup = 65D6D46525F7A631000CB339;
			packageReferences = (
			);
			productRefGroup = 65D6D47325F7A634000CB339 /* Products */;
			projectDirPath = "";
			projectRoot = "";
			targets = (
				65D6D4DD25F8B8FB000CB339 /* CovPassApp */,
				65D6D4ED25F8B8FB000CB339 /* CovPassAppTests */,
				65D6D51325F8B94D000CB339 /* CovPassCheckApp */,
				65D6D52325F8B94D000CB339 /* CovPassCheckAppTests */,
			);
		};
/* End PBXProject section */

/* Begin PBXResourcesBuildPhase section */
		65D6D4DC25F8B8FB000CB339 /* Resources */ = {
			isa = PBXResourcesBuildPhase;
			buildActionMask = 2147483647;
			files = (
				216D1FC0264EF75500370F16 /* CertificatesOverviewViewController.xib in Resources */,
				88BEE03B26550E0900479E5E /* privacy-covpass.html in Resources */,
				216D1FE0264EF76800370F16 /* VaccinationDetailViewController.xib in Resources */,
				216D1F49264EF50300370F16 /* Assets.xcassets in Resources */,
				216D1FF6264EF77600370F16 /* HowToScanViewController.xib in Resources */,
				65E0DB0C2657F31C004C660F /* CertificateViewController.xib in Resources */,
				216D1F87264EF6A800370F16 /* LaunchScreen.storyboard in Resources */,
				216D1F48264EF50300370F16 /* Localizable.strings in Resources */,
				216D1F9E264EF73D00370F16 /* WelcomeViewController.xib in Resources */,
			);
			runOnlyForDeploymentPostprocessing = 0;
		};
		65D6D4EC25F8B8FB000CB339 /* Resources */ = {
			isa = PBXResourcesBuildPhase;
			buildActionMask = 2147483647;
			files = (
			);
			runOnlyForDeploymentPostprocessing = 0;
		};
		65D6D51225F8B94D000CB339 /* Resources */ = {
			isa = PBXResourcesBuildPhase;
			buildActionMask = 2147483647;
			files = (
				2181C179264F037400DE7412 /* WelcomeViewController.xib in Resources */,
				2181C190264F03AA00DE7412 /* ValidationResultViewController.xib in Resources */,
				88BEE04226550E2500479E5E /* privacy-covpasscheck.html in Resources */,
				2181C1BD264F053000DE7412 /* Localizable.strings in Resources */,
				2181C168264F035A00DE7412 /* ValidatorOverviewViewController.xib in Resources */,
				21FBCA79264F016E00CAEF44 /* LaunchScreen.storyboard in Resources */,
				6507D7ED25FB5E0300D69F94 /* Assets.xcassets in Resources */,
			);
			runOnlyForDeploymentPostprocessing = 0;
		};
		65D6D52225F8B94D000CB339 /* Resources */ = {
			isa = PBXResourcesBuildPhase;
			buildActionMask = 2147483647;
			files = (
			);
			runOnlyForDeploymentPostprocessing = 0;
		};
/* End PBXResourcesBuildPhase section */

/* Begin PBXSourcesBuildPhase section */
		65D6D4DA25F8B8FB000CB339 /* Sources */ = {
			isa = PBXSourcesBuildPhase;
			buildActionMask = 2147483647;
			files = (
				216D1FAE264EF74600370F16 /* OnboardingSceneFactory.swift in Sources */,
				216D1FED264EF77200370F16 /* HowToScanViewController.swift in Sources */,
				216D1FEF264EF77200370F16 /* HowToScanSceneFactory.swift in Sources */,
				216D1FE7264EF76D00370F16 /* VaccinationDetailRouterProtocol.swift in Sources */,
				216D1FB8264EF74F00370F16 /* CertificatesOverviewRouter.swift in Sources */,
				216D1FDF264EF76800370F16 /* VaccinationView.swift in Sources */,
				216D1FD8264EF76400370F16 /* VaccinationDetailViewModel.swift in Sources */,
				216D2004264EF7B600370F16 /* StringLocalization.swift in Sources */,
				216D1FCD264EF75D00370F16 /* CertificatesOverviewRouterProtocol.swift in Sources */,
				216D1FFC264EF77C00370F16 /* AppInformationSceneFactory.swift in Sources */,
				216D1FE6264EF76D00370F16 /* CertificateDetailDelegate.swift in Sources */,
				216D1FCF264EF75D00370F16 /* CertificatesOverviewViewModelDelegate.swift in Sources */,
				65E0DB0B2657F31C004C660F /* CertificateViewController.swift in Sources */,
				216D1FC6264EF75900370F16 /* NoCertificateCardViewModel.swift in Sources */,
				216D1FC7264EF75900370F16 /* CertificateCardViewModel.swift in Sources */,
				216D1FD5264EF76400370F16 /* VaccinationDetailRouter.swift in Sources */,
				886EEF152657DDD000EBE17D /* VaccinationDelegate.swift in Sources */,
				216D1FFD264EF77C00370F16 /* AppInformationViewModel.swift in Sources */,
				216D1FBA264EF74F00370F16 /* CertificatesOverviewViewController.swift in Sources */,
				216D1FB7264EF74F00370F16 /* CertificatesOverviewSceneFactory.swift in Sources */,
				216D1FB0264EF74600370F16 /* PassConsentPageViewModel.swift in Sources */,
				216D1F98264EF73200370F16 /* MainSceneFactory.swift in Sources */,
				216D1FA6264EF74100370F16 /* WelcomeSceneFactory.swift in Sources */,
				216D1FEE264EF77200370F16 /* HowToScanRouter.swift in Sources */,
				216D2003264EF7B500370F16 /* ApiServiceFactory.swift in Sources */,
				653788F42658008500DEC364 /* VactinationViewRouterProtocol.swift in Sources */,
				216D1FCE264EF75D00370F16 /* CertificatesOverviewViewModelProtocol.swift in Sources */,
				216D1FA7264EF74100370F16 /* WelcomeViewModel.swift in Sources */,
				216D1FF0264EF77200370F16 /* HowToScanViewModel.swift in Sources */,
				216D1FD6264EF76400370F16 /* VaccinationViewModel.swift in Sources */,
				216D1FA4264EF74100370F16 /* WelcomeRouter.swift in Sources */,
				216D1FD9264EF76400370F16 /* VaccinationDetailViewController.swift in Sources */,
				216D1FB9264EF74F00370F16 /* CertificatesOverviewViewModel.swift in Sources */,
				216D1FD7264EF76400370F16 /* VaccinationDetailSceneFactory.swift in Sources */,
				216D1FA5264EF74100370F16 /* WelcomeViewController.swift in Sources */,
				65E0DB0A2657F31C004C660F /* CertificateSceneFactory.swift in Sources */,
				216D1FB1264EF74600370F16 /* OnboardingRouter.swift in Sources */,
				65E0DB0E2657F5A0004C660F /* CertificateViewModel.swift in Sources */,
				216D1FAD264EF74600370F16 /* PassOnboardingPageViewModel.swift in Sources */,
				216D1FAF264EF74600370F16 /* PassOnboardingContainerViewModel.swift in Sources */,
				88AB2A9725FA431100D4EA52 /* AppDelegate.swift in Sources */,
			);
			runOnlyForDeploymentPostprocessing = 0;
		};
		65D6D4EA25F8B8FB000CB339 /* Sources */ = {
			isa = PBXSourcesBuildPhase;
			buildActionMask = 2147483647;
			files = (
				216D202C264EFA6600370F16 /* CertificateViewModelTests.swift in Sources */,
				216D203E264EFA7400370F16 /* PassConsentPageViewModelTests.swift in Sources */,
				216D2037264EFA6C00370F16 /* MockCertificateViewModelDelegate.swift in Sources */,
				216D2033264EFA6C00370F16 /* MockQRCoder.swift in Sources */,
				216D2036264EFA6C00370F16 /* MockCardViewModel.swift in Sources */,
				216D202B264EFA6600370F16 /* CertificateViewControllerTests.swift in Sources */,
				88AB2AA525FA431E00D4EA52 /* CovPassAppTests.swift in Sources */,
				216D2034264EFA6C00370F16 /* MockCertificateViewModel.swift in Sources */,
				216D203D264EFA7400370F16 /* PassOnboardingPageViewModelTests.swift in Sources */,
				216D2035264EFA6C00370F16 /* VaccinationRepositoryMock.swift in Sources */,
				216D2032264EFA6C00370F16 /* MockViewModelDelegate.swift in Sources */,
			);
			runOnlyForDeploymentPostprocessing = 0;
		};
		65D6D51025F8B94D000CB339 /* Sources */ = {
			isa = PBXSourcesBuildPhase;
			buildActionMask = 2147483647;
			files = (
				2181C160264F035500DE7412 /* ValidatorOverviewSceneFactory.swift in Sources */,
				2181C172264F037000DE7412 /* WelcomeViewController.swift in Sources */,
				2181C188264F03A600DE7412 /* ValidationResultRouter.swift in Sources */,
				2181C161264F035500DE7412 /* ValidatorOverviewViewController.swift in Sources */,
				2181C19F264F03B800DE7412 /* MainSceneFactory.swift in Sources */,
				2181C1A5264F03BC00DE7412 /* OnboardingRouter.swift in Sources */,
				2181C1B2264F040500DE7412 /* ApiServiceFactory.swift in Sources */,
				2181C173264F037000DE7412 /* WelcomeRouter.swift in Sources */,
				2181C163264F035500DE7412 /* ValidatorOverviewViewModel.swift in Sources */,
				2181C1A9264F03BC00DE7412 /* OnboardingSceneFactory.swift in Sources */,
				2181C1A4264F03BC00DE7412 /* ValidationOnboardingContainerViewModel.swift in Sources */,
				2181C174264F037000DE7412 /* WelcomeSceneFactory.swift in Sources */,
				2181C19A264F03B200DE7412 /* ValidationResultRouterProtocol.swift in Sources */,
				2181C195264F03AF00DE7412 /* ImmunizationState.swift in Sources */,
				2181C183264F039500DE7412 /* AppInformationViewModel.swift in Sources */,
				2181C1B3264F040500DE7412 /* StringLocalization.swift in Sources */,
				88AB2AC025FA433F00D4EA52 /* AppDelegate.swift in Sources */,
				2181C1A8264F03BC00DE7412 /* OnboardingViewModel.swift in Sources */,
				2181C18B264F03A600DE7412 /* ValidationResultViewController.swift in Sources */,
				2181C162264F035500DE7412 /* ValidatorOverviewRouter.swift in Sources */,
				2181C189264F03A600DE7412 /* ValidationResultViewModel.swift in Sources */,
				2181C16D264F035D00DE7412 /* ValidatorOverviewRouterProtocol.swift in Sources */,
				2181C182264F039500DE7412 /* AppInformationSceneFactory.swift in Sources */,
				2181C1B8264F046400DE7412 /* WelcomeViewModel.swift in Sources */,
				2181C1A7264F03BC00DE7412 /* ValidationOnboardingPageViewModel.swift in Sources */,
				2181C1A6264F03BC00DE7412 /* ValidationConsentPageViewModel.swift in Sources */,
				2181C18A264F03A600DE7412 /* ValidationResultSceneFactory.swift in Sources */,
			);
			runOnlyForDeploymentPostprocessing = 0;
		};
		65D6D52025F8B94D000CB339 /* Sources */ = {
			isa = PBXSourcesBuildPhase;
			buildActionMask = 2147483647;
			files = (
				88AB2ACE25FA434B00D4EA52 /* CovPassCheckAppTests.swift in Sources */,
			);
			runOnlyForDeploymentPostprocessing = 0;
		};
/* End PBXSourcesBuildPhase section */

/* Begin PBXTargetDependency section */
		65D6D4F025F8B8FB000CB339 /* PBXTargetDependency */ = {
			isa = PBXTargetDependency;
			target = 65D6D4DD25F8B8FB000CB339 /* CovPassApp */;
			targetProxy = 65D6D4EF25F8B8FB000CB339 /* PBXContainerItemProxy */;
		};
		65D6D52625F8B94D000CB339 /* PBXTargetDependency */ = {
			isa = PBXTargetDependency;
			target = 65D6D51325F8B94D000CB339 /* CovPassCheckApp */;
			targetProxy = 65D6D52525F8B94D000CB339 /* PBXContainerItemProxy */;
		};
/* End PBXTargetDependency section */

/* Begin PBXVariantGroup section */
		216D1F43264EF50300370F16 /* Localizable.strings */ = {
			isa = PBXVariantGroup;
			children = (
				216D1F44264EF50300370F16 /* de */,
				216D1F45264EF50300370F16 /* en */,
			);
			name = Localizable.strings;
			sourceTree = "<group>";
		};
		21FBCA33264F011800CAEF44 /* Localizable.strings */ = {
			isa = PBXVariantGroup;
			children = (
				21FBCA34264F011800CAEF44 /* de */,
				21FBCA35264F011800CAEF44 /* en */,
			);
			name = Localizable.strings;
			sourceTree = "<group>";
		};
/* End PBXVariantGroup section */

/* Begin XCBuildConfiguration section */
		65D6D49A25F7A634000CB339 /* Debug */ = {
			isa = XCBuildConfiguration;
			buildSettings = {
				ALWAYS_SEARCH_USER_PATHS = NO;
				CLANG_ANALYZER_NONNULL = YES;
				CLANG_ANALYZER_NUMBER_OBJECT_CONVERSION = YES_AGGRESSIVE;
				CLANG_CXX_LANGUAGE_STANDARD = "gnu++14";
				CLANG_CXX_LIBRARY = "libc++";
				CLANG_ENABLE_MODULES = YES;
				CLANG_ENABLE_OBJC_ARC = YES;
				CLANG_ENABLE_OBJC_WEAK = YES;
				CLANG_WARN_BLOCK_CAPTURE_AUTORELEASING = YES;
				CLANG_WARN_BOOL_CONVERSION = YES;
				CLANG_WARN_COMMA = YES;
				CLANG_WARN_CONSTANT_CONVERSION = YES;
				CLANG_WARN_DEPRECATED_OBJC_IMPLEMENTATIONS = YES;
				CLANG_WARN_DIRECT_OBJC_ISA_USAGE = YES_ERROR;
				CLANG_WARN_DOCUMENTATION_COMMENTS = YES;
				CLANG_WARN_EMPTY_BODY = YES;
				CLANG_WARN_ENUM_CONVERSION = YES;
				CLANG_WARN_INFINITE_RECURSION = YES;
				CLANG_WARN_INT_CONVERSION = YES;
				CLANG_WARN_NON_LITERAL_NULL_CONVERSION = YES;
				CLANG_WARN_OBJC_IMPLICIT_RETAIN_SELF = YES;
				CLANG_WARN_OBJC_LITERAL_CONVERSION = YES;
				CLANG_WARN_OBJC_ROOT_CLASS = YES_ERROR;
				CLANG_WARN_QUOTED_INCLUDE_IN_FRAMEWORK_HEADER = YES;
				CLANG_WARN_RANGE_LOOP_ANALYSIS = YES;
				CLANG_WARN_STRICT_PROTOTYPES = YES;
				CLANG_WARN_SUSPICIOUS_MOVE = YES;
				CLANG_WARN_UNGUARDED_AVAILABILITY = YES_AGGRESSIVE;
				CLANG_WARN_UNREACHABLE_CODE = YES;
				CLANG_WARN__DUPLICATE_METHOD_MATCH = YES;
				COPY_PHASE_STRIP = NO;
				DEBUG_INFORMATION_FORMAT = dwarf;
				ENABLE_STRICT_OBJC_MSGSEND = YES;
				ENABLE_TESTABILITY = YES;
				GCC_C_LANGUAGE_STANDARD = gnu11;
				GCC_DYNAMIC_NO_PIC = NO;
				GCC_NO_COMMON_BLOCKS = YES;
				GCC_OPTIMIZATION_LEVEL = 0;
				GCC_PREPROCESSOR_DEFINITIONS = (
					"DEBUG=1",
					"$(inherited)",
				);
				GCC_WARN_64_TO_32_BIT_CONVERSION = YES;
				GCC_WARN_ABOUT_RETURN_TYPE = YES_ERROR;
				GCC_WARN_UNDECLARED_SELECTOR = YES;
				GCC_WARN_UNINITIALIZED_AUTOS = YES_AGGRESSIVE;
				GCC_WARN_UNUSED_FUNCTION = YES;
				GCC_WARN_UNUSED_VARIABLE = YES;
				MTL_ENABLE_DEBUG_INFO = INCLUDE_SOURCE;
				MTL_FAST_MATH = YES;
				ONLY_ACTIVE_ARCH = YES;
				SWIFT_ACTIVE_COMPILATION_CONDITIONS = DEBUG;
				SWIFT_OPTIMIZATION_LEVEL = "-Onone";
			};
			name = Debug;
		};
		65D6D49B25F7A634000CB339 /* Release */ = {
			isa = XCBuildConfiguration;
			buildSettings = {
				ALWAYS_SEARCH_USER_PATHS = NO;
				CLANG_ANALYZER_NONNULL = YES;
				CLANG_ANALYZER_NUMBER_OBJECT_CONVERSION = YES_AGGRESSIVE;
				CLANG_CXX_LANGUAGE_STANDARD = "gnu++14";
				CLANG_CXX_LIBRARY = "libc++";
				CLANG_ENABLE_MODULES = YES;
				CLANG_ENABLE_OBJC_ARC = YES;
				CLANG_ENABLE_OBJC_WEAK = YES;
				CLANG_WARN_BLOCK_CAPTURE_AUTORELEASING = YES;
				CLANG_WARN_BOOL_CONVERSION = YES;
				CLANG_WARN_COMMA = YES;
				CLANG_WARN_CONSTANT_CONVERSION = YES;
				CLANG_WARN_DEPRECATED_OBJC_IMPLEMENTATIONS = YES;
				CLANG_WARN_DIRECT_OBJC_ISA_USAGE = YES_ERROR;
				CLANG_WARN_DOCUMENTATION_COMMENTS = YES;
				CLANG_WARN_EMPTY_BODY = YES;
				CLANG_WARN_ENUM_CONVERSION = YES;
				CLANG_WARN_INFINITE_RECURSION = YES;
				CLANG_WARN_INT_CONVERSION = YES;
				CLANG_WARN_NON_LITERAL_NULL_CONVERSION = YES;
				CLANG_WARN_OBJC_IMPLICIT_RETAIN_SELF = YES;
				CLANG_WARN_OBJC_LITERAL_CONVERSION = YES;
				CLANG_WARN_OBJC_ROOT_CLASS = YES_ERROR;
				CLANG_WARN_QUOTED_INCLUDE_IN_FRAMEWORK_HEADER = YES;
				CLANG_WARN_RANGE_LOOP_ANALYSIS = YES;
				CLANG_WARN_STRICT_PROTOTYPES = YES;
				CLANG_WARN_SUSPICIOUS_MOVE = YES;
				CLANG_WARN_UNGUARDED_AVAILABILITY = YES_AGGRESSIVE;
				CLANG_WARN_UNREACHABLE_CODE = YES;
				CLANG_WARN__DUPLICATE_METHOD_MATCH = YES;
				COPY_PHASE_STRIP = NO;
				DEBUG_INFORMATION_FORMAT = "dwarf-with-dsym";
				ENABLE_NS_ASSERTIONS = NO;
				ENABLE_STRICT_OBJC_MSGSEND = YES;
				GCC_C_LANGUAGE_STANDARD = gnu11;
				GCC_NO_COMMON_BLOCKS = YES;
				GCC_WARN_64_TO_32_BIT_CONVERSION = YES;
				GCC_WARN_ABOUT_RETURN_TYPE = YES_ERROR;
				GCC_WARN_UNDECLARED_SELECTOR = YES;
				GCC_WARN_UNINITIALIZED_AUTOS = YES_AGGRESSIVE;
				GCC_WARN_UNUSED_FUNCTION = YES;
				GCC_WARN_UNUSED_VARIABLE = YES;
				MTL_ENABLE_DEBUG_INFO = NO;
				MTL_FAST_MATH = YES;
				SWIFT_COMPILATION_MODE = wholemodule;
				SWIFT_OPTIMIZATION_LEVEL = "-O";
			};
			name = Release;
		};
		65D6D50025F8B8FC000CB339 /* Debug */ = {
			isa = XCBuildConfiguration;
			baseConfigurationReference = 210116F82646D18100B9E8FF /* debug.xcconfig */;
			buildSettings = {
				ASSETCATALOG_COMPILER_APPICON_NAME = AppIcon;
				CODE_SIGN_IDENTITY = "iPhone Distribution";
				CODE_SIGN_STYLE = Manual;
				CURRENT_PROJECT_VERSION = 241;
				DEVELOPMENT_TEAM = "";
				ENABLE_PREVIEWS = YES;
				INFOPLIST_FILE = "Source/CovPassApp/Supporting Files/Info.plist";
				IPHONEOS_DEPLOYMENT_TARGET = 12.1;
				LD_RUNPATH_SEARCH_PATHS = (
					"$(inherited)",
					"@executable_path/Frameworks",
				);
				PRODUCT_BUNDLE_IDENTIFIER = com.ibm.ega.VaccinationPass;
				PRODUCT_NAME = "$(TARGET_NAME)";
				PROVISIONING_PROFILE_SPECIFIER = "match AppStore com.ibm.ega.VaccinationPass";
				SDKROOT = iphoneos;
				SWIFT_VERSION = 5.0;
				TARGETED_DEVICE_FAMILY = 1;
				VERSIONING_SYSTEM = "apple-generic";
			};
			name = Debug;
		};
		65D6D50125F8B8FC000CB339 /* Release */ = {
			isa = XCBuildConfiguration;
			baseConfigurationReference = 381442092646ED5800207CFA /* release.xcconfig */;
			buildSettings = {
				ASSETCATALOG_COMPILER_APPICON_NAME = AppIcon;
				CODE_SIGN_IDENTITY = "iPhone Distribution";
				CODE_SIGN_STYLE = Manual;
				CURRENT_PROJECT_VERSION = 241;
				DEVELOPMENT_TEAM = "";
				ENABLE_PREVIEWS = YES;
				INFOPLIST_FILE = "Source/CovPassApp/Supporting Files/Info.plist";
				IPHONEOS_DEPLOYMENT_TARGET = 12.1;
				LD_RUNPATH_SEARCH_PATHS = (
					"$(inherited)",
					"@executable_path/Frameworks",
				);
				PRODUCT_BUNDLE_IDENTIFIER = com.ibm.ega.VaccinationPass;
				PRODUCT_NAME = "$(TARGET_NAME)";
				PROVISIONING_PROFILE_SPECIFIER = "match AppStore com.ibm.ega.VaccinationPass";
				SDKROOT = iphoneos;
				SWIFT_VERSION = 5.0;
				TARGETED_DEVICE_FAMILY = 1;
				VALIDATE_PRODUCT = YES;
				VERSIONING_SYSTEM = "apple-generic";
			};
			name = Release;
		};
		65D6D50225F8B8FC000CB339 /* Debug */ = {
			isa = XCBuildConfiguration;
			buildSettings = {
				ALWAYS_EMBED_SWIFT_STANDARD_LIBRARIES = YES;
				BUNDLE_LOADER = "$(TEST_HOST)";
				CODE_SIGN_STYLE = Manual;
				DEVELOPMENT_TEAM = "";
				INFOPLIST_FILE = Source/CovPassApp/Tests/Info.plist;
				IPHONEOS_DEPLOYMENT_TARGET = 12.1;
				LD_RUNPATH_SEARCH_PATHS = (
					"$(inherited)",
					"@executable_path/Frameworks",
					"@loader_path/Frameworks",
				);
				PRODUCT_BUNDLE_IDENTIFIER = IBM.CovPassAppTests;
				PRODUCT_NAME = "$(TARGET_NAME)";
				PROVISIONING_PROFILE_SPECIFIER = "";
				"PROVISIONING_PROFILE_SPECIFIER[sdk=macosx*]" = "";
				SDKROOT = iphoneos;
				SWIFT_VERSION = 5.0;
				TARGETED_DEVICE_FAMILY = "1,2";
				TEST_HOST = "$(BUILT_PRODUCTS_DIR)/CovPassApp.app/CovPassApp";
			};
			name = Debug;
		};
		65D6D50325F8B8FC000CB339 /* Release */ = {
			isa = XCBuildConfiguration;
			buildSettings = {
				ALWAYS_EMBED_SWIFT_STANDARD_LIBRARIES = YES;
				BUNDLE_LOADER = "$(TEST_HOST)";
				CODE_SIGN_STYLE = Manual;
				DEVELOPMENT_TEAM = "";
				INFOPLIST_FILE = Source/CovPassApp/Tests/Info.plist;
				IPHONEOS_DEPLOYMENT_TARGET = 12.1;
				LD_RUNPATH_SEARCH_PATHS = (
					"$(inherited)",
					"@executable_path/Frameworks",
					"@loader_path/Frameworks",
				);
				PRODUCT_BUNDLE_IDENTIFIER = IBM.CovPassAppTests;
				PRODUCT_NAME = "$(TARGET_NAME)";
				PROVISIONING_PROFILE_SPECIFIER = "";
				"PROVISIONING_PROFILE_SPECIFIER[sdk=macosx*]" = "";
				SDKROOT = iphoneos;
				SWIFT_VERSION = 5.0;
				TARGETED_DEVICE_FAMILY = "1,2";
				TEST_HOST = "$(BUILT_PRODUCTS_DIR)/CovPassApp.app/CovPassApp";
				VALIDATE_PRODUCT = YES;
			};
			name = Release;
		};
		65D6D53725F8B94E000CB339 /* Debug */ = {
			isa = XCBuildConfiguration;
			baseConfigurationReference = 2101178C2646E86F00B9E8FF /* debug.xcconfig */;
			buildSettings = {
				ASSETCATALOG_COMPILER_APPICON_NAME = AppIcon;
				CODE_SIGN_IDENTITY = "iPhone Distribution";
				CODE_SIGN_STYLE = Manual;
				CURRENT_PROJECT_VERSION = 241;
				DEVELOPMENT_TEAM = "";
				ENABLE_PREVIEWS = YES;
				INFOPLIST_FILE = "Source/CovPassCheckApp/Supporting Files/Info.plist";
				IPHONEOS_DEPLOYMENT_TARGET = 12.1;
				LD_RUNPATH_SEARCH_PATHS = (
					"$(inherited)",
					"@executable_path/Frameworks",
				);
				MARKETING_VERSION = 1.0;
				PRODUCT_BUNDLE_IDENTIFIER = com.ibm.ega.VaccinationValidator;
				PRODUCT_NAME = "$(TARGET_NAME)";
				PROVISIONING_PROFILE_SPECIFIER = "match AppStore com.ibm.ega.VaccinationValidator";
				SDKROOT = iphoneos;
				SWIFT_VERSION = 5.0;
				TARGETED_DEVICE_FAMILY = 1;
				VERSIONING_SYSTEM = "apple-generic";
			};
			name = Debug;
		};
		65D6D53825F8B94E000CB339 /* Release */ = {
			isa = XCBuildConfiguration;
			baseConfigurationReference = 3814420B2646ED7600207CFA /* release.xcconfig */;
			buildSettings = {
				ASSETCATALOG_COMPILER_APPICON_NAME = AppIcon;
				CODE_SIGN_IDENTITY = "iPhone Distribution";
				CODE_SIGN_STYLE = Manual;
				CURRENT_PROJECT_VERSION = 241;
				DEVELOPMENT_TEAM = "";
				ENABLE_PREVIEWS = YES;
				INFOPLIST_FILE = "Source/CovPassCheckApp/Supporting Files/Info.plist";
				IPHONEOS_DEPLOYMENT_TARGET = 12.1;
				LD_RUNPATH_SEARCH_PATHS = (
					"$(inherited)",
					"@executable_path/Frameworks",
				);
				MARKETING_VERSION = 1.0;
				PRODUCT_BUNDLE_IDENTIFIER = com.ibm.ega.VaccinationValidator;
				PRODUCT_NAME = "$(TARGET_NAME)";
				PROVISIONING_PROFILE_SPECIFIER = "match AppStore com.ibm.ega.VaccinationValidator";
				SDKROOT = iphoneos;
				SWIFT_VERSION = 5.0;
				TARGETED_DEVICE_FAMILY = 1;
				VALIDATE_PRODUCT = YES;
				VERSIONING_SYSTEM = "apple-generic";
			};
			name = Release;
		};
		65D6D53A25F8B94E000CB339 /* Debug */ = {
			isa = XCBuildConfiguration;
			buildSettings = {
				ALWAYS_EMBED_SWIFT_STANDARD_LIBRARIES = YES;
				BUNDLE_LOADER = "$(TEST_HOST)";
				CODE_SIGN_STYLE = Manual;
				DEVELOPMENT_TEAM = "";
				INFOPLIST_FILE = Source/CovPassCheckApp/Tests/Info.plist;
				IPHONEOS_DEPLOYMENT_TARGET = 12.1;
				LD_RUNPATH_SEARCH_PATHS = (
					"$(inherited)",
					"@executable_path/Frameworks",
					"@loader_path/Frameworks",
				);
				PRODUCT_BUNDLE_IDENTIFIER = IBM.VaccinationValidatorAppTests;
				PRODUCT_NAME = "$(TARGET_NAME)";
				PROVISIONING_PROFILE_SPECIFIER = "";
				"PROVISIONING_PROFILE_SPECIFIER[sdk=macosx*]" = "";
				SDKROOT = iphoneos;
				SWIFT_VERSION = 5.0;
				TARGETED_DEVICE_FAMILY = "1,2";
				TEST_HOST = "$(BUILT_PRODUCTS_DIR)/CovPassCheckApp.app/CovPassCheckApp";
			};
			name = Debug;
		};
		65D6D53B25F8B94E000CB339 /* Release */ = {
			isa = XCBuildConfiguration;
			buildSettings = {
				ALWAYS_EMBED_SWIFT_STANDARD_LIBRARIES = YES;
				BUNDLE_LOADER = "$(TEST_HOST)";
				CODE_SIGN_STYLE = Manual;
				DEVELOPMENT_TEAM = "";
				INFOPLIST_FILE = Source/CovPassCheckApp/Tests/Info.plist;
				IPHONEOS_DEPLOYMENT_TARGET = 12.1;
				LD_RUNPATH_SEARCH_PATHS = (
					"$(inherited)",
					"@executable_path/Frameworks",
					"@loader_path/Frameworks",
				);
				PRODUCT_BUNDLE_IDENTIFIER = IBM.VaccinationValidatorAppTests;
				PRODUCT_NAME = "$(TARGET_NAME)";
				PROVISIONING_PROFILE_SPECIFIER = "";
				"PROVISIONING_PROFILE_SPECIFIER[sdk=macosx*]" = "";
				SDKROOT = iphoneos;
				SWIFT_VERSION = 5.0;
				TARGETED_DEVICE_FAMILY = "1,2";
				TEST_HOST = "$(BUILT_PRODUCTS_DIR)/CovPassCheckApp.app/CovPassCheckApp";
				VALIDATE_PRODUCT = YES;
			};
			name = Release;
		};
/* End XCBuildConfiguration section */

/* Begin XCConfigurationList section */
		65D6D46925F7A631000CB339 /* Build configuration list for PBXProject "CovPass" */ = {
			isa = XCConfigurationList;
			buildConfigurations = (
				65D6D49A25F7A634000CB339 /* Debug */,
				65D6D49B25F7A634000CB339 /* Release */,
			);
			defaultConfigurationIsVisible = 0;
			defaultConfigurationName = Release;
		};
		65D6D50625F8B8FC000CB339 /* Build configuration list for PBXNativeTarget "CovPassApp" */ = {
			isa = XCConfigurationList;
			buildConfigurations = (
				65D6D50025F8B8FC000CB339 /* Debug */,
				65D6D50125F8B8FC000CB339 /* Release */,
			);
			defaultConfigurationIsVisible = 0;
			defaultConfigurationName = Release;
		};
		65D6D50725F8B8FC000CB339 /* Build configuration list for PBXNativeTarget "CovPassAppTests" */ = {
			isa = XCConfigurationList;
			buildConfigurations = (
				65D6D50225F8B8FC000CB339 /* Debug */,
				65D6D50325F8B8FC000CB339 /* Release */,
			);
			defaultConfigurationIsVisible = 0;
			defaultConfigurationName = Release;
		};
		65D6D53625F8B94E000CB339 /* Build configuration list for PBXNativeTarget "CovPassCheckApp" */ = {
			isa = XCConfigurationList;
			buildConfigurations = (
				65D6D53725F8B94E000CB339 /* Debug */,
				65D6D53825F8B94E000CB339 /* Release */,
			);
			defaultConfigurationIsVisible = 0;
			defaultConfigurationName = Release;
		};
		65D6D53925F8B94E000CB339 /* Build configuration list for PBXNativeTarget "CovPassCheckAppTests" */ = {
			isa = XCConfigurationList;
			buildConfigurations = (
				65D6D53A25F8B94E000CB339 /* Debug */,
				65D6D53B25F8B94E000CB339 /* Release */,
			);
			defaultConfigurationIsVisible = 0;
			defaultConfigurationName = Release;
		};
/* End XCConfigurationList section */

/* Begin XCSwiftPackageProductDependency section */
		21DAD6E0264F0B11003407FC /* CovPassUI */ = {
			isa = XCSwiftPackageProductDependency;
			productName = CovPassUI;
		};
		21DAD6E2264F0B19003407FC /* CovPassUI */ = {
			isa = XCSwiftPackageProductDependency;
			productName = CovPassUI;
		};
/* End XCSwiftPackageProductDependency section */
	};
	rootObject = 65D6D46625F7A631000CB339 /* Project object */;
}
