// !$*UTF8*$!
{
	archiveVersion = 1;
	classes = {
	};
	objectVersion = 52;
	objects = {

/* Begin PBXBuildFile section */
		65D6D48725F7A634000CB339 /* Tests_iOS.swift in Sources */ = {isa = PBXBuildFile; fileRef = 65D6D48625F7A634000CB339 /* Tests_iOS.swift */; };
		65D6D49225F7A634000CB339 /* Tests_macOS.swift in Sources */ = {isa = PBXBuildFile; fileRef = 65D6D49125F7A634000CB339 /* Tests_macOS.swift */; };
		65D6D49425F7A634000CB339 /* VaccinationCertificateApp.swift in Sources */ = {isa = PBXBuildFile; fileRef = 65D6D46B25F7A632000CB339 /* VaccinationCertificateApp.swift */; };
		65D6D49525F7A634000CB339 /* VaccinationCertificateApp.swift in Sources */ = {isa = PBXBuildFile; fileRef = 65D6D46B25F7A632000CB339 /* VaccinationCertificateApp.swift */; };
		65D6D49625F7A634000CB339 /* ContentView.swift in Sources */ = {isa = PBXBuildFile; fileRef = 65D6D46C25F7A632000CB339 /* ContentView.swift */; };
		65D6D49725F7A634000CB339 /* ContentView.swift in Sources */ = {isa = PBXBuildFile; fileRef = 65D6D46C25F7A632000CB339 /* ContentView.swift */; };
		65D6D49825F7A634000CB339 /* Assets.xcassets in Resources */ = {isa = PBXBuildFile; fileRef = 65D6D46D25F7A634000CB339 /* Assets.xcassets */; };
		65D6D49925F7A634000CB339 /* Assets.xcassets in Resources */ = {isa = PBXBuildFile; fileRef = 65D6D46D25F7A634000CB339 /* Assets.xcassets */; };
		65D6D4B825F7A6E2000CB339 /* VaccinationPass in Frameworks */ = {isa = PBXBuildFile; productRef = 65D6D4B725F7A6E2000CB339 /* VaccinationPass */; };
		65D6D4BA25F7A6E7000CB339 /* VaccinationValidator in Frameworks */ = {isa = PBXBuildFile; productRef = 65D6D4B925F7A6E7000CB339 /* VaccinationValidator */; };
		65D6D4C525F7AE1E000CB339 /* VaccinationCommon in Frameworks */ = {isa = PBXBuildFile; productRef = 65D6D4C425F7AE1E000CB339 /* VaccinationCommon */; };
/* End PBXBuildFile section */

/* Begin PBXContainerItemProxy section */
		65D6D48325F7A634000CB339 /* PBXContainerItemProxy */ = {
			isa = PBXContainerItemProxy;
			containerPortal = 65D6D46625F7A631000CB339 /* Project object */;
			proxyType = 1;
			remoteGlobalIDString = 65D6D47125F7A634000CB339;
			remoteInfo = "VaccinationCertificate (iOS)";
		};
		65D6D48E25F7A634000CB339 /* PBXContainerItemProxy */ = {
			isa = PBXContainerItemProxy;
			containerPortal = 65D6D46625F7A631000CB339 /* Project object */;
			proxyType = 1;
			remoteGlobalIDString = 65D6D47925F7A634000CB339;
			remoteInfo = "VaccinationCertificate (macOS)";
		};
/* End PBXContainerItemProxy section */

/* Begin PBXFileReference section */
		65D6D46B25F7A632000CB339 /* VaccinationCertificateApp.swift */ = {isa = PBXFileReference; lastKnownFileType = sourcecode.swift; path = VaccinationCertificateApp.swift; sourceTree = "<group>"; };
		65D6D46C25F7A632000CB339 /* ContentView.swift */ = {isa = PBXFileReference; lastKnownFileType = sourcecode.swift; path = ContentView.swift; sourceTree = "<group>"; };
		65D6D46D25F7A634000CB339 /* Assets.xcassets */ = {isa = PBXFileReference; lastKnownFileType = folder.assetcatalog; path = Assets.xcassets; sourceTree = "<group>"; };
		65D6D47225F7A634000CB339 /* VaccinationCertificate.app */ = {isa = PBXFileReference; explicitFileType = wrapper.application; includeInIndex = 0; path = VaccinationCertificate.app; sourceTree = BUILT_PRODUCTS_DIR; };
		65D6D47525F7A634000CB339 /* Info.plist */ = {isa = PBXFileReference; lastKnownFileType = text.plist.xml; path = Info.plist; sourceTree = "<group>"; };
		65D6D47A25F7A634000CB339 /* VaccinationCertificate.app */ = {isa = PBXFileReference; explicitFileType = wrapper.application; includeInIndex = 0; path = VaccinationCertificate.app; sourceTree = BUILT_PRODUCTS_DIR; };
		65D6D47C25F7A634000CB339 /* Info.plist */ = {isa = PBXFileReference; lastKnownFileType = text.plist.xml; path = Info.plist; sourceTree = "<group>"; };
		65D6D47D25F7A634000CB339 /* macOS.entitlements */ = {isa = PBXFileReference; lastKnownFileType = text.plist.entitlements; path = macOS.entitlements; sourceTree = "<group>"; };
		65D6D48225F7A634000CB339 /* Tests iOS.xctest */ = {isa = PBXFileReference; explicitFileType = wrapper.cfbundle; includeInIndex = 0; path = "Tests iOS.xctest"; sourceTree = BUILT_PRODUCTS_DIR; };
		65D6D48625F7A634000CB339 /* Tests_iOS.swift */ = {isa = PBXFileReference; lastKnownFileType = sourcecode.swift; path = Tests_iOS.swift; sourceTree = "<group>"; };
		65D6D48825F7A634000CB339 /* Info.plist */ = {isa = PBXFileReference; lastKnownFileType = text.plist.xml; path = Info.plist; sourceTree = "<group>"; };
		65D6D48D25F7A634000CB339 /* Tests macOS.xctest */ = {isa = PBXFileReference; explicitFileType = wrapper.cfbundle; includeInIndex = 0; path = "Tests macOS.xctest"; sourceTree = BUILT_PRODUCTS_DIR; };
		65D6D49125F7A634000CB339 /* Tests_macOS.swift */ = {isa = PBXFileReference; lastKnownFileType = sourcecode.swift; path = Tests_macOS.swift; sourceTree = "<group>"; };
		65D6D49325F7A634000CB339 /* Info.plist */ = {isa = PBXFileReference; lastKnownFileType = text.plist.xml; path = Info.plist; sourceTree = "<group>"; };
		65D6D4AC25F7A6C3000CB339 /* VaccinationPass */ = {isa = PBXFileReference; lastKnownFileType = folder; path = VaccinationPass; sourceTree = "<group>"; };
		65D6D4B125F7A6C6000CB339 /* VaccinationValidator */ = {isa = PBXFileReference; lastKnownFileType = folder; path = VaccinationValidator; sourceTree = "<group>"; };
		65D6D4BF25F7AD8B000CB339 /* VaccinationCommon */ = {isa = PBXFileReference; lastKnownFileType = folder; path = VaccinationCommon; sourceTree = "<group>"; };
/* End PBXFileReference section */

/* Begin PBXFrameworksBuildPhase section */
		65D6D46F25F7A634000CB339 /* Frameworks */ = {
			isa = PBXFrameworksBuildPhase;
			buildActionMask = 2147483647;
			files = (
				65D6D4B825F7A6E2000CB339 /* VaccinationPass in Frameworks */,
				65D6D4C525F7AE1E000CB339 /* VaccinationCommon in Frameworks */,
				65D6D4BA25F7A6E7000CB339 /* VaccinationValidator in Frameworks */,
			);
			runOnlyForDeploymentPostprocessing = 0;
		};
		65D6D47725F7A634000CB339 /* Frameworks */ = {
			isa = PBXFrameworksBuildPhase;
			buildActionMask = 2147483647;
			files = (
			);
			runOnlyForDeploymentPostprocessing = 0;
		};
		65D6D47F25F7A634000CB339 /* Frameworks */ = {
			isa = PBXFrameworksBuildPhase;
			buildActionMask = 2147483647;
			files = (
			);
			runOnlyForDeploymentPostprocessing = 0;
		};
		65D6D48A25F7A634000CB339 /* Frameworks */ = {
			isa = PBXFrameworksBuildPhase;
			buildActionMask = 2147483647;
			files = (
			);
			runOnlyForDeploymentPostprocessing = 0;
		};
/* End PBXFrameworksBuildPhase section */

/* Begin PBXGroup section */
		65D6D46525F7A631000CB339 = {
			isa = PBXGroup;
			children = (
				65D6D4BF25F7AD8B000CB339 /* VaccinationCommon */,
				65D6D4B125F7A6C6000CB339 /* VaccinationValidator */,
				65D6D4AC25F7A6C3000CB339 /* VaccinationPass */,
				65D6D46A25F7A631000CB339 /* Shared */,
				65D6D47425F7A634000CB339 /* iOS */,
				65D6D47B25F7A634000CB339 /* macOS */,
				65D6D48525F7A634000CB339 /* Tests iOS */,
				65D6D49025F7A634000CB339 /* Tests macOS */,
				65D6D47325F7A634000CB339 /* Products */,
				65D6D4B625F7A6E2000CB339 /* Frameworks */,
			);
			sourceTree = "<group>";
		};
		65D6D46A25F7A631000CB339 /* Shared */ = {
			isa = PBXGroup;
			children = (
				65D6D46B25F7A632000CB339 /* VaccinationCertificateApp.swift */,
				65D6D46C25F7A632000CB339 /* ContentView.swift */,
				65D6D46D25F7A634000CB339 /* Assets.xcassets */,
			);
			path = Shared;
			sourceTree = "<group>";
		};
		65D6D47325F7A634000CB339 /* Products */ = {
			isa = PBXGroup;
			children = (
				65D6D47225F7A634000CB339 /* VaccinationCertificate.app */,
				65D6D47A25F7A634000CB339 /* VaccinationCertificate.app */,
				65D6D48225F7A634000CB339 /* Tests iOS.xctest */,
				65D6D48D25F7A634000CB339 /* Tests macOS.xctest */,
			);
			name = Products;
			sourceTree = "<group>";
		};
		65D6D47425F7A634000CB339 /* iOS */ = {
			isa = PBXGroup;
			children = (
				65D6D47525F7A634000CB339 /* Info.plist */,
			);
			path = iOS;
			sourceTree = "<group>";
		};
		65D6D47B25F7A634000CB339 /* macOS */ = {
			isa = PBXGroup;
			children = (
				65D6D47C25F7A634000CB339 /* Info.plist */,
				65D6D47D25F7A634000CB339 /* macOS.entitlements */,
			);
			path = macOS;
			sourceTree = "<group>";
		};
		65D6D48525F7A634000CB339 /* Tests iOS */ = {
			isa = PBXGroup;
			children = (
				65D6D48625F7A634000CB339 /* Tests_iOS.swift */,
				65D6D48825F7A634000CB339 /* Info.plist */,
			);
			path = "Tests iOS";
			sourceTree = "<group>";
		};
		65D6D49025F7A634000CB339 /* Tests macOS */ = {
			isa = PBXGroup;
			children = (
				65D6D49125F7A634000CB339 /* Tests_macOS.swift */,
				65D6D49325F7A634000CB339 /* Info.plist */,
			);
			path = "Tests macOS";
			sourceTree = "<group>";
		};
		65D6D4B625F7A6E2000CB339 /* Frameworks */ = {
			isa = PBXGroup;
			children = (
			);
			name = Frameworks;
			sourceTree = "<group>";
		};
/* End PBXGroup section */

/* Begin PBXNativeTarget section */
		65D6D47125F7A634000CB339 /* VaccinationCertificate (iOS) */ = {
			isa = PBXNativeTarget;
			buildConfigurationList = 65D6D49C25F7A634000CB339 /* Build configuration list for PBXNativeTarget "VaccinationCertificate (iOS)" */;
			buildPhases = (
				65D6D46E25F7A634000CB339 /* Sources */,
				65D6D46F25F7A634000CB339 /* Frameworks */,
				65D6D47025F7A634000CB339 /* Resources */,
			);
			buildRules = (
			);
			dependencies = (
			);
			name = "VaccinationCertificate (iOS)";
			packageProductDependencies = (
				65D6D4B725F7A6E2000CB339 /* VaccinationPass */,
				65D6D4B925F7A6E7000CB339 /* VaccinationValidator */,
				65D6D4C425F7AE1E000CB339 /* VaccinationCommon */,
			);
			productName = "VaccinationCertificate (iOS)";
			productReference = 65D6D47225F7A634000CB339 /* VaccinationCertificate.app */;
			productType = "com.apple.product-type.application";
		};
		65D6D47925F7A634000CB339 /* VaccinationCertificate (macOS) */ = {
			isa = PBXNativeTarget;
			buildConfigurationList = 65D6D49F25F7A634000CB339 /* Build configuration list for PBXNativeTarget "VaccinationCertificate (macOS)" */;
			buildPhases = (
				65D6D47625F7A634000CB339 /* Sources */,
				65D6D47725F7A634000CB339 /* Frameworks */,
				65D6D47825F7A634000CB339 /* Resources */,
			);
			buildRules = (
			);
			dependencies = (
			);
			name = "VaccinationCertificate (macOS)";
			productName = "VaccinationCertificate (macOS)";
			productReference = 65D6D47A25F7A634000CB339 /* VaccinationCertificate.app */;
			productType = "com.apple.product-type.application";
		};
		65D6D48125F7A634000CB339 /* Tests iOS */ = {
			isa = PBXNativeTarget;
			buildConfigurationList = 65D6D4A225F7A634000CB339 /* Build configuration list for PBXNativeTarget "Tests iOS" */;
			buildPhases = (
				65D6D47E25F7A634000CB339 /* Sources */,
				65D6D47F25F7A634000CB339 /* Frameworks */,
				65D6D48025F7A634000CB339 /* Resources */,
			);
			buildRules = (
			);
			dependencies = (
				65D6D48425F7A634000CB339 /* PBXTargetDependency */,
			);
			name = "Tests iOS";
			productName = "Tests iOS";
			productReference = 65D6D48225F7A634000CB339 /* Tests iOS.xctest */;
			productType = "com.apple.product-type.bundle.ui-testing";
		};
		65D6D48C25F7A634000CB339 /* Tests macOS */ = {
			isa = PBXNativeTarget;
			buildConfigurationList = 65D6D4A525F7A634000CB339 /* Build configuration list for PBXNativeTarget "Tests macOS" */;
			buildPhases = (
				65D6D48925F7A634000CB339 /* Sources */,
				65D6D48A25F7A634000CB339 /* Frameworks */,
				65D6D48B25F7A634000CB339 /* Resources */,
			);
			buildRules = (
			);
			dependencies = (
				65D6D48F25F7A634000CB339 /* PBXTargetDependency */,
			);
			name = "Tests macOS";
			productName = "Tests macOS";
			productReference = 65D6D48D25F7A634000CB339 /* Tests macOS.xctest */;
			productType = "com.apple.product-type.bundle.ui-testing";
		};
/* End PBXNativeTarget section */

/* Begin PBXProject section */
		65D6D46625F7A631000CB339 /* Project object */ = {
			isa = PBXProject;
			attributes = {
				LastSwiftUpdateCheck = 1240;
				LastUpgradeCheck = 1240;
				TargetAttributes = {
					65D6D47125F7A634000CB339 = {
						CreatedOnToolsVersion = 12.4;
					};
					65D6D47925F7A634000CB339 = {
						CreatedOnToolsVersion = 12.4;
					};
					65D6D48125F7A634000CB339 = {
						CreatedOnToolsVersion = 12.4;
						TestTargetID = 65D6D47125F7A634000CB339;
					};
					65D6D48C25F7A634000CB339 = {
						CreatedOnToolsVersion = 12.4;
						TestTargetID = 65D6D47925F7A634000CB339;
					};
				};
			};
			buildConfigurationList = 65D6D46925F7A631000CB339 /* Build configuration list for PBXProject "VaccinationCertificate" */;
			compatibilityVersion = "Xcode 9.3";
			developmentRegion = en;
			hasScannedForEncodings = 0;
			knownRegions = (
				en,
				Base,
			);
			mainGroup = 65D6D46525F7A631000CB339;
			productRefGroup = 65D6D47325F7A634000CB339 /* Products */;
			projectDirPath = "";
			projectRoot = "";
			targets = (
				65D6D47125F7A634000CB339 /* VaccinationCertificate (iOS) */,
				65D6D47925F7A634000CB339 /* VaccinationCertificate (macOS) */,
				65D6D48125F7A634000CB339 /* Tests iOS */,
				65D6D48C25F7A634000CB339 /* Tests macOS */,
			);
		};
/* End PBXProject section */

/* Begin PBXResourcesBuildPhase section */
		65D6D47025F7A634000CB339 /* Resources */ = {
			isa = PBXResourcesBuildPhase;
			buildActionMask = 2147483647;
			files = (
				65D6D49825F7A634000CB339 /* Assets.xcassets in Resources */,
			);
			runOnlyForDeploymentPostprocessing = 0;
		};
		65D6D47825F7A634000CB339 /* Resources */ = {
			isa = PBXResourcesBuildPhase;
			buildActionMask = 2147483647;
			files = (
				65D6D49925F7A634000CB339 /* Assets.xcassets in Resources */,
			);
			runOnlyForDeploymentPostprocessing = 0;
		};
		65D6D48025F7A634000CB339 /* Resources */ = {
			isa = PBXResourcesBuildPhase;
			buildActionMask = 2147483647;
			files = (
			);
			runOnlyForDeploymentPostprocessing = 0;
		};
		65D6D48B25F7A634000CB339 /* Resources */ = {
			isa = PBXResourcesBuildPhase;
			buildActionMask = 2147483647;
			files = (
			);
			runOnlyForDeploymentPostprocessing = 0;
		};
/* End PBXResourcesBuildPhase section */

/* Begin PBXSourcesBuildPhase section */
		65D6D46E25F7A634000CB339 /* Sources */ = {
			isa = PBXSourcesBuildPhase;
			buildActionMask = 2147483647;
			files = (
				65D6D49625F7A634000CB339 /* ContentView.swift in Sources */,
				65D6D49425F7A634000CB339 /* VaccinationCertificateApp.swift in Sources */,
			);
			runOnlyForDeploymentPostprocessing = 0;
		};
		65D6D47625F7A634000CB339 /* Sources */ = {
			isa = PBXSourcesBuildPhase;
			buildActionMask = 2147483647;
			files = (
				65D6D49725F7A634000CB339 /* ContentView.swift in Sources */,
				65D6D49525F7A634000CB339 /* VaccinationCertificateApp.swift in Sources */,
			);
			runOnlyForDeploymentPostprocessing = 0;
		};
		65D6D47E25F7A634000CB339 /* Sources */ = {
			isa = PBXSourcesBuildPhase;
			buildActionMask = 2147483647;
			files = (
				65D6D48725F7A634000CB339 /* Tests_iOS.swift in Sources */,
			);
			runOnlyForDeploymentPostprocessing = 0;
		};
		65D6D48925F7A634000CB339 /* Sources */ = {
			isa = PBXSourcesBuildPhase;
			buildActionMask = 2147483647;
			files = (
				65D6D49225F7A634000CB339 /* Tests_macOS.swift in Sources */,
			);
			runOnlyForDeploymentPostprocessing = 0;
		};
/* End PBXSourcesBuildPhase section */

/* Begin PBXTargetDependency section */
		65D6D48425F7A634000CB339 /* PBXTargetDependency */ = {
			isa = PBXTargetDependency;
			target = 65D6D47125F7A634000CB339 /* VaccinationCertificate (iOS) */;
			targetProxy = 65D6D48325F7A634000CB339 /* PBXContainerItemProxy */;
		};
		65D6D48F25F7A634000CB339 /* PBXTargetDependency */ = {
			isa = PBXTargetDependency;
			target = 65D6D47925F7A634000CB339 /* VaccinationCertificate (macOS) */;
			targetProxy = 65D6D48E25F7A634000CB339 /* PBXContainerItemProxy */;
		};
/* End PBXTargetDependency section */

/* Begin XCBuildConfiguration section */
		65D6D49A25F7A634000CB339 /* Debug */ = {
			isa = XCBuildConfiguration;
			buildSettings = {
				ALWAYS_SEARCH_USER_PATHS = NO;
				CLANG_ANALYZER_NONNULL = YES;
				CLANG_ANALYZER_NUMBER_OBJECT_CONVERSION = YES_AGGRESSIVE;
				CLANG_CXX_LANGUAGE_STANDARD = "gnu++14";
				CLANG_CXX_LIBRARY = "libc++";
				CLANG_ENABLE_MODULES = YES;
				CLANG_ENABLE_OBJC_ARC = YES;
				CLANG_ENABLE_OBJC_WEAK = YES;
				CLANG_WARN_BLOCK_CAPTURE_AUTORELEASING = YES;
				CLANG_WARN_BOOL_CONVERSION = YES;
				CLANG_WARN_COMMA = YES;
				CLANG_WARN_CONSTANT_CONVERSION = YES;
				CLANG_WARN_DEPRECATED_OBJC_IMPLEMENTATIONS = YES;
				CLANG_WARN_DIRECT_OBJC_ISA_USAGE = YES_ERROR;
				CLANG_WARN_DOCUMENTATION_COMMENTS = YES;
				CLANG_WARN_EMPTY_BODY = YES;
				CLANG_WARN_ENUM_CONVERSION = YES;
				CLANG_WARN_INFINITE_RECURSION = YES;
				CLANG_WARN_INT_CONVERSION = YES;
				CLANG_WARN_NON_LITERAL_NULL_CONVERSION = YES;
				CLANG_WARN_OBJC_IMPLICIT_RETAIN_SELF = YES;
				CLANG_WARN_OBJC_LITERAL_CONVERSION = YES;
				CLANG_WARN_OBJC_ROOT_CLASS = YES_ERROR;
				CLANG_WARN_QUOTED_INCLUDE_IN_FRAMEWORK_HEADER = YES;
				CLANG_WARN_RANGE_LOOP_ANALYSIS = YES;
				CLANG_WARN_STRICT_PROTOTYPES = YES;
				CLANG_WARN_SUSPICIOUS_MOVE = YES;
				CLANG_WARN_UNGUARDED_AVAILABILITY = YES_AGGRESSIVE;
				CLANG_WARN_UNREACHABLE_CODE = YES;
				CLANG_WARN__DUPLICATE_METHOD_MATCH = YES;
				COPY_PHASE_STRIP = NO;
				DEBUG_INFORMATION_FORMAT = dwarf;
				ENABLE_STRICT_OBJC_MSGSEND = YES;
				ENABLE_TESTABILITY = YES;
				GCC_C_LANGUAGE_STANDARD = gnu11;
				GCC_DYNAMIC_NO_PIC = NO;
				GCC_NO_COMMON_BLOCKS = YES;
				GCC_OPTIMIZATION_LEVEL = 0;
				GCC_PREPROCESSOR_DEFINITIONS = (
					"DEBUG=1",
					"$(inherited)",
				);
				GCC_WARN_64_TO_32_BIT_CONVERSION = YES;
				GCC_WARN_ABOUT_RETURN_TYPE = YES_ERROR;
				GCC_WARN_UNDECLARED_SELECTOR = YES;
				GCC_WARN_UNINITIALIZED_AUTOS = YES_AGGRESSIVE;
				GCC_WARN_UNUSED_FUNCTION = YES;
				GCC_WARN_UNUSED_VARIABLE = YES;
				MTL_ENABLE_DEBUG_INFO = INCLUDE_SOURCE;
				MTL_FAST_MATH = YES;
				ONLY_ACTIVE_ARCH = YES;
				SWIFT_ACTIVE_COMPILATION_CONDITIONS = DEBUG;
				SWIFT_OPTIMIZATION_LEVEL = "-Onone";
			};
			name = Debug;
		};
		65D6D49B25F7A634000CB339 /* Release */ = {
			isa = XCBuildConfiguration;
			buildSettings = {
				ALWAYS_SEARCH_USER_PATHS = NO;
				CLANG_ANALYZER_NONNULL = YES;
				CLANG_ANALYZER_NUMBER_OBJECT_CONVERSION = YES_AGGRESSIVE;
				CLANG_CXX_LANGUAGE_STANDARD = "gnu++14";
				CLANG_CXX_LIBRARY = "libc++";
				CLANG_ENABLE_MODULES = YES;
				CLANG_ENABLE_OBJC_ARC = YES;
				CLANG_ENABLE_OBJC_WEAK = YES;
				CLANG_WARN_BLOCK_CAPTURE_AUTORELEASING = YES;
				CLANG_WARN_BOOL_CONVERSION = YES;
				CLANG_WARN_COMMA = YES;
				CLANG_WARN_CONSTANT_CONVERSION = YES;
				CLANG_WARN_DEPRECATED_OBJC_IMPLEMENTATIONS = YES;
				CLANG_WARN_DIRECT_OBJC_ISA_USAGE = YES_ERROR;
				CLANG_WARN_DOCUMENTATION_COMMENTS = YES;
				CLANG_WARN_EMPTY_BODY = YES;
				CLANG_WARN_ENUM_CONVERSION = YES;
				CLANG_WARN_INFINITE_RECURSION = YES;
				CLANG_WARN_INT_CONVERSION = YES;
				CLANG_WARN_NON_LITERAL_NULL_CONVERSION = YES;
				CLANG_WARN_OBJC_IMPLICIT_RETAIN_SELF = YES;
				CLANG_WARN_OBJC_LITERAL_CONVERSION = YES;
				CLANG_WARN_OBJC_ROOT_CLASS = YES_ERROR;
				CLANG_WARN_QUOTED_INCLUDE_IN_FRAMEWORK_HEADER = YES;
				CLANG_WARN_RANGE_LOOP_ANALYSIS = YES;
				CLANG_WARN_STRICT_PROTOTYPES = YES;
				CLANG_WARN_SUSPICIOUS_MOVE = YES;
				CLANG_WARN_UNGUARDED_AVAILABILITY = YES_AGGRESSIVE;
				CLANG_WARN_UNREACHABLE_CODE = YES;
				CLANG_WARN__DUPLICATE_METHOD_MATCH = YES;
				COPY_PHASE_STRIP = NO;
				DEBUG_INFORMATION_FORMAT = "dwarf-with-dsym";
				ENABLE_NS_ASSERTIONS = NO;
				ENABLE_STRICT_OBJC_MSGSEND = YES;
				GCC_C_LANGUAGE_STANDARD = gnu11;
				GCC_NO_COMMON_BLOCKS = YES;
				GCC_WARN_64_TO_32_BIT_CONVERSION = YES;
				GCC_WARN_ABOUT_RETURN_TYPE = YES_ERROR;
				GCC_WARN_UNDECLARED_SELECTOR = YES;
				GCC_WARN_UNINITIALIZED_AUTOS = YES_AGGRESSIVE;
				GCC_WARN_UNUSED_FUNCTION = YES;
				GCC_WARN_UNUSED_VARIABLE = YES;
				MTL_ENABLE_DEBUG_INFO = NO;
				MTL_FAST_MATH = YES;
				SWIFT_COMPILATION_MODE = wholemodule;
				SWIFT_OPTIMIZATION_LEVEL = "-O";
			};
			name = Release;
		};
		65D6D49D25F7A634000CB339 /* Debug */ = {
			isa = XCBuildConfiguration;
			buildSettings = {
				ASSETCATALOG_COMPILER_APPICON_NAME = AppIcon;
				ASSETCATALOG_COMPILER_GLOBAL_ACCENT_COLOR_NAME = AccentColor;
				CODE_SIGN_STYLE = Automatic;
				DEVELOPMENT_TEAM = 4L856QL76Y;
				ENABLE_PREVIEWS = YES;
				INFOPLIST_FILE = iOS/Info.plist;
				IPHONEOS_DEPLOYMENT_TARGET = 14.0;
				LD_RUNPATH_SEARCH_PATHS = (
					"$(inherited)",
					"@executable_path/Frameworks",
				);
				PRODUCT_BUNDLE_IDENTIFIER = IBM.VaccinationCertificate;
				PRODUCT_NAME = VaccinationCertificate;
				SDKROOT = iphoneos;
				SWIFT_VERSION = 5.0;
				TARGETED_DEVICE_FAMILY = "1,2";
			};
			name = Debug;
		};
		65D6D49E25F7A634000CB339 /* Release */ = {
			isa = XCBuildConfiguration;
			buildSettings = {
				ASSETCATALOG_COMPILER_APPICON_NAME = AppIcon;
				ASSETCATALOG_COMPILER_GLOBAL_ACCENT_COLOR_NAME = AccentColor;
				CODE_SIGN_STYLE = Automatic;
				DEVELOPMENT_TEAM = 4L856QL76Y;
				ENABLE_PREVIEWS = YES;
				INFOPLIST_FILE = iOS/Info.plist;
				IPHONEOS_DEPLOYMENT_TARGET = 14.0;
				LD_RUNPATH_SEARCH_PATHS = (
					"$(inherited)",
					"@executable_path/Frameworks",
				);
				PRODUCT_BUNDLE_IDENTIFIER = IBM.VaccinationCertificate;
				PRODUCT_NAME = VaccinationCertificate;
				SDKROOT = iphoneos;
				SWIFT_VERSION = 5.0;
				TARGETED_DEVICE_FAMILY = "1,2";
				VALIDATE_PRODUCT = YES;
			};
			name = Release;
		};
		65D6D4A025F7A634000CB339 /* Debug */ = {
			isa = XCBuildConfiguration;
			buildSettings = {
				ASSETCATALOG_COMPILER_APPICON_NAME = AppIcon;
				ASSETCATALOG_COMPILER_GLOBAL_ACCENT_COLOR_NAME = AccentColor;
				CODE_SIGN_ENTITLEMENTS = macOS/macOS.entitlements;
				CODE_SIGN_STYLE = Automatic;
				COMBINE_HIDPI_IMAGES = YES;
				DEVELOPMENT_TEAM = 4L856QL76Y;
				ENABLE_HARDENED_RUNTIME = YES;
				ENABLE_PREVIEWS = YES;
				INFOPLIST_FILE = macOS/Info.plist;
				LD_RUNPATH_SEARCH_PATHS = (
					"$(inherited)",
					"@executable_path/../Frameworks",
				);
				MACOSX_DEPLOYMENT_TARGET = 11.0;
				PRODUCT_BUNDLE_IDENTIFIER = IBM.VaccinationCertificate;
				PRODUCT_NAME = VaccinationCertificate;
				SDKROOT = macosx;
				SWIFT_VERSION = 5.0;
			};
			name = Debug;
		};
		65D6D4A125F7A634000CB339 /* Release */ = {
			isa = XCBuildConfiguration;
			buildSettings = {
				ASSETCATALOG_COMPILER_APPICON_NAME = AppIcon;
				ASSETCATALOG_COMPILER_GLOBAL_ACCENT_COLOR_NAME = AccentColor;
				CODE_SIGN_ENTITLEMENTS = macOS/macOS.entitlements;
				CODE_SIGN_STYLE = Automatic;
				COMBINE_HIDPI_IMAGES = YES;
				DEVELOPMENT_TEAM = 4L856QL76Y;
				ENABLE_HARDENED_RUNTIME = YES;
				ENABLE_PREVIEWS = YES;
				INFOPLIST_FILE = macOS/Info.plist;
				LD_RUNPATH_SEARCH_PATHS = (
					"$(inherited)",
					"@executable_path/../Frameworks",
				);
				MACOSX_DEPLOYMENT_TARGET = 11.0;
				PRODUCT_BUNDLE_IDENTIFIER = IBM.VaccinationCertificate;
				PRODUCT_NAME = VaccinationCertificate;
				SDKROOT = macosx;
				SWIFT_VERSION = 5.0;
			};
			name = Release;
		};
		65D6D4A325F7A634000CB339 /* Debug */ = {
			isa = XCBuildConfiguration;
			buildSettings = {
				ALWAYS_EMBED_SWIFT_STANDARD_LIBRARIES = YES;
				CODE_SIGN_STYLE = Automatic;
				DEVELOPMENT_TEAM = 4L856QL76Y;
				INFOPLIST_FILE = "Tests iOS/Info.plist";
				IPHONEOS_DEPLOYMENT_TARGET = 14.4;
				LD_RUNPATH_SEARCH_PATHS = (
					"$(inherited)",
					"@executable_path/Frameworks",
					"@loader_path/Frameworks",
				);
				PRODUCT_BUNDLE_IDENTIFIER = "IBM.Tests-iOS";
				PRODUCT_NAME = "$(TARGET_NAME)";
				SDKROOT = iphoneos;
				SWIFT_VERSION = 5.0;
				TARGETED_DEVICE_FAMILY = "1,2";
				TEST_TARGET_NAME = "VaccinationCertificate (iOS)";
			};
			name = Debug;
		};
		65D6D4A425F7A634000CB339 /* Release */ = {
			isa = XCBuildConfiguration;
			buildSettings = {
				ALWAYS_EMBED_SWIFT_STANDARD_LIBRARIES = YES;
				CODE_SIGN_STYLE = Automatic;
				DEVELOPMENT_TEAM = 4L856QL76Y;
				INFOPLIST_FILE = "Tests iOS/Info.plist";
				IPHONEOS_DEPLOYMENT_TARGET = 14.4;
				LD_RUNPATH_SEARCH_PATHS = (
					"$(inherited)",
					"@executable_path/Frameworks",
					"@loader_path/Frameworks",
				);
				PRODUCT_BUNDLE_IDENTIFIER = "IBM.Tests-iOS";
				PRODUCT_NAME = "$(TARGET_NAME)";
				SDKROOT = iphoneos;
				SWIFT_VERSION = 5.0;
				TARGETED_DEVICE_FAMILY = "1,2";
				TEST_TARGET_NAME = "VaccinationCertificate (iOS)";
				VALIDATE_PRODUCT = YES;
			};
			name = Release;
		};
		65D6D4A625F7A634000CB339 /* Debug */ = {
			isa = XCBuildConfiguration;
			buildSettings = {
				ALWAYS_EMBED_SWIFT_STANDARD_LIBRARIES = YES;
				CODE_SIGN_STYLE = Automatic;
				COMBINE_HIDPI_IMAGES = YES;
				DEVELOPMENT_TEAM = 4L856QL76Y;
				INFOPLIST_FILE = "Tests macOS/Info.plist";
				LD_RUNPATH_SEARCH_PATHS = (
					"$(inherited)",
					"@executable_path/../Frameworks",
					"@loader_path/../Frameworks",
				);
				MACOSX_DEPLOYMENT_TARGET = 11.1;
				PRODUCT_BUNDLE_IDENTIFIER = "IBM.Tests-macOS";
				PRODUCT_NAME = "$(TARGET_NAME)";
				SDKROOT = macosx;
				SWIFT_VERSION = 5.0;
				TEST_TARGET_NAME = "VaccinationCertificate (macOS)";
			};
			name = Debug;
		};
		65D6D4A725F7A634000CB339 /* Release */ = {
			isa = XCBuildConfiguration;
			buildSettings = {
				ALWAYS_EMBED_SWIFT_STANDARD_LIBRARIES = YES;
				CODE_SIGN_STYLE = Automatic;
				COMBINE_HIDPI_IMAGES = YES;
				DEVELOPMENT_TEAM = 4L856QL76Y;
				INFOPLIST_FILE = "Tests macOS/Info.plist";
				LD_RUNPATH_SEARCH_PATHS = (
					"$(inherited)",
					"@executable_path/../Frameworks",
					"@loader_path/../Frameworks",
				);
				MACOSX_DEPLOYMENT_TARGET = 11.1;
				PRODUCT_BUNDLE_IDENTIFIER = "IBM.Tests-macOS";
				PRODUCT_NAME = "$(TARGET_NAME)";
				SDKROOT = macosx;
				SWIFT_VERSION = 5.0;
				TEST_TARGET_NAME = "VaccinationCertificate (macOS)";
			};
			name = Release;
		};
/* End XCBuildConfiguration section */

/* Begin XCConfigurationList section */
		65D6D46925F7A631000CB339 /* Build configuration list for PBXProject "VaccinationCertificate" */ = {
			isa = XCConfigurationList;
			buildConfigurations = (
				65D6D49A25F7A634000CB339 /* Debug */,
				65D6D49B25F7A634000CB339 /* Release */,
			);
			defaultConfigurationIsVisible = 0;
			defaultConfigurationName = Release;
		};
		65D6D49C25F7A634000CB339 /* Build configuration list for PBXNativeTarget "VaccinationCertificate (iOS)" */ = {
			isa = XCConfigurationList;
			buildConfigurations = (
				65D6D49D25F7A634000CB339 /* Debug */,
				65D6D49E25F7A634000CB339 /* Release */,
			);
			defaultConfigurationIsVisible = 0;
			defaultConfigurationName = Release;
		};
		65D6D49F25F7A634000CB339 /* Build configuration list for PBXNativeTarget "VaccinationCertificate (macOS)" */ = {
			isa = XCConfigurationList;
			buildConfigurations = (
				65D6D4A025F7A634000CB339 /* Debug */,
				65D6D4A125F7A634000CB339 /* Release */,
			);
			defaultConfigurationIsVisible = 0;
			defaultConfigurationName = Release;
		};
		65D6D4A225F7A634000CB339 /* Build configuration list for PBXNativeTarget "Tests iOS" */ = {
			isa = XCConfigurationList;
			buildConfigurations = (
				65D6D4A325F7A634000CB339 /* Debug */,
				65D6D4A425F7A634000CB339 /* Release */,
			);
			defaultConfigurationIsVisible = 0;
			defaultConfigurationName = Release;
		};
		65D6D4A525F7A634000CB339 /* Build configuration list for PBXNativeTarget "Tests macOS" */ = {
			isa = XCConfigurationList;
			buildConfigurations = (
				65D6D4A625F7A634000CB339 /* Debug */,
				65D6D4A725F7A634000CB339 /* Release */,
			);
			defaultConfigurationIsVisible = 0;
			defaultConfigurationName = Release;
		};
/* End XCConfigurationList section */

/* Begin XCSwiftPackageProductDependency section */
		65D6D4B725F7A6E2000CB339 /* VaccinationPass */ = {
			isa = XCSwiftPackageProductDependency;
			productName = VaccinationPass;
		};
		65D6D4B925F7A6E7000CB339 /* VaccinationValidator */ = {
			isa = XCSwiftPackageProductDependency;
			productName = VaccinationValidator;
		};
		65D6D4C425F7AE1E000CB339 /* VaccinationCommon */ = {
			isa = XCSwiftPackageProductDependency;
			productName = VaccinationCommon;
		};
/* End XCSwiftPackageProductDependency section */
	};
	rootObject = 65D6D46625F7A631000CB339 /* Project object */;
}
