// !$*UTF8*$!
{
	archiveVersion = 1;
	classes = {
	};
	objectVersion = 52;
	objects = {

/* Begin PBXBuildFile section */
		6507D7E625FB5DF700D69F94 /* Assets.xcassets in Resources */ = {isa = PBXBuildFile; fileRef = 88AB2A3825FA40CE00D4EA52 /* Assets.xcassets */; };
		6507D7ED25FB5E0300D69F94 /* Assets.xcassets in Resources */ = {isa = PBXBuildFile; fileRef = 88AB2A4325FA40CE00D4EA52 /* Assets.xcassets */; };
		6598186B260CB44D00776F70 /* Main.storyboard in Resources */ = {isa = PBXBuildFile; fileRef = 6598186A260CB44D00776F70 /* Main.storyboard */; };
		65981892260CBA9400776F70 /* Main.storyboard in Resources */ = {isa = PBXBuildFile; fileRef = 65981872260CB45D00776F70 /* Main.storyboard */; };
		65D48D8A2611E6BD00223100 /* ScanViewController.swift in Sources */ = {isa = PBXBuildFile; fileRef = 65D48D892611E6BD00223100 /* ScanViewController.swift */; };
		65D6D56E25F8BCE5000CB339 /* VaccinationValidator in Frameworks */ = {isa = PBXBuildFile; productRef = 65D6D56D25F8BCE5000CB339 /* VaccinationValidator */; };
		65D6D5E925F910A9000CB339 /* LaunchScreen.storyboard in Resources */ = {isa = PBXBuildFile; fileRef = 65D6D5E825F910A9000CB339 /* LaunchScreen.storyboard */; };
		65D6D5EA25F910A9000CB339 /* LaunchScreen.storyboard in Resources */ = {isa = PBXBuildFile; fileRef = 65D6D5E825F910A9000CB339 /* LaunchScreen.storyboard */; };
		88AB2A8425FA41E200D4EA52 /* VaccinationPass in Frameworks */ = {isa = PBXBuildFile; productRef = 88AB2A8325FA41E200D4EA52 /* VaccinationPass */; };
		88AB2A9725FA431100D4EA52 /* AppDelegate.swift in Sources */ = {isa = PBXBuildFile; fileRef = 88AB2A3B25FA40CE00D4EA52 /* AppDelegate.swift */; };
		88AB2AA525FA431E00D4EA52 /* VaccinationPassAppTests.swift in Sources */ = {isa = PBXBuildFile; fileRef = 88AB2A3F25FA40CE00D4EA52 /* VaccinationPassAppTests.swift */; };
		88AB2AB925FA432D00D4EA52 /* VaccinationPassAppUITests.swift in Sources */ = {isa = PBXBuildFile; fileRef = 88AB2A3525FA40CE00D4EA52 /* VaccinationPassAppUITests.swift */; };
		88AB2AC025FA433F00D4EA52 /* AppDelegate.swift in Sources */ = {isa = PBXBuildFile; fileRef = 88AB2A4625FA40CE00D4EA52 /* AppDelegate.swift */; };
		88AB2ACE25FA434B00D4EA52 /* VaccinationValidatorAppTests.swift in Sources */ = {isa = PBXBuildFile; fileRef = 88AB2A6025FA40CE00D4EA52 /* VaccinationValidatorAppTests.swift */; };
		88AB2AD525FA435000D4EA52 /* VaccinationValidatorAppUITests.swift in Sources */ = {isa = PBXBuildFile; fileRef = 88AB2A5D25FA40CE00D4EA52 /* VaccinationValidatorAppUITests.swift */; };
/* End PBXBuildFile section */

/* Begin PBXContainerItemProxy section */
		65D6D4EF25F8B8FB000CB339 /* PBXContainerItemProxy */ = {
			isa = PBXContainerItemProxy;
			containerPortal = 65D6D46625F7A631000CB339 /* Project object */;
			proxyType = 1;
			remoteGlobalIDString = 65D6D4DD25F8B8FB000CB339;
			remoteInfo = VaccinationPassApp;
		};
		65D6D4FA25F8B8FC000CB339 /* PBXContainerItemProxy */ = {
			isa = PBXContainerItemProxy;
			containerPortal = 65D6D46625F7A631000CB339 /* Project object */;
			proxyType = 1;
			remoteGlobalIDString = 65D6D4DD25F8B8FB000CB339;
			remoteInfo = VaccinationPassApp;
		};
		65D6D52525F8B94D000CB339 /* PBXContainerItemProxy */ = {
			isa = PBXContainerItemProxy;
			containerPortal = 65D6D46625F7A631000CB339 /* Project object */;
			proxyType = 1;
			remoteGlobalIDString = 65D6D51325F8B94D000CB339;
			remoteInfo = VaccinationValidatorApp;
		};
		65D6D53025F8B94E000CB339 /* PBXContainerItemProxy */ = {
			isa = PBXContainerItemProxy;
			containerPortal = 65D6D46625F7A631000CB339 /* Project object */;
			proxyType = 1;
			remoteGlobalIDString = 65D6D51325F8B94D000CB339;
			remoteInfo = VaccinationValidatorApp;
		};
/* End PBXContainerItemProxy section */

/* Begin PBXFileReference section */
		6561AB43260CB02C00D3A7FF /* VaccinationUI */ = {isa = PBXFileReference; lastKnownFileType = folder; path = VaccinationUI; sourceTree = "<group>"; };
		6598186A260CB44D00776F70 /* Main.storyboard */ = {isa = PBXFileReference; lastKnownFileType = file.storyboard; path = Main.storyboard; sourceTree = "<group>"; };
		65981872260CB45D00776F70 /* Main.storyboard */ = {isa = PBXFileReference; lastKnownFileType = file.storyboard; path = Main.storyboard; sourceTree = "<group>"; };
		65D48D892611E6BD00223100 /* ScanViewController.swift */ = {isa = PBXFileReference; lastKnownFileType = sourcecode.swift; path = ScanViewController.swift; sourceTree = "<group>"; };
		65D6D4BF25F7AD8B000CB339 /* VaccinationCommon */ = {isa = PBXFileReference; lastKnownFileType = folder; path = VaccinationCommon; sourceTree = "<group>"; };
		65D6D4DE25F8B8FB000CB339 /* VaccinationPassApp.app */ = {isa = PBXFileReference; explicitFileType = wrapper.application; includeInIndex = 0; path = VaccinationPassApp.app; sourceTree = BUILT_PRODUCTS_DIR; };
		65D6D4EE25F8B8FB000CB339 /* VaccinationPassAppTests.xctest */ = {isa = PBXFileReference; explicitFileType = wrapper.cfbundle; includeInIndex = 0; path = VaccinationPassAppTests.xctest; sourceTree = BUILT_PRODUCTS_DIR; };
		65D6D4F925F8B8FB000CB339 /* VaccinationPassAppUITests.xctest */ = {isa = PBXFileReference; explicitFileType = wrapper.cfbundle; includeInIndex = 0; path = VaccinationPassAppUITests.xctest; sourceTree = BUILT_PRODUCTS_DIR; };
		65D6D51425F8B94D000CB339 /* VaccinationValidatorApp.app */ = {isa = PBXFileReference; explicitFileType = wrapper.application; includeInIndex = 0; path = VaccinationValidatorApp.app; sourceTree = BUILT_PRODUCTS_DIR; };
		65D6D52425F8B94D000CB339 /* VaccinationValidatorAppTests.xctest */ = {isa = PBXFileReference; explicitFileType = wrapper.cfbundle; includeInIndex = 0; path = VaccinationValidatorAppTests.xctest; sourceTree = BUILT_PRODUCTS_DIR; };
		65D6D52F25F8B94E000CB339 /* VaccinationValidatorAppUITests.xctest */ = {isa = PBXFileReference; explicitFileType = wrapper.cfbundle; includeInIndex = 0; path = VaccinationValidatorAppUITests.xctest; sourceTree = BUILT_PRODUCTS_DIR; };
		65D6D5E825F910A9000CB339 /* LaunchScreen.storyboard */ = {isa = PBXFileReference; fileEncoding = 4; lastKnownFileType = file.storyboard; path = LaunchScreen.storyboard; sourceTree = "<group>"; };
		65F59A6626258AA60093EC4E /* IBMPlexSans.otf */ = {isa = PBXFileReference; lastKnownFileType = file; name = IBMPlexSans.otf; path = VaccinationUI/Sources/VaccinationUI/Resources/Fonts/IBMPlexSans.otf; sourceTree = SOURCE_ROOT; };
		65F59A6726258AA60093EC4E /* IBMPlexSans-SemiBold.otf */ = {isa = PBXFileReference; lastKnownFileType = file; name = "IBMPlexSans-SemiBold.otf"; path = "VaccinationUI/Sources/VaccinationUI/Resources/Fonts/IBMPlexSans-SemiBold.otf"; sourceTree = SOURCE_ROOT; };
		88AB2A3525FA40CE00D4EA52 /* VaccinationPassAppUITests.swift */ = {isa = PBXFileReference; lastKnownFileType = sourcecode.swift; path = VaccinationPassAppUITests.swift; sourceTree = "<group>"; };
		88AB2A3625FA40CE00D4EA52 /* Info.plist */ = {isa = PBXFileReference; lastKnownFileType = text.plist.xml; path = Info.plist; sourceTree = "<group>"; };
		88AB2A3825FA40CE00D4EA52 /* Assets.xcassets */ = {isa = PBXFileReference; lastKnownFileType = folder.assetcatalog; path = Assets.xcassets; sourceTree = "<group>"; };
		88AB2A3B25FA40CE00D4EA52 /* AppDelegate.swift */ = {isa = PBXFileReference; lastKnownFileType = sourcecode.swift; path = AppDelegate.swift; sourceTree = "<group>"; };
		88AB2A3C25FA40CE00D4EA52 /* Info.plist */ = {isa = PBXFileReference; lastKnownFileType = text.plist.xml; path = Info.plist; sourceTree = "<group>"; };
		88AB2A3F25FA40CE00D4EA52 /* VaccinationPassAppTests.swift */ = {isa = PBXFileReference; lastKnownFileType = sourcecode.swift; path = VaccinationPassAppTests.swift; sourceTree = "<group>"; };
		88AB2A4025FA40CE00D4EA52 /* Info.plist */ = {isa = PBXFileReference; lastKnownFileType = text.plist.xml; path = Info.plist; sourceTree = "<group>"; };
		88AB2A4325FA40CE00D4EA52 /* Assets.xcassets */ = {isa = PBXFileReference; lastKnownFileType = folder.assetcatalog; path = Assets.xcassets; sourceTree = "<group>"; };
		88AB2A4625FA40CE00D4EA52 /* AppDelegate.swift */ = {isa = PBXFileReference; lastKnownFileType = sourcecode.swift; path = AppDelegate.swift; sourceTree = "<group>"; };
		88AB2A4725FA40CE00D4EA52 /* Info.plist */ = {isa = PBXFileReference; lastKnownFileType = text.plist.xml; path = Info.plist; sourceTree = "<group>"; };
		88AB2A5D25FA40CE00D4EA52 /* VaccinationValidatorAppUITests.swift */ = {isa = PBXFileReference; lastKnownFileType = sourcecode.swift; path = VaccinationValidatorAppUITests.swift; sourceTree = "<group>"; };
		88AB2A5E25FA40CE00D4EA52 /* Info.plist */ = {isa = PBXFileReference; lastKnownFileType = text.plist.xml; path = Info.plist; sourceTree = "<group>"; };
		88AB2A6025FA40CE00D4EA52 /* VaccinationValidatorAppTests.swift */ = {isa = PBXFileReference; lastKnownFileType = sourcecode.swift; path = VaccinationValidatorAppTests.swift; sourceTree = "<group>"; };
		88AB2A6125FA40CE00D4EA52 /* Info.plist */ = {isa = PBXFileReference; lastKnownFileType = text.plist.xml; path = Info.plist; sourceTree = "<group>"; };
		88AB2A7B25FA41C100D4EA52 /* VaccinationValidator */ = {isa = PBXFileReference; lastKnownFileType = folder; path = VaccinationValidator; sourceTree = "<group>"; };
		88AB2A7C25FA41C100D4EA52 /* VaccinationPass */ = {isa = PBXFileReference; lastKnownFileType = folder; path = VaccinationPass; sourceTree = "<group>"; };
/* End PBXFileReference section */

/* Begin PBXFrameworksBuildPhase section */
		65D6D4DB25F8B8FB000CB339 /* Frameworks */ = {
			isa = PBXFrameworksBuildPhase;
			buildActionMask = 2147483647;
			files = (
				88AB2A8425FA41E200D4EA52 /* VaccinationPass in Frameworks */,
			);
			runOnlyForDeploymentPostprocessing = 0;
		};
		65D6D4EB25F8B8FB000CB339 /* Frameworks */ = {
			isa = PBXFrameworksBuildPhase;
			buildActionMask = 2147483647;
			files = (
			);
			runOnlyForDeploymentPostprocessing = 0;
		};
		65D6D4F625F8B8FB000CB339 /* Frameworks */ = {
			isa = PBXFrameworksBuildPhase;
			buildActionMask = 2147483647;
			files = (
			);
			runOnlyForDeploymentPostprocessing = 0;
		};
		65D6D51125F8B94D000CB339 /* Frameworks */ = {
			isa = PBXFrameworksBuildPhase;
			buildActionMask = 2147483647;
			files = (
				65D6D56E25F8BCE5000CB339 /* VaccinationValidator in Frameworks */,
			);
			runOnlyForDeploymentPostprocessing = 0;
		};
		65D6D52125F8B94D000CB339 /* Frameworks */ = {
			isa = PBXFrameworksBuildPhase;
			buildActionMask = 2147483647;
			files = (
			);
			runOnlyForDeploymentPostprocessing = 0;
		};
		65D6D52C25F8B94E000CB339 /* Frameworks */ = {
			isa = PBXFrameworksBuildPhase;
			buildActionMask = 2147483647;
			files = (
			);
			runOnlyForDeploymentPostprocessing = 0;
		};
/* End PBXFrameworksBuildPhase section */

/* Begin PBXGroup section */
		65D6D46525F7A631000CB339 = {
			isa = PBXGroup;
			children = (
				88AB2A7C25FA41C100D4EA52 /* VaccinationPass */,
				88AB2A7B25FA41C100D4EA52 /* VaccinationValidator */,
				65D6D4BF25F7AD8B000CB339 /* VaccinationCommon */,
				6561AB43260CB02C00D3A7FF /* VaccinationUI */,
				88AB2A1D25FA40CE00D4EA52 /* Pass */,
				88AB2A4125FA40CE00D4EA52 /* Validator */,
				65D6D46A25F7A631000CB339 /* Shared */,
				65D6D47325F7A634000CB339 /* Products */,
				65D6D4B625F7A6E2000CB339 /* Frameworks */,
			);
			sourceTree = "<group>";
		};
		65D6D46A25F7A631000CB339 /* Shared */ = {
			isa = PBXGroup;
			children = (
				65F59A6726258AA60093EC4E /* IBMPlexSans-SemiBold.otf */,
				65F59A6626258AA60093EC4E /* IBMPlexSans.otf */,
				65D6D5E825F910A9000CB339 /* LaunchScreen.storyboard */,
			);
			path = Shared;
			sourceTree = "<group>";
		};
		65D6D47325F7A634000CB339 /* Products */ = {
			isa = PBXGroup;
			children = (
				65D6D4DE25F8B8FB000CB339 /* VaccinationPassApp.app */,
				65D6D4EE25F8B8FB000CB339 /* VaccinationPassAppTests.xctest */,
				65D6D4F925F8B8FB000CB339 /* VaccinationPassAppUITests.xctest */,
				65D6D51425F8B94D000CB339 /* VaccinationValidatorApp.app */,
				65D6D52425F8B94D000CB339 /* VaccinationValidatorAppTests.xctest */,
				65D6D52F25F8B94E000CB339 /* VaccinationValidatorAppUITests.xctest */,
			);
			name = Products;
			sourceTree = "<group>";
		};
		65D6D4B625F7A6E2000CB339 /* Frameworks */ = {
			isa = PBXGroup;
			children = (
			);
			name = Frameworks;
			sourceTree = "<group>";
		};
		88AB2A1D25FA40CE00D4EA52 /* Pass */ = {
			isa = PBXGroup;
			children = (
				88AB2A3725FA40CE00D4EA52 /* VaccinationPassApp */,
				88AB2A3E25FA40CE00D4EA52 /* VaccinationPassAppTests */,
				88AB2A3425FA40CE00D4EA52 /* VaccinationPassAppUITests */,
			);
			path = Pass;
			sourceTree = "<group>";
		};
		88AB2A3425FA40CE00D4EA52 /* VaccinationPassAppUITests */ = {
			isa = PBXGroup;
			children = (
				88AB2A3525FA40CE00D4EA52 /* VaccinationPassAppUITests.swift */,
				88AB2A3625FA40CE00D4EA52 /* Info.plist */,
			);
			path = VaccinationPassAppUITests;
			sourceTree = "<group>";
		};
		88AB2A3725FA40CE00D4EA52 /* VaccinationPassApp */ = {
			isa = PBXGroup;
			children = (
				88AB2A3825FA40CE00D4EA52 /* Assets.xcassets */,
				88AB2A3B25FA40CE00D4EA52 /* AppDelegate.swift */,
				6598186A260CB44D00776F70 /* Main.storyboard */,
				88AB2A3C25FA40CE00D4EA52 /* Info.plist */,
				65D48D892611E6BD00223100 /* ScanViewController.swift */,
			);
			path = VaccinationPassApp;
			sourceTree = "<group>";
		};
		88AB2A3E25FA40CE00D4EA52 /* VaccinationPassAppTests */ = {
			isa = PBXGroup;
			children = (
				88AB2A3F25FA40CE00D4EA52 /* VaccinationPassAppTests.swift */,
				88AB2A4025FA40CE00D4EA52 /* Info.plist */,
			);
			path = VaccinationPassAppTests;
			sourceTree = "<group>";
		};
		88AB2A4125FA40CE00D4EA52 /* Validator */ = {
			isa = PBXGroup;
			children = (
				88AB2A4225FA40CE00D4EA52 /* VaccinationValidatorApp */,
				88AB2A5F25FA40CE00D4EA52 /* VaccinationValidatorAppTests */,
				88AB2A5C25FA40CE00D4EA52 /* VaccinationValidatorAppUITests */,
			);
			path = Validator;
			sourceTree = "<group>";
		};
		88AB2A4225FA40CE00D4EA52 /* VaccinationValidatorApp */ = {
			isa = PBXGroup;
			children = (
				88AB2A4325FA40CE00D4EA52 /* Assets.xcassets */,
				88AB2A4625FA40CE00D4EA52 /* AppDelegate.swift */,
				65981872260CB45D00776F70 /* Main.storyboard */,
				88AB2A4725FA40CE00D4EA52 /* Info.plist */,
			);
			path = VaccinationValidatorApp;
			sourceTree = "<group>";
		};
		88AB2A5C25FA40CE00D4EA52 /* VaccinationValidatorAppUITests */ = {
			isa = PBXGroup;
			children = (
				88AB2A5D25FA40CE00D4EA52 /* VaccinationValidatorAppUITests.swift */,
				88AB2A5E25FA40CE00D4EA52 /* Info.plist */,
			);
			path = VaccinationValidatorAppUITests;
			sourceTree = "<group>";
		};
		88AB2A5F25FA40CE00D4EA52 /* VaccinationValidatorAppTests */ = {
			isa = PBXGroup;
			children = (
				88AB2A6025FA40CE00D4EA52 /* VaccinationValidatorAppTests.swift */,
				88AB2A6125FA40CE00D4EA52 /* Info.plist */,
			);
			path = VaccinationValidatorAppTests;
			sourceTree = "<group>";
		};
/* End PBXGroup section */

/* Begin PBXNativeTarget section */
		65D6D4DD25F8B8FB000CB339 /* VaccinationPassApp */ = {
			isa = PBXNativeTarget;
			buildConfigurationList = 65D6D50625F8B8FC000CB339 /* Build configuration list for PBXNativeTarget "VaccinationPassApp" */;
			buildPhases = (
				65D6D4DA25F8B8FB000CB339 /* Sources */,
				65D6D4DB25F8B8FB000CB339 /* Frameworks */,
				65D6D4DC25F8B8FB000CB339 /* Resources */,
			);
			buildRules = (
			);
			dependencies = (
			);
			name = VaccinationPassApp;
			packageProductDependencies = (
				88AB2A8325FA41E200D4EA52 /* VaccinationPass */,
			);
			productName = VaccinationPassApp;
			productReference = 65D6D4DE25F8B8FB000CB339 /* VaccinationPassApp.app */;
			productType = "com.apple.product-type.application";
		};
		65D6D4ED25F8B8FB000CB339 /* VaccinationPassAppTests */ = {
			isa = PBXNativeTarget;
			buildConfigurationList = 65D6D50725F8B8FC000CB339 /* Build configuration list for PBXNativeTarget "VaccinationPassAppTests" */;
			buildPhases = (
				65D6D4EA25F8B8FB000CB339 /* Sources */,
				65D6D4EB25F8B8FB000CB339 /* Frameworks */,
				65D6D4EC25F8B8FB000CB339 /* Resources */,
			);
			buildRules = (
			);
			dependencies = (
				65D6D4F025F8B8FB000CB339 /* PBXTargetDependency */,
			);
			name = VaccinationPassAppTests;
			productName = VaccinationPassAppTests;
			productReference = 65D6D4EE25F8B8FB000CB339 /* VaccinationPassAppTests.xctest */;
			productType = "com.apple.product-type.bundle.unit-test";
		};
		65D6D4F825F8B8FB000CB339 /* VaccinationPassAppUITests */ = {
			isa = PBXNativeTarget;
			buildConfigurationList = 65D6D50825F8B8FC000CB339 /* Build configuration list for PBXNativeTarget "VaccinationPassAppUITests" */;
			buildPhases = (
				65D6D4F525F8B8FB000CB339 /* Sources */,
				65D6D4F625F8B8FB000CB339 /* Frameworks */,
				65D6D4F725F8B8FB000CB339 /* Resources */,
			);
			buildRules = (
			);
			dependencies = (
				65D6D4FB25F8B8FC000CB339 /* PBXTargetDependency */,
			);
			name = VaccinationPassAppUITests;
			productName = VaccinationPassAppUITests;
			productReference = 65D6D4F925F8B8FB000CB339 /* VaccinationPassAppUITests.xctest */;
			productType = "com.apple.product-type.bundle.ui-testing";
		};
		65D6D51325F8B94D000CB339 /* VaccinationValidatorApp */ = {
			isa = PBXNativeTarget;
			buildConfigurationList = 65D6D53625F8B94E000CB339 /* Build configuration list for PBXNativeTarget "VaccinationValidatorApp" */;
			buildPhases = (
				65D6D51025F8B94D000CB339 /* Sources */,
				65D6D51125F8B94D000CB339 /* Frameworks */,
				65D6D51225F8B94D000CB339 /* Resources */,
			);
			buildRules = (
			);
			dependencies = (
			);
			name = VaccinationValidatorApp;
			packageProductDependencies = (
				65D6D56D25F8BCE5000CB339 /* VaccinationValidator */,
			);
			productName = VaccinationValidatorApp;
			productReference = 65D6D51425F8B94D000CB339 /* VaccinationValidatorApp.app */;
			productType = "com.apple.product-type.application";
		};
		65D6D52325F8B94D000CB339 /* VaccinationValidatorAppTests */ = {
			isa = PBXNativeTarget;
			buildConfigurationList = 65D6D53925F8B94E000CB339 /* Build configuration list for PBXNativeTarget "VaccinationValidatorAppTests" */;
			buildPhases = (
				65D6D52025F8B94D000CB339 /* Sources */,
				65D6D52125F8B94D000CB339 /* Frameworks */,
				65D6D52225F8B94D000CB339 /* Resources */,
			);
			buildRules = (
			);
			dependencies = (
				65D6D52625F8B94D000CB339 /* PBXTargetDependency */,
			);
			name = VaccinationValidatorAppTests;
			productName = VaccinationValidatorAppTests;
			productReference = 65D6D52425F8B94D000CB339 /* VaccinationValidatorAppTests.xctest */;
			productType = "com.apple.product-type.bundle.unit-test";
		};
		65D6D52E25F8B94E000CB339 /* VaccinationValidatorAppUITests */ = {
			isa = PBXNativeTarget;
			buildConfigurationList = 65D6D53C25F8B94E000CB339 /* Build configuration list for PBXNativeTarget "VaccinationValidatorAppUITests" */;
			buildPhases = (
				65D6D52B25F8B94E000CB339 /* Sources */,
				65D6D52C25F8B94E000CB339 /* Frameworks */,
				65D6D52D25F8B94E000CB339 /* Resources */,
			);
			buildRules = (
			);
			dependencies = (
				65D6D53125F8B94E000CB339 /* PBXTargetDependency */,
			);
			name = VaccinationValidatorAppUITests;
			productName = VaccinationValidatorAppUITests;
			productReference = 65D6D52F25F8B94E000CB339 /* VaccinationValidatorAppUITests.xctest */;
			productType = "com.apple.product-type.bundle.ui-testing";
		};
/* End PBXNativeTarget section */

/* Begin PBXProject section */
		65D6D46625F7A631000CB339 /* Project object */ = {
			isa = PBXProject;
			attributes = {
				LastSwiftUpdateCheck = 1240;
				LastUpgradeCheck = 1240;
				ORGANIZATIONNAME = IBM;
				TargetAttributes = {
					65D6D4DD25F8B8FB000CB339 = {
						CreatedOnToolsVersion = 12.4;
					};
					65D6D4ED25F8B8FB000CB339 = {
						CreatedOnToolsVersion = 12.4;
						TestTargetID = 65D6D4DD25F8B8FB000CB339;
					};
					65D6D4F825F8B8FB000CB339 = {
						CreatedOnToolsVersion = 12.4;
						TestTargetID = 65D6D4DD25F8B8FB000CB339;
					};
					65D6D51325F8B94D000CB339 = {
						CreatedOnToolsVersion = 12.4;
					};
					65D6D52325F8B94D000CB339 = {
						CreatedOnToolsVersion = 12.4;
						TestTargetID = 65D6D51325F8B94D000CB339;
					};
					65D6D52E25F8B94E000CB339 = {
						CreatedOnToolsVersion = 12.4;
						TestTargetID = 65D6D51325F8B94D000CB339;
					};
				};
			};
			buildConfigurationList = 65D6D46925F7A631000CB339 /* Build configuration list for PBXProject "VaccinationCertificate" */;
			compatibilityVersion = "Xcode 9.3";
			developmentRegion = en;
			hasScannedForEncodings = 0;
			knownRegions = (
				en,
				Base,
				de,
			);
			mainGroup = 65D6D46525F7A631000CB339;
			packageReferences = (
			);
			productRefGroup = 65D6D47325F7A634000CB339 /* Products */;
			projectDirPath = "";
			projectRoot = "";
			targets = (
				65D6D4DD25F8B8FB000CB339 /* VaccinationPassApp */,
				65D6D4ED25F8B8FB000CB339 /* VaccinationPassAppTests */,
				65D6D4F825F8B8FB000CB339 /* VaccinationPassAppUITests */,
				65D6D51325F8B94D000CB339 /* VaccinationValidatorApp */,
				65D6D52325F8B94D000CB339 /* VaccinationValidatorAppTests */,
				65D6D52E25F8B94E000CB339 /* VaccinationValidatorAppUITests */,
			);
		};
/* End PBXProject section */

/* Begin PBXResourcesBuildPhase section */
		65D6D4DC25F8B8FB000CB339 /* Resources */ = {
			isa = PBXResourcesBuildPhase;
			buildActionMask = 2147483647;
			files = (
				6507D7E625FB5DF700D69F94 /* Assets.xcassets in Resources */,
				65D6D5E925F910A9000CB339 /* LaunchScreen.storyboard in Resources */,
				6598186B260CB44D00776F70 /* Main.storyboard in Resources */,
			);
			runOnlyForDeploymentPostprocessing = 0;
		};
		65D6D4EC25F8B8FB000CB339 /* Resources */ = {
			isa = PBXResourcesBuildPhase;
			buildActionMask = 2147483647;
			files = (
			);
			runOnlyForDeploymentPostprocessing = 0;
		};
		65D6D4F725F8B8FB000CB339 /* Resources */ = {
			isa = PBXResourcesBuildPhase;
			buildActionMask = 2147483647;
			files = (
			);
			runOnlyForDeploymentPostprocessing = 0;
		};
		65D6D51225F8B94D000CB339 /* Resources */ = {
			isa = PBXResourcesBuildPhase;
			buildActionMask = 2147483647;
			files = (
				65981892260CBA9400776F70 /* Main.storyboard in Resources */,
				6507D7ED25FB5E0300D69F94 /* Assets.xcassets in Resources */,
				65D6D5EA25F910A9000CB339 /* LaunchScreen.storyboard in Resources */,
			);
			runOnlyForDeploymentPostprocessing = 0;
		};
		65D6D52225F8B94D000CB339 /* Resources */ = {
			isa = PBXResourcesBuildPhase;
			buildActionMask = 2147483647;
			files = (
			);
			runOnlyForDeploymentPostprocessing = 0;
		};
		65D6D52D25F8B94E000CB339 /* Resources */ = {
			isa = PBXResourcesBuildPhase;
			buildActionMask = 2147483647;
			files = (
			);
			runOnlyForDeploymentPostprocessing = 0;
		};
/* End PBXResourcesBuildPhase section */

/* Begin PBXSourcesBuildPhase section */
		65D6D4DA25F8B8FB000CB339 /* Sources */ = {
			isa = PBXSourcesBuildPhase;
			buildActionMask = 2147483647;
			files = (
				88AB2A9725FA431100D4EA52 /* AppDelegate.swift in Sources */,
				65D48D8A2611E6BD00223100 /* ScanViewController.swift in Sources */,
			);
			runOnlyForDeploymentPostprocessing = 0;
		};
		65D6D4EA25F8B8FB000CB339 /* Sources */ = {
			isa = PBXSourcesBuildPhase;
			buildActionMask = 2147483647;
			files = (
				88AB2AA525FA431E00D4EA52 /* VaccinationPassAppTests.swift in Sources */,
			);
			runOnlyForDeploymentPostprocessing = 0;
		};
		65D6D4F525F8B8FB000CB339 /* Sources */ = {
			isa = PBXSourcesBuildPhase;
			buildActionMask = 2147483647;
			files = (
				88AB2AB925FA432D00D4EA52 /* VaccinationPassAppUITests.swift in Sources */,
			);
			runOnlyForDeploymentPostprocessing = 0;
		};
		65D6D51025F8B94D000CB339 /* Sources */ = {
			isa = PBXSourcesBuildPhase;
			buildActionMask = 2147483647;
			files = (
				88AB2AC025FA433F00D4EA52 /* AppDelegate.swift in Sources */,
			);
			runOnlyForDeploymentPostprocessing = 0;
		};
		65D6D52025F8B94D000CB339 /* Sources */ = {
			isa = PBXSourcesBuildPhase;
			buildActionMask = 2147483647;
			files = (
				88AB2ACE25FA434B00D4EA52 /* VaccinationValidatorAppTests.swift in Sources */,
			);
			runOnlyForDeploymentPostprocessing = 0;
		};
		65D6D52B25F8B94E000CB339 /* Sources */ = {
			isa = PBXSourcesBuildPhase;
			buildActionMask = 2147483647;
			files = (
				88AB2AD525FA435000D4EA52 /* VaccinationValidatorAppUITests.swift in Sources */,
			);
			runOnlyForDeploymentPostprocessing = 0;
		};
/* End PBXSourcesBuildPhase section */

/* Begin PBXTargetDependency section */
		65D6D4F025F8B8FB000CB339 /* PBXTargetDependency */ = {
			isa = PBXTargetDependency;
			target = 65D6D4DD25F8B8FB000CB339 /* VaccinationPassApp */;
			targetProxy = 65D6D4EF25F8B8FB000CB339 /* PBXContainerItemProxy */;
		};
		65D6D4FB25F8B8FC000CB339 /* PBXTargetDependency */ = {
			isa = PBXTargetDependency;
			target = 65D6D4DD25F8B8FB000CB339 /* VaccinationPassApp */;
			targetProxy = 65D6D4FA25F8B8FC000CB339 /* PBXContainerItemProxy */;
		};
		65D6D52625F8B94D000CB339 /* PBXTargetDependency */ = {
			isa = PBXTargetDependency;
			target = 65D6D51325F8B94D000CB339 /* VaccinationValidatorApp */;
			targetProxy = 65D6D52525F8B94D000CB339 /* PBXContainerItemProxy */;
		};
		65D6D53125F8B94E000CB339 /* PBXTargetDependency */ = {
			isa = PBXTargetDependency;
			target = 65D6D51325F8B94D000CB339 /* VaccinationValidatorApp */;
			targetProxy = 65D6D53025F8B94E000CB339 /* PBXContainerItemProxy */;
		};
/* End PBXTargetDependency section */

/* Begin XCBuildConfiguration section */
		65D6D49A25F7A634000CB339 /* Debug */ = {
			isa = XCBuildConfiguration;
			buildSettings = {
				ALWAYS_SEARCH_USER_PATHS = NO;
				CLANG_ANALYZER_NONNULL = YES;
				CLANG_ANALYZER_NUMBER_OBJECT_CONVERSION = YES_AGGRESSIVE;
				CLANG_CXX_LANGUAGE_STANDARD = "gnu++14";
				CLANG_CXX_LIBRARY = "libc++";
				CLANG_ENABLE_MODULES = YES;
				CLANG_ENABLE_OBJC_ARC = YES;
				CLANG_ENABLE_OBJC_WEAK = YES;
				CLANG_WARN_BLOCK_CAPTURE_AUTORELEASING = YES;
				CLANG_WARN_BOOL_CONVERSION = YES;
				CLANG_WARN_COMMA = YES;
				CLANG_WARN_CONSTANT_CONVERSION = YES;
				CLANG_WARN_DEPRECATED_OBJC_IMPLEMENTATIONS = YES;
				CLANG_WARN_DIRECT_OBJC_ISA_USAGE = YES_ERROR;
				CLANG_WARN_DOCUMENTATION_COMMENTS = YES;
				CLANG_WARN_EMPTY_BODY = YES;
				CLANG_WARN_ENUM_CONVERSION = YES;
				CLANG_WARN_INFINITE_RECURSION = YES;
				CLANG_WARN_INT_CONVERSION = YES;
				CLANG_WARN_NON_LITERAL_NULL_CONVERSION = YES;
				CLANG_WARN_OBJC_IMPLICIT_RETAIN_SELF = YES;
				CLANG_WARN_OBJC_LITERAL_CONVERSION = YES;
				CLANG_WARN_OBJC_ROOT_CLASS = YES_ERROR;
				CLANG_WARN_QUOTED_INCLUDE_IN_FRAMEWORK_HEADER = YES;
				CLANG_WARN_RANGE_LOOP_ANALYSIS = YES;
				CLANG_WARN_STRICT_PROTOTYPES = YES;
				CLANG_WARN_SUSPICIOUS_MOVE = YES;
				CLANG_WARN_UNGUARDED_AVAILABILITY = YES_AGGRESSIVE;
				CLANG_WARN_UNREACHABLE_CODE = YES;
				CLANG_WARN__DUPLICATE_METHOD_MATCH = YES;
				COPY_PHASE_STRIP = NO;
				DEBUG_INFORMATION_FORMAT = dwarf;
				ENABLE_STRICT_OBJC_MSGSEND = YES;
				ENABLE_TESTABILITY = YES;
				GCC_C_LANGUAGE_STANDARD = gnu11;
				GCC_DYNAMIC_NO_PIC = NO;
				GCC_NO_COMMON_BLOCKS = YES;
				GCC_OPTIMIZATION_LEVEL = 0;
				GCC_PREPROCESSOR_DEFINITIONS = (
					"DEBUG=1",
					"$(inherited)",
				);
				GCC_WARN_64_TO_32_BIT_CONVERSION = YES;
				GCC_WARN_ABOUT_RETURN_TYPE = YES_ERROR;
				GCC_WARN_UNDECLARED_SELECTOR = YES;
				GCC_WARN_UNINITIALIZED_AUTOS = YES_AGGRESSIVE;
				GCC_WARN_UNUSED_FUNCTION = YES;
				GCC_WARN_UNUSED_VARIABLE = YES;
				MTL_ENABLE_DEBUG_INFO = INCLUDE_SOURCE;
				MTL_FAST_MATH = YES;
				ONLY_ACTIVE_ARCH = YES;
				SWIFT_ACTIVE_COMPILATION_CONDITIONS = DEBUG;
				SWIFT_OPTIMIZATION_LEVEL = "-Onone";
			};
			name = Debug;
		};
		65D6D49B25F7A634000CB339 /* Release */ = {
			isa = XCBuildConfiguration;
			buildSettings = {
				ALWAYS_SEARCH_USER_PATHS = NO;
				CLANG_ANALYZER_NONNULL = YES;
				CLANG_ANALYZER_NUMBER_OBJECT_CONVERSION = YES_AGGRESSIVE;
				CLANG_CXX_LANGUAGE_STANDARD = "gnu++14";
				CLANG_CXX_LIBRARY = "libc++";
				CLANG_ENABLE_MODULES = YES;
				CLANG_ENABLE_OBJC_ARC = YES;
				CLANG_ENABLE_OBJC_WEAK = YES;
				CLANG_WARN_BLOCK_CAPTURE_AUTORELEASING = YES;
				CLANG_WARN_BOOL_CONVERSION = YES;
				CLANG_WARN_COMMA = YES;
				CLANG_WARN_CONSTANT_CONVERSION = YES;
				CLANG_WARN_DEPRECATED_OBJC_IMPLEMENTATIONS = YES;
				CLANG_WARN_DIRECT_OBJC_ISA_USAGE = YES_ERROR;
				CLANG_WARN_DOCUMENTATION_COMMENTS = YES;
				CLANG_WARN_EMPTY_BODY = YES;
				CLANG_WARN_ENUM_CONVERSION = YES;
				CLANG_WARN_INFINITE_RECURSION = YES;
				CLANG_WARN_INT_CONVERSION = YES;
				CLANG_WARN_NON_LITERAL_NULL_CONVERSION = YES;
				CLANG_WARN_OBJC_IMPLICIT_RETAIN_SELF = YES;
				CLANG_WARN_OBJC_LITERAL_CONVERSION = YES;
				CLANG_WARN_OBJC_ROOT_CLASS = YES_ERROR;
				CLANG_WARN_QUOTED_INCLUDE_IN_FRAMEWORK_HEADER = YES;
				CLANG_WARN_RANGE_LOOP_ANALYSIS = YES;
				CLANG_WARN_STRICT_PROTOTYPES = YES;
				CLANG_WARN_SUSPICIOUS_MOVE = YES;
				CLANG_WARN_UNGUARDED_AVAILABILITY = YES_AGGRESSIVE;
				CLANG_WARN_UNREACHABLE_CODE = YES;
				CLANG_WARN__DUPLICATE_METHOD_MATCH = YES;
				COPY_PHASE_STRIP = NO;
				DEBUG_INFORMATION_FORMAT = "dwarf-with-dsym";
				ENABLE_NS_ASSERTIONS = NO;
				ENABLE_STRICT_OBJC_MSGSEND = YES;
				GCC_C_LANGUAGE_STANDARD = gnu11;
				GCC_NO_COMMON_BLOCKS = YES;
				GCC_WARN_64_TO_32_BIT_CONVERSION = YES;
				GCC_WARN_ABOUT_RETURN_TYPE = YES_ERROR;
				GCC_WARN_UNDECLARED_SELECTOR = YES;
				GCC_WARN_UNINITIALIZED_AUTOS = YES_AGGRESSIVE;
				GCC_WARN_UNUSED_FUNCTION = YES;
				GCC_WARN_UNUSED_VARIABLE = YES;
				MTL_ENABLE_DEBUG_INFO = NO;
				MTL_FAST_MATH = YES;
				SWIFT_COMPILATION_MODE = wholemodule;
				SWIFT_OPTIMIZATION_LEVEL = "-O";
			};
			name = Release;
		};
		65D6D50025F8B8FC000CB339 /* Debug */ = {
			isa = XCBuildConfiguration;
			buildSettings = {
				ASSETCATALOG_COMPILER_APPICON_NAME = AppIcon;
				CODE_SIGN_IDENTITY = "iPhone Distribution";
				CODE_SIGN_STYLE = Manual;
				CURRENT_PROJECT_VERSION = 163;
				DEVELOPMENT_TEAM = ***REMOVED***;
				ENABLE_PREVIEWS = YES;
				INFOPLIST_FILE = Pass/VaccinationPassApp/Info.plist;
				IPHONEOS_DEPLOYMENT_TARGET = 12.1;
				LD_RUNPATH_SEARCH_PATHS = (
					"$(inherited)",
					"@executable_path/Frameworks",
				);
				PRODUCT_BUNDLE_IDENTIFIER = com.ibm.ega.VaccinationPass;
				PRODUCT_NAME = "$(TARGET_NAME)";
				PROVISIONING_PROFILE_SPECIFIER = "match AppStore com.ibm.ega.VaccinationPass";
				SDKROOT = iphoneos;
				SWIFT_VERSION = 5.0;
				TARGETED_DEVICE_FAMILY = 1;
				VERSIONING_SYSTEM = "apple-generic";
			};
			name = Debug;
		};
		65D6D50125F8B8FC000CB339 /* Release */ = {
			isa = XCBuildConfiguration;
			buildSettings = {
				ASSETCATALOG_COMPILER_APPICON_NAME = AppIcon;
				CODE_SIGN_IDENTITY = "iPhone Distribution";
				CODE_SIGN_STYLE = Manual;
				CURRENT_PROJECT_VERSION = 163;
				DEVELOPMENT_TEAM = ***REMOVED***;
				ENABLE_PREVIEWS = YES;
				INFOPLIST_FILE = Pass/VaccinationPassApp/Info.plist;
				IPHONEOS_DEPLOYMENT_TARGET = 12.1;
				LD_RUNPATH_SEARCH_PATHS = (
					"$(inherited)",
					"@executable_path/Frameworks",
				);
				PRODUCT_BUNDLE_IDENTIFIER = com.ibm.ega.VaccinationPass;
				PRODUCT_NAME = "$(TARGET_NAME)";
				PROVISIONING_PROFILE_SPECIFIER = "match AppStore com.ibm.ega.VaccinationPass";
				SDKROOT = iphoneos;
				SWIFT_VERSION = 5.0;
				TARGETED_DEVICE_FAMILY = 1;
				VALIDATE_PRODUCT = YES;
				VERSIONING_SYSTEM = "apple-generic";
			};
			name = Release;
		};
		65D6D50225F8B8FC000CB339 /* Debug */ = {
			isa = XCBuildConfiguration;
			buildSettings = {
				ALWAYS_EMBED_SWIFT_STANDARD_LIBRARIES = YES;
				BUNDLE_LOADER = "$(TEST_HOST)";
				CODE_SIGN_STYLE = Manual;
				DEVELOPMENT_TEAM = "";
				INFOPLIST_FILE = Pass/VaccinationPassAppTests/Info.plist;
				IPHONEOS_DEPLOYMENT_TARGET = 14.4;
				LD_RUNPATH_SEARCH_PATHS = (
					"$(inherited)",
					"@executable_path/Frameworks",
					"@loader_path/Frameworks",
				);
				PRODUCT_BUNDLE_IDENTIFIER = IBM.VaccinationPassAppTests;
				PRODUCT_NAME = "$(TARGET_NAME)";
				PROVISIONING_PROFILE_SPECIFIER = "";
				"PROVISIONING_PROFILE_SPECIFIER[sdk=macosx*]" = "";
				SDKROOT = iphoneos;
				SWIFT_VERSION = 5.0;
				TARGETED_DEVICE_FAMILY = "1,2";
				TEST_HOST = "$(BUILT_PRODUCTS_DIR)/VaccinationPassApp.app/VaccinationPassApp";
			};
			name = Debug;
		};
		65D6D50325F8B8FC000CB339 /* Release */ = {
			isa = XCBuildConfiguration;
			buildSettings = {
				ALWAYS_EMBED_SWIFT_STANDARD_LIBRARIES = YES;
				BUNDLE_LOADER = "$(TEST_HOST)";
				CODE_SIGN_STYLE = Manual;
				DEVELOPMENT_TEAM = "";
				INFOPLIST_FILE = Pass/VaccinationPassAppTests/Info.plist;
				IPHONEOS_DEPLOYMENT_TARGET = 14.4;
				LD_RUNPATH_SEARCH_PATHS = (
					"$(inherited)",
					"@executable_path/Frameworks",
					"@loader_path/Frameworks",
				);
				PRODUCT_BUNDLE_IDENTIFIER = IBM.VaccinationPassAppTests;
				PRODUCT_NAME = "$(TARGET_NAME)";
				PROVISIONING_PROFILE_SPECIFIER = "";
				"PROVISIONING_PROFILE_SPECIFIER[sdk=macosx*]" = "";
				SDKROOT = iphoneos;
				SWIFT_VERSION = 5.0;
				TARGETED_DEVICE_FAMILY = "1,2";
				TEST_HOST = "$(BUILT_PRODUCTS_DIR)/VaccinationPassApp.app/VaccinationPassApp";
				VALIDATE_PRODUCT = YES;
			};
			name = Release;
		};
		65D6D50425F8B8FC000CB339 /* Debug */ = {
			isa = XCBuildConfiguration;
			buildSettings = {
				ALWAYS_EMBED_SWIFT_STANDARD_LIBRARIES = YES;
				"CODE_SIGN_IDENTITY[sdk=macosx*]" = "Apple Development";
				CODE_SIGN_STYLE = Manual;
				DEVELOPMENT_TEAM = "";
				INFOPLIST_FILE = Pass/VaccinationPassAppUITests/Info.plist;
				IPHONEOS_DEPLOYMENT_TARGET = 14.4;
				LD_RUNPATH_SEARCH_PATHS = (
					"$(inherited)",
					"@executable_path/Frameworks",
					"@loader_path/Frameworks",
				);
				PRODUCT_BUNDLE_IDENTIFIER = IBM.VaccinationPassAppUITests;
				"PRODUCT_BUNDLE_IDENTIFIER[sdk=macosx*]" = "";
				PRODUCT_NAME = "$(TARGET_NAME)";
				PROVISIONING_PROFILE_SPECIFIER = "";
				"PROVISIONING_PROFILE_SPECIFIER[sdk=macosx*]" = "";
				SDKROOT = iphoneos;
				SWIFT_VERSION = 5.0;
				TARGETED_DEVICE_FAMILY = "1,2";
				TEST_TARGET_NAME = VaccinationPassApp;
			};
			name = Debug;
		};
		65D6D50525F8B8FC000CB339 /* Release */ = {
			isa = XCBuildConfiguration;
			buildSettings = {
				ALWAYS_EMBED_SWIFT_STANDARD_LIBRARIES = YES;
				"CODE_SIGN_IDENTITY[sdk=macosx*]" = "Apple Development";
				CODE_SIGN_STYLE = Manual;
				DEVELOPMENT_TEAM = "";
				INFOPLIST_FILE = Pass/VaccinationPassAppUITests/Info.plist;
				IPHONEOS_DEPLOYMENT_TARGET = 14.4;
				LD_RUNPATH_SEARCH_PATHS = (
					"$(inherited)",
					"@executable_path/Frameworks",
					"@loader_path/Frameworks",
				);
				PRODUCT_BUNDLE_IDENTIFIER = IBM.VaccinationPassAppUITests;
				"PRODUCT_BUNDLE_IDENTIFIER[sdk=macosx*]" = "";
				PRODUCT_NAME = "$(TARGET_NAME)";
				PROVISIONING_PROFILE_SPECIFIER = "";
				"PROVISIONING_PROFILE_SPECIFIER[sdk=macosx*]" = "";
				SDKROOT = iphoneos;
				SWIFT_VERSION = 5.0;
				TARGETED_DEVICE_FAMILY = "1,2";
				TEST_TARGET_NAME = VaccinationPassApp;
				VALIDATE_PRODUCT = YES;
			};
			name = Release;
		};
		65D6D53725F8B94E000CB339 /* Debug */ = {
			isa = XCBuildConfiguration;
			buildSettings = {
				ASSETCATALOG_COMPILER_APPICON_NAME = AppIcon;
				CODE_SIGN_IDENTITY = "iPhone Distribution";
				CODE_SIGN_STYLE = Manual;
				CURRENT_PROJECT_VERSION = 163;
				DEVELOPMENT_TEAM = ***REMOVED***;
				ENABLE_PREVIEWS = YES;
				INFOPLIST_FILE = Validator/VaccinationValidatorApp/Info.plist;
				IPHONEOS_DEPLOYMENT_TARGET = 12.1;
				LD_RUNPATH_SEARCH_PATHS = (
					"$(inherited)",
					"@executable_path/Frameworks",
				);
				MARKETING_VERSION = 1.0;
				PRODUCT_BUNDLE_IDENTIFIER = com.ibm.ega.VaccinationValidator;
				PRODUCT_NAME = "$(TARGET_NAME)";
				PROVISIONING_PROFILE_SPECIFIER = "match AppStore com.ibm.ega.VaccinationValidator";
				SDKROOT = iphoneos;
				SWIFT_VERSION = 5.0;
				TARGETED_DEVICE_FAMILY = 1;
				VERSIONING_SYSTEM = "apple-generic";
			};
			name = Debug;
		};
		65D6D53825F8B94E000CB339 /* Release */ = {
			isa = XCBuildConfiguration;
			buildSettings = {
				ASSETCATALOG_COMPILER_APPICON_NAME = AppIcon;
				CODE_SIGN_IDENTITY = "iPhone Distribution";
				CODE_SIGN_STYLE = Manual;
				CURRENT_PROJECT_VERSION = 163;
				DEVELOPMENT_TEAM = ***REMOVED***;
				ENABLE_PREVIEWS = YES;
				INFOPLIST_FILE = Validator/VaccinationValidatorApp/Info.plist;
				IPHONEOS_DEPLOYMENT_TARGET = 12.1;
				LD_RUNPATH_SEARCH_PATHS = (
					"$(inherited)",
					"@executable_path/Frameworks",
				);
				MARKETING_VERSION = 1.0;
				PRODUCT_BUNDLE_IDENTIFIER = com.ibm.ega.VaccinationValidator;
				PRODUCT_NAME = "$(TARGET_NAME)";
				PROVISIONING_PROFILE_SPECIFIER = "match AppStore com.ibm.ega.VaccinationValidator";
				SDKROOT = iphoneos;
				SWIFT_VERSION = 5.0;
				TARGETED_DEVICE_FAMILY = 1;
				VALIDATE_PRODUCT = YES;
				VERSIONING_SYSTEM = "apple-generic";
			};
			name = Release;
		};
		65D6D53A25F8B94E000CB339 /* Debug */ = {
			isa = XCBuildConfiguration;
			buildSettings = {
				ALWAYS_EMBED_SWIFT_STANDARD_LIBRARIES = YES;
				BUNDLE_LOADER = "$(TEST_HOST)";
				CODE_SIGN_STYLE = Manual;
				DEVELOPMENT_TEAM = "";
				INFOPLIST_FILE = Validator/VaccinationValidatorAppTests/Info.plist;
				IPHONEOS_DEPLOYMENT_TARGET = 14.4;
				LD_RUNPATH_SEARCH_PATHS = (
					"$(inherited)",
					"@executable_path/Frameworks",
					"@loader_path/Frameworks",
				);
				PRODUCT_BUNDLE_IDENTIFIER = IBM.VaccinationValidatorAppTests;
				PRODUCT_NAME = "$(TARGET_NAME)";
				PROVISIONING_PROFILE_SPECIFIER = "";
				"PROVISIONING_PROFILE_SPECIFIER[sdk=macosx*]" = "";
				SDKROOT = iphoneos;
				SWIFT_VERSION = 5.0;
				TARGETED_DEVICE_FAMILY = "1,2";
				TEST_HOST = "$(BUILT_PRODUCTS_DIR)/VaccinationValidatorApp.app/VaccinationValidatorApp";
			};
			name = Debug;
		};
		65D6D53B25F8B94E000CB339 /* Release */ = {
			isa = XCBuildConfiguration;
			buildSettings = {
				ALWAYS_EMBED_SWIFT_STANDARD_LIBRARIES = YES;
				BUNDLE_LOADER = "$(TEST_HOST)";
				CODE_SIGN_STYLE = Manual;
				DEVELOPMENT_TEAM = "";
				INFOPLIST_FILE = Validator/VaccinationValidatorAppTests/Info.plist;
				IPHONEOS_DEPLOYMENT_TARGET = 14.4;
				LD_RUNPATH_SEARCH_PATHS = (
					"$(inherited)",
					"@executable_path/Frameworks",
					"@loader_path/Frameworks",
				);
				PRODUCT_BUNDLE_IDENTIFIER = IBM.VaccinationValidatorAppTests;
				PRODUCT_NAME = "$(TARGET_NAME)";
				PROVISIONING_PROFILE_SPECIFIER = "";
				"PROVISIONING_PROFILE_SPECIFIER[sdk=macosx*]" = "";
				SDKROOT = iphoneos;
				SWIFT_VERSION = 5.0;
				TARGETED_DEVICE_FAMILY = "1,2";
				TEST_HOST = "$(BUILT_PRODUCTS_DIR)/VaccinationValidatorApp.app/VaccinationValidatorApp";
				VALIDATE_PRODUCT = YES;
			};
			name = Release;
		};
		65D6D53D25F8B94E000CB339 /* Debug */ = {
			isa = XCBuildConfiguration;
			buildSettings = {
				ALWAYS_EMBED_SWIFT_STANDARD_LIBRARIES = YES;
				CODE_SIGN_STYLE = Manual;
				DEVELOPMENT_TEAM = "";
				INFOPLIST_FILE = Validator/VaccinationValidatorAppUITests/Info.plist;
				IPHONEOS_DEPLOYMENT_TARGET = 14.4;
				LD_RUNPATH_SEARCH_PATHS = (
					"$(inherited)",
					"@executable_path/Frameworks",
					"@loader_path/Frameworks",
				);
				PRODUCT_BUNDLE_IDENTIFIER = IBM.VaccinationValidatorAppUITests;
				PRODUCT_NAME = "$(TARGET_NAME)";
				PROVISIONING_PROFILE_SPECIFIER = "";
				"PROVISIONING_PROFILE_SPECIFIER[sdk=macosx*]" = "";
				SDKROOT = iphoneos;
				SWIFT_VERSION = 5.0;
				TARGETED_DEVICE_FAMILY = "1,2";
				TEST_TARGET_NAME = VaccinationValidatorApp;
			};
			name = Debug;
		};
		65D6D53E25F8B94E000CB339 /* Release */ = {
			isa = XCBuildConfiguration;
			buildSettings = {
				ALWAYS_EMBED_SWIFT_STANDARD_LIBRARIES = YES;
				CODE_SIGN_STYLE = Manual;
				DEVELOPMENT_TEAM = "";
				INFOPLIST_FILE = Validator/VaccinationValidatorAppUITests/Info.plist;
				IPHONEOS_DEPLOYMENT_TARGET = 14.4;
				LD_RUNPATH_SEARCH_PATHS = (
					"$(inherited)",
					"@executable_path/Frameworks",
					"@loader_path/Frameworks",
				);
				PRODUCT_BUNDLE_IDENTIFIER = IBM.VaccinationValidatorAppUITests;
				PRODUCT_NAME = "$(TARGET_NAME)";
				PROVISIONING_PROFILE_SPECIFIER = "";
				"PROVISIONING_PROFILE_SPECIFIER[sdk=macosx*]" = "";
				SDKROOT = iphoneos;
				SWIFT_VERSION = 5.0;
				TARGETED_DEVICE_FAMILY = "1,2";
				TEST_TARGET_NAME = VaccinationValidatorApp;
				VALIDATE_PRODUCT = YES;
			};
			name = Release;
		};
/* End XCBuildConfiguration section */

/* Begin XCConfigurationList section */
		65D6D46925F7A631000CB339 /* Build configuration list for PBXProject "VaccinationCertificate" */ = {
			isa = XCConfigurationList;
			buildConfigurations = (
				65D6D49A25F7A634000CB339 /* Debug */,
				65D6D49B25F7A634000CB339 /* Release */,
			);
			defaultConfigurationIsVisible = 0;
			defaultConfigurationName = Release;
		};
		65D6D50625F8B8FC000CB339 /* Build configuration list for PBXNativeTarget "VaccinationPassApp" */ = {
			isa = XCConfigurationList;
			buildConfigurations = (
				65D6D50025F8B8FC000CB339 /* Debug */,
				65D6D50125F8B8FC000CB339 /* Release */,
			);
			defaultConfigurationIsVisible = 0;
			defaultConfigurationName = Release;
		};
		65D6D50725F8B8FC000CB339 /* Build configuration list for PBXNativeTarget "VaccinationPassAppTests" */ = {
			isa = XCConfigurationList;
			buildConfigurations = (
				65D6D50225F8B8FC000CB339 /* Debug */,
				65D6D50325F8B8FC000CB339 /* Release */,
			);
			defaultConfigurationIsVisible = 0;
			defaultConfigurationName = Release;
		};
		65D6D50825F8B8FC000CB339 /* Build configuration list for PBXNativeTarget "VaccinationPassAppUITests" */ = {
			isa = XCConfigurationList;
			buildConfigurations = (
				65D6D50425F8B8FC000CB339 /* Debug */,
				65D6D50525F8B8FC000CB339 /* Release */,
			);
			defaultConfigurationIsVisible = 0;
			defaultConfigurationName = Release;
		};
		65D6D53625F8B94E000CB339 /* Build configuration list for PBXNativeTarget "VaccinationValidatorApp" */ = {
			isa = XCConfigurationList;
			buildConfigurations = (
				65D6D53725F8B94E000CB339 /* Debug */,
				65D6D53825F8B94E000CB339 /* Release */,
			);
			defaultConfigurationIsVisible = 0;
			defaultConfigurationName = Release;
		};
		65D6D53925F8B94E000CB339 /* Build configuration list for PBXNativeTarget "VaccinationValidatorAppTests" */ = {
			isa = XCConfigurationList;
			buildConfigurations = (
				65D6D53A25F8B94E000CB339 /* Debug */,
				65D6D53B25F8B94E000CB339 /* Release */,
			);
			defaultConfigurationIsVisible = 0;
			defaultConfigurationName = Release;
		};
		65D6D53C25F8B94E000CB339 /* Build configuration list for PBXNativeTarget "VaccinationValidatorAppUITests" */ = {
			isa = XCConfigurationList;
			buildConfigurations = (
				65D6D53D25F8B94E000CB339 /* Debug */,
				65D6D53E25F8B94E000CB339 /* Release */,
			);
			defaultConfigurationIsVisible = 0;
			defaultConfigurationName = Release;
		};
/* End XCConfigurationList section */

/* Begin XCSwiftPackageProductDependency section */
		65D6D56D25F8BCE5000CB339 /* VaccinationValidator */ = {
			isa = XCSwiftPackageProductDependency;
			productName = VaccinationValidator;
		};
		88AB2A8325FA41E200D4EA52 /* VaccinationPass */ = {
			isa = XCSwiftPackageProductDependency;
			productName = VaccinationPass;
		};
/* End XCSwiftPackageProductDependency section */
	};
	rootObject = 65D6D46625F7A631000CB339 /* Project object */;
}
