{
  "object": {
    "pins": [
      {
        "package": "ASN1Decoder",
        "repositoryURL": "https://github.com/filom/ASN1Decoder",
        "state": {
          "branch": null,
          "revision": "3d472cf1b906bd3478378a10959f11751d9bbb99",
          "version": "1.7.1"
        }
      },
      {
        "package": "PromiseKit",
        "repositoryURL": "https://github.com/mxcl/PromiseKit",
        "state": {
          "branch": null,
          "revision": "aea48ea1855f5d82e2dffa6027afce3aab8f3dd7",
          "version": "6.13.3"
        }
      },
      {
        "package": "SwiftCBOR",
        "repositoryURL": "https://github.com/unrelentingtech/SwiftCBOR",
        "state": {
          "branch": null,
          "revision": "668c26fc3373d5f1bccbaad7665ca6048797e324",
          "version": "0.4.3"
        }
      }
    ]
  },
  "version": 1
}
