{
  "object": {
    "pins": [
      {
        "package": "ASN1Decoder",
        "repositoryURL": "https://github.com/filom/ASN1Decoder",
        "state": {
          "branch": null,
          "revision": "3d472cf1b906bd3478378a10959f11751d9bbb99",
          "version": "1.7.1"
        }
      },
      {
        "package": "CertLogic",
        "repositoryURL": "https://github.com/eu-digital-green-certificates/dgc-certlogic-ios",
        "state": {
          "branch": null,
          "revision": "71ae0b8e789cf3edd087f8a02983a21249af84d5",
          "version": null
        }
      },
      {
        "package": "Scanner",
        "repositoryURL": "https://github.com/IBM/ios-scanner",
        "state": {
          "branch": null,
          "revision": "3c5eee0ce439b6ceb389c6c358061a24f1cac0f4",
          "version": "1.0.7"
        }
      },
      {
        "package": "jsonlogic",
        "repositoryURL": "https://github.com/eu-digital-green-certificates/json-logic-swift.git",
        "state": {
          "branch": null,
          "revision": "fbd69786326af0059d64315c2df139e79632e8df",
          "version": "1.1.7"
        }
      },
      {
        "package": "PromiseKit",
        "repositoryURL": "https://github.com/mxcl/PromiseKit",
        "state": {
          "branch": null,
          "revision": "aea48ea1855f5d82e2dffa6027afce3aab8f3dd7",
          "version": "6.13.3"
        }
      },
      {
        "package": "SwiftCBOR",
        "repositoryURL": "https://github.com/unrelentingtech/SwiftCBOR",
        "state": {
          "branch": null,
          "revision": "668c26fc3373d5f1bccbaad7665ca6048797e324",
          "version": "0.4.3"
        }
      },
      {
        "package": "SwiftyJSON",
        "repositoryURL": "https://github.com/SwiftyJSON/SwiftyJSON.git",
        "state": {
          "branch": null,
          "revision": "b3dcd7dbd0d488e1a7077cb33b00f2083e382f07",
          "version": "5.0.1"
        }
      }
    ]
  },
  "version": 1
}
