{
  "object": {
    "pins": [
      {
        "package": "Keychain",
        "repositoryURL": "https://github.com/IBM/ios-keychain",
        "state": {
          "branch": null,
          "revision": "c6791e21f77b795e9a309c6f8e05096ba45f3d44",
          "version": "0.0.2"
        }
      }
    ]
  },
  "version": 1
}
