{
  "object": {
    "pins": [
      {
        "package": "Alamofire",
        "repositoryURL": "https://github.com/Alamofire/Alamofire",
        "state": {
          "branch": null,
          "revision": "f96b619bcb2383b43d898402283924b80e2c4bae",
          "version": "5.4.3"
        }
      },
      {
        "package": "BottomPopup",
        "repositoryURL": "https://github.com/ergunemr/BottomPopup.git",
        "state": {
          "branch": null,
          "revision": "4fa8e75440f591c4fb7e8e205cad27335761b0e9",
          "version": "0.6.0"
        }
      },
      {
        "package": "Keychain",
        "repositoryURL": "https://github.com/IBM/ios-keychain",
        "state": {
          "branch": null,
          "revision": "00de52b0f8b8faa8abeecd26125fb25c4f911f5b",
          "version": "0.0.4"
        }
      },
      {
        "package": "Scanner",
        "repositoryURL": "https://github.com/DanielMandea/ios-scanner.git",
        "state": {
          "branch": null,
          "revision": "0baeae98e7fc7e349d8366786b02fe33a7fc0a1e",
          "version": "0.0.1"
        }
      },
      {
        "package": "PromiseKit",
        "repositoryURL": "https://github.com/mxcl/PromiseKit",
        "state": {
          "branch": null,
          "revision": "aea48ea1855f5d82e2dffa6027afce3aab8f3dd7",
          "version": "6.13.3"
        }
      },
      {
        "package": "SwiftCBOR",
        "repositoryURL": "https://github.com/unrelentingtech/SwiftCBOR",
        "state": {
          "branch": null,
          "revision": "668c26fc3373d5f1bccbaad7665ca6048797e324",
          "version": "0.4.3"
        }
      }
    ]
  },
  "version": 1
}
